{
  "version": 4,
  "terraform_version": "1.1.8",
  "serial": 423,
  "lineage": "d6d2b32c-d622-b765-7b37-4b67a3a1ecff",
  "outputs": {},
  "resources": [
    {
      "module": "module.aws-ec2-mod",
      "mode": "data",
      "type": "template_file",
      "name": "user_data_linux",
      "provider": "provider[\"registry.terraform.io/hashicorp/template\"]",
      "instances": [
        {
          "schema_version": 0,
          "attributes": {
            "filename": null,
            "id": "5c6265e45d88e08559fd381cc07d92144ed04b42c5980102c62b1fad8acce4ec",
            "rendered": "#!/bin/bash\nsudo yum -y update\nsudo yum -y install httpd\nsudo touch /var/www/html/index.html\nsudo echo \"Hello World this is unit \" \u003e /var/www/html/index.html\nsudo hostname \u003e\u003e /var/www/html/index.html\nsudo chown -R apache:apache /var/www/html/*\nsudo systemctl start httpd\nsudo systemctl enable httpd\n",
            "template": "#!/bin/bash\nsudo yum -y update\nsudo yum -y install httpd\nsudo touch /var/www/html/index.html\nsudo echo \"Hello World this is unit \" \u003e /var/www/html/index.html\nsudo hostname \u003e\u003e /var/www/html/index.html\nsudo chown -R apache:apache /var/www/html/*\nsudo systemctl start httpd\nsudo systemctl enable httpd\n",
            "vars": null
          },
          "sensitive_attributes": []
        }
      ]
    },
    {
      "module": "module.aws-ec2-mod",
      "mode": "managed",
      "type": "aws_ebs_volume",
      "name": "ebsvol",
      "provider": "provider[\"registry.terraform.io/hashicorp/aws\"]",
      "instances": [
        {
          "schema_version": 0,
          "attributes": {
            "arn": "arn:aws:ec2:us-west-2:988940651769:volume/vol-05a6bf3021424ad20",
            "availability_zone": "us-west-2a",
            "encrypted": false,
            "final_snapshot": false,
            "id": "vol-05a6bf3021424ad20",
            "iops": 3000,
            "kms_key_id": "",
            "multi_attach_enabled": false,
            "outpost_arn": "",
            "size": 20,
            "snapshot_id": "",
            "tags": {
              "Name": "EC2-TF"
            },
            "tags_all": {
              "Name": "EC2-TF"
            },
            "throughput": 125,
            "timeouts": null,
            "type": "gp3"
          },
          "sensitive_attributes": [],
          "private": "eyJlMmJmYjczMC1lY2FhLTExZTYtOGY4OC0zNDM2M2JjN2M0YzAiOnsiY3JlYXRlIjozMDAwMDAwMDAwMDAsImRlbGV0ZSI6MzAwMDAwMDAwMDAwLCJ1cGRhdGUiOjMwMDAwMDAwMDAwMH19"
        }
      ]
    },
    {
      "module": "module.aws-ec2-mod",
      "mode": "managed",
      "type": "aws_instance",
      "name": "awsec2",
      "provider": "provider[\"registry.terraform.io/hashicorp/aws\"]",
      "instances": [
        {
          "schema_version": 1,
          "attributes": {
            "ami": "ami-0b2b4f610e654d9ac",
            "arn": "arn:aws:ec2:us-west-2:988940651769:instance/i-090931f6719d4b6a4",
            "associate_public_ip_address": true,
            "availability_zone": "us-west-2a",
            "capacity_reservation_specification": [
              {
                "capacity_reservation_preference": "open",
                "capacity_reservation_target": []
              }
            ],
            "cpu_core_count": 1,
            "cpu_threads_per_core": 2,
            "credit_specification": [
              {
                "cpu_credits": "unlimited"
              }
            ],
            "disable_api_stop": false,
            "disable_api_termination": false,
            "ebs_block_device": [],
            "ebs_optimized": false,
            "enclave_options": [
              {
                "enabled": false
              }
            ],
            "ephemeral_block_device": [],
            "get_password_data": false,
            "hibernation": false,
            "host_id": null,
            "iam_instance_profile": "",
            "id": "i-090931f6719d4b6a4",
            "instance_initiated_shutdown_behavior": "stop",
            "instance_state": "running",
            "instance_type": "t3.micro",
            "ipv6_address_count": 0,
            "ipv6_addresses": [],
            "key_name": "tfAWS-keypair",
            "launch_template": [],
            "maintenance_options": [
              {
                "auto_recovery": "default"
              }
            ],
            "metadata_options": [
              {
                "http_endpoint": "enabled",
                "http_put_response_hop_limit": 2,
                "http_tokens": "required",
                "instance_metadata_tags": "disabled"
              }
            ],
            "monitoring": false,
            "network_interface": [],
            "outpost_arn": "",
            "password_data": "",
            "placement_group": "",
            "placement_partition_number": null,
            "primary_network_interface_id": "eni-0a2ed4573165185ca",
            "private_dns": "ip-11-0-0-118.us-west-2.compute.internal",
            "private_dns_name_options": [
              {
                "enable_resource_name_dns_a_record": false,
                "enable_resource_name_dns_aaaa_record": false,
                "hostname_type": "ip-name"
              }
            ],
            "private_ip": "11.0.0.118",
            "public_dns": "ec2-35-162-36-95.us-west-2.compute.amazonaws.com",
            "public_ip": "35.162.36.95",
            "root_block_device": [
              {
                "delete_on_termination": true,
                "device_name": "/dev/xvda",
                "encrypted": false,
                "iops": 3000,
                "kms_key_id": "",
                "tags": {},
                "throughput": 125,
                "volume_id": "vol-08b89741aee3ed71e",
                "volume_size": 8,
                "volume_type": "gp3"
              }
            ],
            "secondary_private_ips": [],
            "security_groups": [],
            "source_dest_check": true,
            "subnet_id": "subnet-0929fbba93c275d6e",
            "tags": {
              "Name": "EC2-TF"
            },
            "tags_all": {
              "Name": "EC2-TF"
            },
            "tenancy": "default",
            "timeouts": null,
            "user_data": "cd467b2d2fb1d5582acbba120ffe3400d11ae176",
            "user_data_base64": null,
            "user_data_replace_on_change": false,
            "volume_tags": null,
            "vpc_security_group_ids": [
              "sg-07edba51b049080dd",
              "sg-0b69cd83c6d40100e"
            ]
          },
          "sensitive_attributes": [],
          "private": "eyJlMmJmYjczMC1lY2FhLTExZTYtOGY4OC0zNDM2M2JjN2M0YzAiOnsiY3JlYXRlIjo2MDAwMDAwMDAwMDAsImRlbGV0ZSI6MTIwMDAwMDAwMDAwMCwidXBkYXRlIjo2MDAwMDAwMDAwMDB9LCJzY2hlbWFfdmVyc2lvbiI6IjEifQ==",
          "dependencies": [
            "module.aws-ec2-mod.aws_key_pair.publickey",
            "module.aws-ec2-mod.data.template_file.user_data_linux",
            "module.aws-ec2-mod.tls_private_key.keypair",
            "module.aws-sg-mod.aws_security_group.remotesg",
            "module.aws-sg-mod.aws_security_group.web",
            "module.aws-vpc-mod.aws_subnet.sub0"
          ]
        }
      ]
    },
    {
      "module": "module.aws-ec2-mod",
      "mode": "managed",
      "type": "aws_key_pair",
      "name": "publickey",
      "provider": "provider[\"registry.terraform.io/hashicorp/aws\"]",
      "instances": [
        {
          "schema_version": 1,
          "attributes": {
            "arn": "arn:aws:ec2:us-west-2:988940651769:key-pair/tfAWS-keypair",
            "fingerprint": "bc:5d:2a:ac:6c:9a:26:4c:f8:b6:a7:59:1c:96:2f:1b",
            "id": "tfAWS-keypair",
            "key_name": "tfAWS-keypair",
            "key_name_prefix": "",
            "key_pair_id": "key-0d64dd83592146e1f",
            "key_type": "rsa",
            "public_key": "ssh-rsa AAAAB3NzaC1yc2EAAAADAQABAAACAQCkyop8X7CbdaauHaNDlcveFt8vCZhyZJ9xB4o3d4lMYNFLAC9UjWjVgQOwxVA10CrKhMfadwcJ0sjftDmTr9ajZ6zSKlgK0QS99Ei2C35wVFavtJ7BGyhJCibQgyXT15mAr3thA3lLDsRj3jzckGu8MN7K3sLVHjhI4d1+E6cwvswA4id6koOLApbws7teRfQduBpwmDYJZKRbaaaGdvBu5h/siskf5NtwByeToI/vxbEm06x5CegI80wjloL0s5VXHCUijkU/En5lEL+MMG2A/1S+L7QJ06hBS1oBSNBSDs+7S93nCHy+TkMlbOlTX1VB116wJftY/6TbzLbb3cedw2xhZrb5FNmSAQJT7LLVfe8tH9EkjSF/MIJdHo5XZfVlRUsMfckySvogEwbSF5q0O2MnG0wgs9Hf8Xz4JYV/ceSiA4u3D+8e4DLJFQQ0jq3HHqk2kFgUHrqFhyMSbEpZH9pWPafi9L4dyiPA7f/Gy1/ICUvZ/inTD0hwAo7tcGveKhKzhY6SfUq8idpRKY38HdckFCllvolPTEL+FEKtN3toMewg1aBTdEqAfFRMuBF+UipE3AFOmKoIMW6DEdFDxxFkPw/sYxnxZSHqSIoyXhUJRZdcxhE8AKOKQKJgzmc4SxI7VsWh2cUnZc2YN6VfmqIdJN2DReE5fOr0tCqeYw==",
            "tags": null,
            "tags_all": {}
          },
          "sensitive_attributes": [],
          "private": "eyJzY2hlbWFfdmVyc2lvbiI6IjEifQ==",
          "dependencies": [
            "module.aws-ec2-mod.tls_private_key.keypair"
          ]
        }
      ]
    },
    {
      "module": "module.aws-ec2-mod",
      "mode": "managed",
      "type": "aws_volume_attachment",
      "name": "attachebs",
      "provider": "provider[\"registry.terraform.io/hashicorp/aws\"]",
      "instances": [
        {
          "schema_version": 0,
          "attributes": {
            "device_name": "/dev/sdh",
            "force_detach": null,
            "id": "vai-3206441392",
            "instance_id": "i-090931f6719d4b6a4",
            "skip_destroy": null,
            "stop_instance_before_detaching": null,
            "timeouts": null,
            "volume_id": "vol-05a6bf3021424ad20"
          },
          "sensitive_attributes": [],
          "private": "eyJlMmJmYjczMC1lY2FhLTExZTYtOGY4OC0zNDM2M2JjN2M0YzAiOnsiY3JlYXRlIjozMDAwMDAwMDAwMDAsImRlbGV0ZSI6MzAwMDAwMDAwMDAwfX0=",
          "dependencies": [
            "module.aws-ec2-mod.aws_ebs_volume.ebsvol",
            "module.aws-ec2-mod.aws_instance.awsec2",
            "module.aws-ec2-mod.aws_key_pair.publickey",
            "module.aws-ec2-mod.data.template_file.user_data_linux",
            "module.aws-ec2-mod.tls_private_key.keypair",
            "module.aws-sg-mod.aws_security_group.remotesg",
            "module.aws-sg-mod.aws_security_group.web",
            "module.aws-vpc-mod.aws_subnet.sub0"
          ]
        }
      ]
    },
    {
      "module": "module.aws-ec2-mod",
      "mode": "managed",
      "type": "local_file",
      "name": "privatekey",
      "provider": "provider[\"registry.terraform.io/hashicorp/local\"]",
      "instances": [
        {
          "schema_version": 0,
          "attributes": {
            "content": "-----BEGIN RSA PRIVATE KEY-----\nMIIJJwIBAAKCAgEApMqKfF+wm3Wmrh2jQ5XL3hbfLwmYcmSfcQeKN3eJTGDRSwAv\nVI1o1YEDsMVQNdAqyoTH2ncHCdLI37Q5k6/Wo2es0ipYCtEEvfRItgt+cFRWr7Se\nwRsoSQom0IMl09eZgK97YQN5Sw7EY9483JBrvDDeyt7C1R44SOHdfhOnML7MAOIn\nepKDiwKW8LO7XkX0HbgacJg2CWSkW2mmhnbwbuYf7IrJH+TbcAcnk6CP78WxJtOs\neQnoCPNMI5aC9LOVVxwlIo5FPxJ+ZRC/jDBtgP9Uvi+0CdOoQUtaAUjQUg7Pu0vd\n5wh8vk5DJWzpU19VQddesCX7WP+k28y2293HncNsYWa2+RTZkgECU+yy1X3vLR/R\nJI0hfzCCXR6OV2X1ZUVLDH3JMkr6IBMG0heatDtjJxtMILPR3/F8+CWFf3HkogOL\ntw/vHuAyyRUENI6txx6pNpBYFB66hYcjEmxKWR/aVj2n4vS+HcojwO3/xstfyAlL\n2f4p0w9IcAKO7XBr3ioSs4WOkn1KvInaUSmN/B3XJBQpZb6JT0xC/hRCrTd7aDHs\nINWgU3RKgHxUTLgRflIqRNwBTpiqCDFugxHRQ8cRZD8P7GMZ8WUh6kiKMl4VCUWX\nXMYRPACjikCiYM5nOEsSO1bFodnFJ2XNmDelX5qiHSTdg0XhOXzq9LQqnmMCAwEA\nAQKCAgBadKtL1iLVUuFple82fBVqFVfxM+0wbbdvjdn61GzTNhnsd2+DlBPFjon+\nEHEU+O1kOTqS2t9MLx4AXad1QAIrtA8TVhb56P4XXu5Cr1B6THFBBX5XNZcJcL8Z\nmcO74w7pqmmpOQTthG+c+jKiR8w7gv/okBqWbX4r03+HYzZU9YZ5vao6CA6Y0ZUV\nDzN8bh2v6ozo3URcJ5hobTfxe3xDA6LmbtAz56Xkeqjoyiv4S6YQUATOc/egYhyb\nNFUyCRmitVpU+49bLcWfqG/cfgC93Goh84F6G2qyXLBNIDDpuiOhBeYKmYgP1lnZ\nQ01YbG4aNCRPwKmVks5lsJt3WOfm+gKE0qsSf8r9R4uNbWkW+oMXsYK8jEZb2xZm\noqxS+ZOfgkSVgbi1L3BSBC/EIw974Vgpl+lTPDlNASL/TZbypL0hOjndFXX6PL96\ntKMz/WxRgAmdlhhtFAwtgZm7wZb7JV8saRULp7JkJwlS2cGQl89g58at/wJIFE6t\naDS89KZpfgrils+4qFJJnHEu0OeuwnqpkN7ahjMGTAN2aJYe/0deXQOIvzGRimBp\nLq1bhq37hegPjxnLMaoGMjiDUN4VkNFdlIqDtTUqnM2eWJ4n0xDP9xnoIp3LbMSN\neItjEJ7kPEb1uJAOg7c/6M9Sl0Qp3QxBwCpomgFSCj01OH6AQQKCAQEAyRvEcDtU\ngLgGqgPAairY0opBgw36wltuD81p5H4m8e7vZ5NsmYb/oenhaN1Gpdwv7XhE53rb\nNPoXdkGv9vYMcEXCifY51TOlvZU9CfnOY1ygtTpvQ7Mw5t1oYLiS7af7qRNdbkQ1\nDBB5HsbFb5K77hNgkbHWYOIBOo0WWFYJUA4GhAOItqeWKCEM1oVBLxOpxH7cEICc\nJYXEYd0hJUGPdNWVnQadY49V3lakiIkf3E8qVwoy1jBEKpBZ2iL2LdvxsTo8cnvb\ntCLQGLPSwT/WvRC8HkcfKSEQiq+z3YnKf0+J3uKhEVUHN+EHKGFDhCZfS8YREGKT\nXVx5gSvbx6wDMQKCAQEA0cUklxGscWvuER8E9uvBCcT5W03UgPUeXjB9fOgOXfmO\n2/AD7gGeW1CYA0JgzEBabSv59LffXcND7lRteyhrI1MkXWVU0F2DKfnDaB8wNZc1\nx8lJIVzrcPShDvdclk/W/ieOIr0gF0oWhOzJ1DdtFl749TTWPk4aSNIqv5HoOtCn\nquyQQnfOHpMQcqd1q0U4/Ev/kv3qmGtWNI0KxrGzrPDJp7ZvHcsh2b4I9kQqDer9\nJjXDuLH7u1TYtZveHqhKkGsZd7k5dig/aiyg4nl6hN/my0XT8n1/itiQ96YW5kjg\ngz+STfAw1GAfRY4uFY17WoeDwhKqFKdyzbz3YUKN0wKCAQBVhcdt6u0uqBO9bUcA\nXyRBtKXTc7h1uqf9dF9Z2gP50qBgraL7Txua4XkIPUFz+0UueXzj660YxFoB4kFQ\nhqYXgLMQNHO3pPUQwExq157bRmLZbvYuFh/vraxbpWJmSo+NAT00TTE55i971Q/V\nONNOlVL14mjGXpYjLiiYfE4Ni0leDpqvAmmquxNYjuZ/fJ8vfrtbETZWBqLS81TL\nISw+hS3QzyVTV3suyC3EGnxAFjJtPVsNFw2GBEkRqNiD/Aq2UYuvK9jsq/lO5/ny\nUJGjaWB2h8xKk1MTh1C4H4bLySlabYoNctlU/A8tLt+lbSQNdzd+fk0o4NCTC/G0\n4gOhAoIBACCGwx+xm92ScL2y46At+ia7pjakINlGKMlOF4cwrFmiAqbT1qgnFBjw\nrEGFH2FMcTkQYpexky8EwhnIeZlpMQOvNqpMthQBC/+MPOJ+Q4lrwukRqwdDUzaW\nmAqsDG06QAn0tDNqw/kYgdlmpf0EAyQ+4beT08yha63y+LHvu+SyyezU9aF41jsj\nbp94m+RMvYNRfXWbba7opdtMK2mX0FZ2l64ruZsTDlKnBti4xRSXZV1xZMHUx0XK\n6DdwzcZPLhCqqq5HyEMsBnk+Jkw3renAlhba4vxsvUQYRJJB7LcUgcuYJeVz4v5r\nUS4F19t7rq7g6GtFXZ4KQODp9incmgUCggEABHMRubwHLkj14IPqZbcvxqNCq7Ip\nw3Di6xxpr3bsU3gr9z2ROaUuY2w3egXLfDPnea3zeEcz65WXV4vG+TTPIEybrzr/\n87w9gKsCKFXjvd9IyOXHaLZDZacA1RT9Pxntw+qtTKzI0B9dOE0XinXZGtyN5ryV\nLqgw9dWUizQlpi2R1ooFdvAeLk51mCHxShlzqRh276fKapjIDjJ7msbRE1uHIYuU\nefkI5oQsI8gqNwRcO6a41OqA1aOy04Av3/tqt1H2oK9bNuvcUMkhYajd1BuFwnd4\n9rA2a1y0h3/TNrBaGlvm1jbBtymUJTPC1PYbcwQROAkxlhzPr8rgkLcQqQ==\n-----END RSA PRIVATE KEY-----\n",
            "content_base64": null,
            "content_base64sha256": "kS1e++1okI4HGAc1Kd2t08Prn7xik0MQWBTMlfO+jsY=",
            "content_base64sha512": "VpY8jWwSoVd6jlAnCKnFGXBoDz5/68DTxt8tHwHGcsFxrLEhwA9SBkb0bOjlAL6SFrxt50X44d7CtiFDDkzTsQ==",
            "content_md5": "3affd7ab94a6d6f93af251b509a8ac3a",
            "content_sha1": "64a8b3fbc8cee57e1f87c015a4bc7b7e45ef7279",
            "content_sha256": "912d5efbed68908e0718073529ddadd3c3eb9fbc629343105814cc95f3be8ec6",
            "content_sha512": "56963c8d6c12a1577a8e502708a9c51970680f3e7febc0d3c6df2d1f01c672c171acb121c00f520646f46ce8e500be9216bc6de745f8e1dec2b621430e4cd3b1",
            "directory_permission": "0777",
            "file_permission": "0600",
            "filename": "/home/user1/Documents/terrform-sshkey/tfAWS-keypair.pem",
            "id": "64a8b3fbc8cee57e1f87c015a4bc7b7e45ef7279",
            "sensitive_content": null,
            "source": null
          },
          "sensitive_attributes": [
            [
              {
                "type": "get_attr",
                "value": "content"
              }
            ]
          ],
          "dependencies": [
            "module.aws-ec2-mod.tls_private_key.keypair"
          ]
        }
      ]
    },
    {
      "module": "module.aws-ec2-mod",
      "mode": "managed",
      "type": "tls_private_key",
      "name": "keypair",
      "provider": "provider[\"registry.terraform.io/hashicorp/tls\"]",
      "instances": [
        {
          "schema_version": 1,
          "attributes": {
            "algorithm": "RSA",
            "ecdsa_curve": "P224",
            "id": "41e5e688ea95cb8f0795028e5d710edc9e1def90",
            "private_key_openssh": "-----BEGIN OPENSSH PRIVATE KEY-----\nb3BlbnNzaC1rZXktdjEAAAAABG5vbmUAAAAEbm9uZQAAAAAAAAABAAACFwAAAAdz\nc2gtcnNhAAAAAwEAAQAAAgEApMqKfF+wm3Wmrh2jQ5XL3hbfLwmYcmSfcQeKN3eJ\nTGDRSwAvVI1o1YEDsMVQNdAqyoTH2ncHCdLI37Q5k6/Wo2es0ipYCtEEvfRItgt+\ncFRWr7SewRsoSQom0IMl09eZgK97YQN5Sw7EY9483JBrvDDeyt7C1R44SOHdfhOn\nML7MAOInepKDiwKW8LO7XkX0HbgacJg2CWSkW2mmhnbwbuYf7IrJH+TbcAcnk6CP\n78WxJtOseQnoCPNMI5aC9LOVVxwlIo5FPxJ+ZRC/jDBtgP9Uvi+0CdOoQUtaAUjQ\nUg7Pu0vd5wh8vk5DJWzpU19VQddesCX7WP+k28y2293HncNsYWa2+RTZkgECU+yy\n1X3vLR/RJI0hfzCCXR6OV2X1ZUVLDH3JMkr6IBMG0heatDtjJxtMILPR3/F8+CWF\nf3HkogOLtw/vHuAyyRUENI6txx6pNpBYFB66hYcjEmxKWR/aVj2n4vS+HcojwO3/\nxstfyAlL2f4p0w9IcAKO7XBr3ioSs4WOkn1KvInaUSmN/B3XJBQpZb6JT0xC/hRC\nrTd7aDHsINWgU3RKgHxUTLgRflIqRNwBTpiqCDFugxHRQ8cRZD8P7GMZ8WUh6kiK\nMl4VCUWXXMYRPACjikCiYM5nOEsSO1bFodnFJ2XNmDelX5qiHSTdg0XhOXzq9LQq\nnmMAAAc4A/JqbAPyamwAAAAHc3NoLXJzYQAAAgEApMqKfF+wm3Wmrh2jQ5XL3hbf\nLwmYcmSfcQeKN3eJTGDRSwAvVI1o1YEDsMVQNdAqyoTH2ncHCdLI37Q5k6/Wo2es\n0ipYCtEEvfRItgt+cFRWr7SewRsoSQom0IMl09eZgK97YQN5Sw7EY9483JBrvDDe\nyt7C1R44SOHdfhOnML7MAOInepKDiwKW8LO7XkX0HbgacJg2CWSkW2mmhnbwbuYf\n7IrJH+TbcAcnk6CP78WxJtOseQnoCPNMI5aC9LOVVxwlIo5FPxJ+ZRC/jDBtgP9U\nvi+0CdOoQUtaAUjQUg7Pu0vd5wh8vk5DJWzpU19VQddesCX7WP+k28y2293HncNs\nYWa2+RTZkgECU+yy1X3vLR/RJI0hfzCCXR6OV2X1ZUVLDH3JMkr6IBMG0heatDtj\nJxtMILPR3/F8+CWFf3HkogOLtw/vHuAyyRUENI6txx6pNpBYFB66hYcjEmxKWR/a\nVj2n4vS+HcojwO3/xstfyAlL2f4p0w9IcAKO7XBr3ioSs4WOkn1KvInaUSmN/B3X\nJBQpZb6JT0xC/hRCrTd7aDHsINWgU3RKgHxUTLgRflIqRNwBTpiqCDFugxHRQ8cR\nZD8P7GMZ8WUh6kiKMl4VCUWXXMYRPACjikCiYM5nOEsSO1bFodnFJ2XNmDelX5qi\nHSTdg0XhOXzq9LQqnmMAAAADAQABAAACAFp0q0vWItVS4WmV7zZ8FWoVV/Ez7TBt\nt2+N2frUbNM2Gex3b4OUE8WOif4QcRT47WQ5OpLa30wvHgBdp3VAAiu0DxNWFvno\n/hde7kKvUHpMcUEFflc1lwlwvxmZw7vjDumqaak5BO2Eb5z6MqJHzDuC/+iQGpZt\nfivTf4djNlT1hnm9qjoIDpjRlRUPM3xuHa/qjOjdRFwnmGhtN/F7fEMDouZu0DPn\npeR6qOjKK/hLphBQBM5z96BiHJs0VTIJGaK1WlT7j1stxZ+ob9x+AL3caiHzgXob\narJcsE0gMOm6I6EF5gqZiA/WWdlDTVhsbho0JE/AqZWSzmWwm3dY5+b6AoTSqxJ/\nyv1Hi41taRb6gxexgryMRlvbFmairFL5k5+CRJWBuLUvcFIEL8QjD3vhWCmX6VM8\nOU0BIv9NlvKkvSE6Od0Vdfo8v3q0ozP9bFGACZ2WGG0UDC2BmbvBlvslXyxpFQun\nsmQnCVLZwZCXz2Dnxq3/AkgUTq1oNLz0pml+CuKWz7ioUkmccS7Q567CeqmQ3tqG\nMwZMA3Zolh7/R15dA4i/MZGKYGkurVuGrfuF6A+PGcsxqgYyOINQ3hWQ0V2UioO1\nNSqczZ5YnifTEM/3GeginctsxI14i2MQnuQ8RvW4kA6Dtz/oz1KXRCndDEHAKmia\nAVIKPTU4foBBAAABAARzEbm8By5I9eCD6mW3L8ajQquyKcNw4uscaa927FN4K/c9\nkTmlLmNsN3oFy3wz53mt83hHM+uVl1eLxvk0zyBMm686//O8PYCrAihV473fSMjl\nx2i2Q2WnANUU/T8Z7cPqrUysyNAfXThNF4p12Rrcjea8lS6oMPXVlIs0JaYtkdaK\nBXbwHi5OdZgh8UoZc6kYdu+nymqYyA4ye5rG0RNbhyGLlHn5COaELCPIKjcEXDum\nuNTqgNWjstOAL9/7ardR9qCvWzbr3FDJIWGo3dQbhcJ3ePawNmtctId/0zawWhpb\n5tY2wbcplCUzwtT2G3MEETgJMZYcz6/K4JC3EKkAAAEBAMkbxHA7VIC4BqoDwGoq\n2NKKQYMN+sJbbg/NaeR+JvHu72eTbJmG/6Hp4WjdRqXcL+14ROd62zT6F3ZBr/b2\nDHBFwon2OdUzpb2VPQn5zmNcoLU6b0OzMObdaGC4ku2n+6kTXW5ENQwQeR7GxW+S\nu+4TYJGx1mDiATqNFlhWCVAOBoQDiLanlighDNaFQS8TqcR+3BCAnCWFxGHdISVB\nj3TVlZ0GnWOPVd5WpIiJH9xPKlcKMtYwRCqQWdoi9i3b8bE6PHJ727Qi0Biz0sE/\n1r0QvB5HHykhEIqvs92Jyn9Pid7ioRFVBzfhByhhQ4QmX0vGERBik11ceYEr28es\nAzEAAAEBANHFJJcRrHFr7hEfBPbrwQnE+VtN1ID1Hl4wfXzoDl35jtvwA+4BnltQ\nmANCYMxAWm0r+fS3313DQ+5UbXsoayNTJF1lVNBdgyn5w2gfMDWXNcfJSSFc63D0\noQ73XJZP1v4njiK9IBdKFoTsydQ3bRZe+PU01j5OGkjSKr+R6DrQp6rskEJ3zh6T\nEHKndatFOPxL/5L96phrVjSNCsaxs6zwyae2bx3LIdm+CPZEKg3q/SY1w7ix+7tU\n2LWb3h6oSpBrGXe5OXYoP2osoOJ5eoTf5stF0/J9f4rYkPemFuZI4IM/kk3wMNRg\nH0WOLhWNe1qHg8ISqhSncs2892FCjdMAAAAAAQID\n-----END OPENSSH PRIVATE KEY-----\n",
            "private_key_pem": "-----BEGIN RSA PRIVATE KEY-----\nMIIJJwIBAAKCAgEApMqKfF+wm3Wmrh2jQ5XL3hbfLwmYcmSfcQeKN3eJTGDRSwAv\nVI1o1YEDsMVQNdAqyoTH2ncHCdLI37Q5k6/Wo2es0ipYCtEEvfRItgt+cFRWr7Se\nwRsoSQom0IMl09eZgK97YQN5Sw7EY9483JBrvDDeyt7C1R44SOHdfhOnML7MAOIn\nepKDiwKW8LO7XkX0HbgacJg2CWSkW2mmhnbwbuYf7IrJH+TbcAcnk6CP78WxJtOs\neQnoCPNMI5aC9LOVVxwlIo5FPxJ+ZRC/jDBtgP9Uvi+0CdOoQUtaAUjQUg7Pu0vd\n5wh8vk5DJWzpU19VQddesCX7WP+k28y2293HncNsYWa2+RTZkgECU+yy1X3vLR/R\nJI0hfzCCXR6OV2X1ZUVLDH3JMkr6IBMG0heatDtjJxtMILPR3/F8+CWFf3HkogOL\ntw/vHuAyyRUENI6txx6pNpBYFB66hYcjEmxKWR/aVj2n4vS+HcojwO3/xstfyAlL\n2f4p0w9IcAKO7XBr3ioSs4WOkn1KvInaUSmN/B3XJBQpZb6JT0xC/hRCrTd7aDHs\nINWgU3RKgHxUTLgRflIqRNwBTpiqCDFugxHRQ8cRZD8P7GMZ8WUh6kiKMl4VCUWX\nXMYRPACjikCiYM5nOEsSO1bFodnFJ2XNmDelX5qiHSTdg0XhOXzq9LQqnmMCAwEA\nAQKCAgBadKtL1iLVUuFple82fBVqFVfxM+0wbbdvjdn61GzTNhnsd2+DlBPFjon+\nEHEU+O1kOTqS2t9MLx4AXad1QAIrtA8TVhb56P4XXu5Cr1B6THFBBX5XNZcJcL8Z\nmcO74w7pqmmpOQTthG+c+jKiR8w7gv/okBqWbX4r03+HYzZU9YZ5vao6CA6Y0ZUV\nDzN8bh2v6ozo3URcJ5hobTfxe3xDA6LmbtAz56Xkeqjoyiv4S6YQUATOc/egYhyb\nNFUyCRmitVpU+49bLcWfqG/cfgC93Goh84F6G2qyXLBNIDDpuiOhBeYKmYgP1lnZ\nQ01YbG4aNCRPwKmVks5lsJt3WOfm+gKE0qsSf8r9R4uNbWkW+oMXsYK8jEZb2xZm\noqxS+ZOfgkSVgbi1L3BSBC/EIw974Vgpl+lTPDlNASL/TZbypL0hOjndFXX6PL96\ntKMz/WxRgAmdlhhtFAwtgZm7wZb7JV8saRULp7JkJwlS2cGQl89g58at/wJIFE6t\naDS89KZpfgrils+4qFJJnHEu0OeuwnqpkN7ahjMGTAN2aJYe/0deXQOIvzGRimBp\nLq1bhq37hegPjxnLMaoGMjiDUN4VkNFdlIqDtTUqnM2eWJ4n0xDP9xnoIp3LbMSN\neItjEJ7kPEb1uJAOg7c/6M9Sl0Qp3QxBwCpomgFSCj01OH6AQQKCAQEAyRvEcDtU\ngLgGqgPAairY0opBgw36wltuD81p5H4m8e7vZ5NsmYb/oenhaN1Gpdwv7XhE53rb\nNPoXdkGv9vYMcEXCifY51TOlvZU9CfnOY1ygtTpvQ7Mw5t1oYLiS7af7qRNdbkQ1\nDBB5HsbFb5K77hNgkbHWYOIBOo0WWFYJUA4GhAOItqeWKCEM1oVBLxOpxH7cEICc\nJYXEYd0hJUGPdNWVnQadY49V3lakiIkf3E8qVwoy1jBEKpBZ2iL2LdvxsTo8cnvb\ntCLQGLPSwT/WvRC8HkcfKSEQiq+z3YnKf0+J3uKhEVUHN+EHKGFDhCZfS8YREGKT\nXVx5gSvbx6wDMQKCAQEA0cUklxGscWvuER8E9uvBCcT5W03UgPUeXjB9fOgOXfmO\n2/AD7gGeW1CYA0JgzEBabSv59LffXcND7lRteyhrI1MkXWVU0F2DKfnDaB8wNZc1\nx8lJIVzrcPShDvdclk/W/ieOIr0gF0oWhOzJ1DdtFl749TTWPk4aSNIqv5HoOtCn\nquyQQnfOHpMQcqd1q0U4/Ev/kv3qmGtWNI0KxrGzrPDJp7ZvHcsh2b4I9kQqDer9\nJjXDuLH7u1TYtZveHqhKkGsZd7k5dig/aiyg4nl6hN/my0XT8n1/itiQ96YW5kjg\ngz+STfAw1GAfRY4uFY17WoeDwhKqFKdyzbz3YUKN0wKCAQBVhcdt6u0uqBO9bUcA\nXyRBtKXTc7h1uqf9dF9Z2gP50qBgraL7Txua4XkIPUFz+0UueXzj660YxFoB4kFQ\nhqYXgLMQNHO3pPUQwExq157bRmLZbvYuFh/vraxbpWJmSo+NAT00TTE55i971Q/V\nONNOlVL14mjGXpYjLiiYfE4Ni0leDpqvAmmquxNYjuZ/fJ8vfrtbETZWBqLS81TL\nISw+hS3QzyVTV3suyC3EGnxAFjJtPVsNFw2GBEkRqNiD/Aq2UYuvK9jsq/lO5/ny\nUJGjaWB2h8xKk1MTh1C4H4bLySlabYoNctlU/A8tLt+lbSQNdzd+fk0o4NCTC/G0\n4gOhAoIBACCGwx+xm92ScL2y46At+ia7pjakINlGKMlOF4cwrFmiAqbT1qgnFBjw\nrEGFH2FMcTkQYpexky8EwhnIeZlpMQOvNqpMthQBC/+MPOJ+Q4lrwukRqwdDUzaW\nmAqsDG06QAn0tDNqw/kYgdlmpf0EAyQ+4beT08yha63y+LHvu+SyyezU9aF41jsj\nbp94m+RMvYNRfXWbba7opdtMK2mX0FZ2l64ruZsTDlKnBti4xRSXZV1xZMHUx0XK\n6DdwzcZPLhCqqq5HyEMsBnk+Jkw3renAlhba4vxsvUQYRJJB7LcUgcuYJeVz4v5r\nUS4F19t7rq7g6GtFXZ4KQODp9incmgUCggEABHMRubwHLkj14IPqZbcvxqNCq7Ip\nw3Di6xxpr3bsU3gr9z2ROaUuY2w3egXLfDPnea3zeEcz65WXV4vG+TTPIEybrzr/\n87w9gKsCKFXjvd9IyOXHaLZDZacA1RT9Pxntw+qtTKzI0B9dOE0XinXZGtyN5ryV\nLqgw9dWUizQlpi2R1ooFdvAeLk51mCHxShlzqRh276fKapjIDjJ7msbRE1uHIYuU\nefkI5oQsI8gqNwRcO6a41OqA1aOy04Av3/tqt1H2oK9bNuvcUMkhYajd1BuFwnd4\n9rA2a1y0h3/TNrBaGlvm1jbBtymUJTPC1PYbcwQROAkxlhzPr8rgkLcQqQ==\n-----END RSA PRIVATE KEY-----\n",
            "private_key_pem_pkcs8": "-----BEGIN PRIVATE KEY-----\nMIIJQQIBADANBgkqhkiG9w0BAQEFAASCCSswggknAgEAAoICAQCkyop8X7Cbdaau\nHaNDlcveFt8vCZhyZJ9xB4o3d4lMYNFLAC9UjWjVgQOwxVA10CrKhMfadwcJ0sjf\ntDmTr9ajZ6zSKlgK0QS99Ei2C35wVFavtJ7BGyhJCibQgyXT15mAr3thA3lLDsRj\n3jzckGu8MN7K3sLVHjhI4d1+E6cwvswA4id6koOLApbws7teRfQduBpwmDYJZKRb\naaaGdvBu5h/siskf5NtwByeToI/vxbEm06x5CegI80wjloL0s5VXHCUijkU/En5l\nEL+MMG2A/1S+L7QJ06hBS1oBSNBSDs+7S93nCHy+TkMlbOlTX1VB116wJftY/6Tb\nzLbb3cedw2xhZrb5FNmSAQJT7LLVfe8tH9EkjSF/MIJdHo5XZfVlRUsMfckySvog\nEwbSF5q0O2MnG0wgs9Hf8Xz4JYV/ceSiA4u3D+8e4DLJFQQ0jq3HHqk2kFgUHrqF\nhyMSbEpZH9pWPafi9L4dyiPA7f/Gy1/ICUvZ/inTD0hwAo7tcGveKhKzhY6SfUq8\nidpRKY38HdckFCllvolPTEL+FEKtN3toMewg1aBTdEqAfFRMuBF+UipE3AFOmKoI\nMW6DEdFDxxFkPw/sYxnxZSHqSIoyXhUJRZdcxhE8AKOKQKJgzmc4SxI7VsWh2cUn\nZc2YN6VfmqIdJN2DReE5fOr0tCqeYwIDAQABAoICAFp0q0vWItVS4WmV7zZ8FWoV\nV/Ez7TBtt2+N2frUbNM2Gex3b4OUE8WOif4QcRT47WQ5OpLa30wvHgBdp3VAAiu0\nDxNWFvno/hde7kKvUHpMcUEFflc1lwlwvxmZw7vjDumqaak5BO2Eb5z6MqJHzDuC\n/+iQGpZtfivTf4djNlT1hnm9qjoIDpjRlRUPM3xuHa/qjOjdRFwnmGhtN/F7fEMD\nouZu0DPnpeR6qOjKK/hLphBQBM5z96BiHJs0VTIJGaK1WlT7j1stxZ+ob9x+AL3c\naiHzgXobarJcsE0gMOm6I6EF5gqZiA/WWdlDTVhsbho0JE/AqZWSzmWwm3dY5+b6\nAoTSqxJ/yv1Hi41taRb6gxexgryMRlvbFmairFL5k5+CRJWBuLUvcFIEL8QjD3vh\nWCmX6VM8OU0BIv9NlvKkvSE6Od0Vdfo8v3q0ozP9bFGACZ2WGG0UDC2BmbvBlvsl\nXyxpFQunsmQnCVLZwZCXz2Dnxq3/AkgUTq1oNLz0pml+CuKWz7ioUkmccS7Q567C\neqmQ3tqGMwZMA3Zolh7/R15dA4i/MZGKYGkurVuGrfuF6A+PGcsxqgYyOINQ3hWQ\n0V2UioO1NSqczZ5YnifTEM/3GeginctsxI14i2MQnuQ8RvW4kA6Dtz/oz1KXRCnd\nDEHAKmiaAVIKPTU4foBBAoIBAQDJG8RwO1SAuAaqA8BqKtjSikGDDfrCW24PzWnk\nfibx7u9nk2yZhv+h6eFo3Ual3C/teETnets0+hd2Qa/29gxwRcKJ9jnVM6W9lT0J\n+c5jXKC1Om9DszDm3WhguJLtp/upE11uRDUMEHkexsVvkrvuE2CRsdZg4gE6jRZY\nVglQDgaEA4i2p5YoIQzWhUEvE6nEftwQgJwlhcRh3SElQY901ZWdBp1jj1XeVqSI\niR/cTypXCjLWMEQqkFnaIvYt2/GxOjxye9u0ItAYs9LBP9a9ELweRx8pIRCKr7Pd\nicp/T4ne4qERVQc34QcoYUOEJl9LxhEQYpNdXHmBK9vHrAMxAoIBAQDRxSSXEaxx\na+4RHwT268EJxPlbTdSA9R5eMH186A5d+Y7b8APuAZ5bUJgDQmDMQFptK/n0t99d\nw0PuVG17KGsjUyRdZVTQXYMp+cNoHzA1lzXHyUkhXOtw9KEO91yWT9b+J44ivSAX\nShaE7MnUN20WXvj1NNY+ThpI0iq/keg60Keq7JBCd84ekxByp3WrRTj8S/+S/eqY\na1Y0jQrGsbOs8Mmntm8dyyHZvgj2RCoN6v0mNcO4sfu7VNi1m94eqEqQaxl3uTl2\nKD9qLKDieXqE3+bLRdPyfX+K2JD3phbmSOCDP5JN8DDUYB9Fji4VjXtah4PCEqoU\np3LNvPdhQo3TAoIBAFWFx23q7S6oE71tRwBfJEG0pdNzuHW6p/10X1naA/nSoGCt\novtPG5rheQg9QXP7RS55fOPrrRjEWgHiQVCGpheAsxA0c7ek9RDATGrXnttGYtlu\n9i4WH++trFulYmZKj40BPTRNMTnmL3vVD9U4006VUvXiaMZeliMuKJh8Tg2LSV4O\nmq8Caaq7E1iO5n98ny9+u1sRNlYGotLzVMshLD6FLdDPJVNXey7ILcQafEAWMm09\nWw0XDYYESRGo2IP8CrZRi68r2Oyr+U7n+fJQkaNpYHaHzEqTUxOHULgfhsvJKVpt\nig1y2VT8Dy0u36VtJA13N35+TSjg0JML8bTiA6ECggEAIIbDH7Gb3ZJwvbLjoC36\nJrumNqQg2UYoyU4XhzCsWaICptPWqCcUGPCsQYUfYUxxORBil7GTLwTCGch5mWkx\nA682qky2FAEL/4w84n5DiWvC6RGrB0NTNpaYCqwMbTpACfS0M2rD+RiB2Wal/QQD\nJD7ht5PTzKFrrfL4se+75LLJ7NT1oXjWOyNun3ib5Ey9g1F9dZttruil20wraZfQ\nVnaXriu5mxMOUqcG2LjFFJdlXXFkwdTHRcroN3DNxk8uEKqqrkfIQywGeT4mTDet\n6cCWFtri/Gy9RBhEkkHstxSBy5gl5XPi/mtRLgXX23uuruDoa0VdngpA4On2Kdya\nBQKCAQAEcxG5vAcuSPXgg+plty/Go0KrsinDcOLrHGmvduxTeCv3PZE5pS5jbDd6\nBct8M+d5rfN4RzPrlZdXi8b5NM8gTJuvOv/zvD2AqwIoVeO930jI5cdotkNlpwDV\nFP0/Ge3D6q1MrMjQH104TReKddka3I3mvJUuqDD11ZSLNCWmLZHWigV28B4uTnWY\nIfFKGXOpGHbvp8pqmMgOMnuaxtETW4chi5R5+QjmhCwjyCo3BFw7prjU6oDVo7LT\ngC/f+2q3Ufagr1s269xQySFhqN3UG4XCd3j2sDZrXLSHf9M2sFoaW+bWNsG3KZQl\nM8LU9htzBBE4CTGWHM+vyuCQtxCp\n-----END PRIVATE KEY-----\n",
            "public_key_fingerprint_md5": "28:48:56:09:1d:9a:f7:67:a8:3c:c2:f9:e7:72:b9:77",
            "public_key_fingerprint_sha256": "SHA256:7F0Gm7/rQ8zUT8qQGX2BkkjzK4zx+NoWBFwfelBfRzw",
            "public_key_openssh": "ssh-rsa AAAAB3NzaC1yc2EAAAADAQABAAACAQCkyop8X7CbdaauHaNDlcveFt8vCZhyZJ9xB4o3d4lMYNFLAC9UjWjVgQOwxVA10CrKhMfadwcJ0sjftDmTr9ajZ6zSKlgK0QS99Ei2C35wVFavtJ7BGyhJCibQgyXT15mAr3thA3lLDsRj3jzckGu8MN7K3sLVHjhI4d1+E6cwvswA4id6koOLApbws7teRfQduBpwmDYJZKRbaaaGdvBu5h/siskf5NtwByeToI/vxbEm06x5CegI80wjloL0s5VXHCUijkU/En5lEL+MMG2A/1S+L7QJ06hBS1oBSNBSDs+7S93nCHy+TkMlbOlTX1VB116wJftY/6TbzLbb3cedw2xhZrb5FNmSAQJT7LLVfe8tH9EkjSF/MIJdHo5XZfVlRUsMfckySvogEwbSF5q0O2MnG0wgs9Hf8Xz4JYV/ceSiA4u3D+8e4DLJFQQ0jq3HHqk2kFgUHrqFhyMSbEpZH9pWPafi9L4dyiPA7f/Gy1/ICUvZ/inTD0hwAo7tcGveKhKzhY6SfUq8idpRKY38HdckFCllvolPTEL+FEKtN3toMewg1aBTdEqAfFRMuBF+UipE3AFOmKoIMW6DEdFDxxFkPw/sYxnxZSHqSIoyXhUJRZdcxhE8AKOKQKJgzmc4SxI7VsWh2cUnZc2YN6VfmqIdJN2DReE5fOr0tCqeYw==\n",
            "public_key_pem": "-----BEGIN PUBLIC KEY-----\nMIICIjANBgkqhkiG9w0BAQEFAAOCAg8AMIICCgKCAgEApMqKfF+wm3Wmrh2jQ5XL\n3hbfLwmYcmSfcQeKN3eJTGDRSwAvVI1o1YEDsMVQNdAqyoTH2ncHCdLI37Q5k6/W\no2es0ipYCtEEvfRItgt+cFRWr7SewRsoSQom0IMl09eZgK97YQN5Sw7EY9483JBr\nvDDeyt7C1R44SOHdfhOnML7MAOInepKDiwKW8LO7XkX0HbgacJg2CWSkW2mmhnbw\nbuYf7IrJH+TbcAcnk6CP78WxJtOseQnoCPNMI5aC9LOVVxwlIo5FPxJ+ZRC/jDBt\ngP9Uvi+0CdOoQUtaAUjQUg7Pu0vd5wh8vk5DJWzpU19VQddesCX7WP+k28y2293H\nncNsYWa2+RTZkgECU+yy1X3vLR/RJI0hfzCCXR6OV2X1ZUVLDH3JMkr6IBMG0hea\ntDtjJxtMILPR3/F8+CWFf3HkogOLtw/vHuAyyRUENI6txx6pNpBYFB66hYcjEmxK\nWR/aVj2n4vS+HcojwO3/xstfyAlL2f4p0w9IcAKO7XBr3ioSs4WOkn1KvInaUSmN\n/B3XJBQpZb6JT0xC/hRCrTd7aDHsINWgU3RKgHxUTLgRflIqRNwBTpiqCDFugxHR\nQ8cRZD8P7GMZ8WUh6kiKMl4VCUWXXMYRPACjikCiYM5nOEsSO1bFodnFJ2XNmDel\nX5qiHSTdg0XhOXzq9LQqnmMCAwEAAQ==\n-----END PUBLIC KEY-----\n",
            "rsa_bits": 4096
          },
          "sensitive_attributes": []
        }
      ]
    },
    {
      "module": "module.aws-elb-mod",
      "mode": "managed",
      "type": "aws_lb",
      "name": "tf-lb",
      "provider": "provider[\"registry.terraform.io/hashicorp/aws\"]",
      "instances": [
        {
          "schema_version": 0,
          "attributes": {
            "access_logs": [
              {
                "bucket": "",
                "enabled": false,
                "prefix": ""
              }
            ],
            "arn": "arn:aws:elasticloadbalancing:us-west-2:988940651769:loadbalancer/app/tf-lb/a7ee08f76d752af0",
            "arn_suffix": "app/tf-lb/a7ee08f76d752af0",
            "customer_owned_ipv4_pool": "",
            "desync_mitigation_mode": "defensive",
            "dns_name": "tf-lb-713109430.us-west-2.elb.amazonaws.com",
            "drop_invalid_header_fields": false,
            "enable_cross_zone_load_balancing": true,
            "enable_deletion_protection": false,
            "enable_http2": true,
            "enable_waf_fail_open": false,
            "id": "arn:aws:elasticloadbalancing:us-west-2:988940651769:loadbalancer/app/tf-lb/a7ee08f76d752af0",
            "idle_timeout": 60,
            "internal": false,
            "ip_address_type": "ipv4",
            "load_balancer_type": "application",
            "name": "tf-lb",
            "name_prefix": null,
            "security_groups": [
              "sg-0b69cd83c6d40100e"
            ],
            "subnet_mapping": [
              {
                "allocation_id": "",
                "ipv6_address": "",
                "outpost_id": "",
                "private_ipv4_address": "",
                "subnet_id": "subnet-02d02cb2a4ff4425b"
              },
              {
                "allocation_id": "",
                "ipv6_address": "",
                "outpost_id": "",
                "private_ipv4_address": "",
                "subnet_id": "subnet-0929fbba93c275d6e"
              }
            ],
            "subnets": [
              "subnet-02d02cb2a4ff4425b",
              "subnet-0929fbba93c275d6e"
            ],
            "tags": {
              "Environment": "Non-prod",
              "Name": "tf-lb"
            },
            "tags_all": {
              "Environment": "Non-prod",
              "Name": "tf-lb"
            },
            "timeouts": null,
            "vpc_id": "vpc-06e44e96d58b7aa77",
            "zone_id": "Z1H1FL5HABSF5"
          },
          "sensitive_attributes": [],
          "private": "eyJlMmJmYjczMC1lY2FhLTExZTYtOGY4OC0zNDM2M2JjN2M0YzAiOnsiY3JlYXRlIjo2MDAwMDAwMDAwMDAsImRlbGV0ZSI6NjAwMDAwMDAwMDAwLCJ1cGRhdGUiOjYwMDAwMDAwMDAwMH19",
          "dependencies": [
            "module.aws-sg-mod.aws_security_group.web",
            "module.aws-vpc-mod.aws_subnet.sub0",
            "module.aws-vpc-mod.aws_subnet.sub1"
          ]
        }
      ]
    },
    {
      "module": "module.aws-elb-mod",
      "mode": "managed",
      "type": "aws_lb_listener",
      "name": "HTTP_LIST",
      "provider": "provider[\"registry.terraform.io/hashicorp/aws\"]",
      "instances": [
        {
          "schema_version": 0,
          "attributes": {
            "alpn_policy": null,
            "arn": "arn:aws:elasticloadbalancing:us-west-2:988940651769:listener/app/tf-lb/a7ee08f76d752af0/252f41a60bbe2a5c",
            "certificate_arn": null,
            "default_action": [
              {
                "authenticate_cognito": [],
                "authenticate_oidc": [],
                "fixed_response": [],
                "forward": [],
                "order": 1,
                "redirect": [],
                "target_group_arn": "arn:aws:elasticloadbalancing:us-west-2:988940651769:targetgroup/tf-tgroup/8869c37cad1d6433",
                "type": "forward"
              }
            ],
            "id": "arn:aws:elasticloadbalancing:us-west-2:988940651769:listener/app/tf-lb/a7ee08f76d752af0/252f41a60bbe2a5c",
            "load_balancer_arn": "arn:aws:elasticloadbalancing:us-west-2:988940651769:loadbalancer/app/tf-lb/a7ee08f76d752af0",
            "port": 80,
            "protocol": "HTTP",
            "ssl_policy": "",
            "tags": null,
            "tags_all": {},
            "timeouts": null
          },
          "sensitive_attributes": [],
          "private": "eyJlMmJmYjczMC1lY2FhLTExZTYtOGY4OC0zNDM2M2JjN2M0YzAiOnsicmVhZCI6NjAwMDAwMDAwMDAwfX0=",
          "dependencies": [
            "module.aws-elb-mod.aws_lb.tf-lb",
            "module.aws-elb-mod.aws_lb_target_group.tf-tg-instance",
            "module.aws-sg-mod.aws_security_group.web",
            "module.aws-vpc-mod.aws_subnet.sub0",
            "module.aws-vpc-mod.aws_subnet.sub1",
            "module.aws-vpc-mod.aws_vpc.vpc1"
          ]
        }
      ]
    },
    {
      "module": "module.aws-elb-mod",
      "mode": "managed",
      "type": "aws_lb_target_group",
      "name": "tf-tg-instance",
      "provider": "provider[\"registry.terraform.io/hashicorp/aws\"]",
      "instances": [
        {
          "schema_version": 0,
          "attributes": {
            "arn": "arn:aws:elasticloadbalancing:us-west-2:988940651769:targetgroup/tf-tgroup/8869c37cad1d6433",
            "arn_suffix": "targetgroup/tf-tgroup/8869c37cad1d6433",
            "connection_termination": false,
            "deregistration_delay": "300",
            "health_check": [
              {
                "enabled": true,
                "healthy_threshold": 5,
                "interval": 30,
                "matcher": "200",
                "path": "/",
                "port": "traffic-port",
                "protocol": "HTTP",
                "timeout": 5,
                "unhealthy_threshold": 2
              }
            ],
            "id": "arn:aws:elasticloadbalancing:us-west-2:988940651769:targetgroup/tf-tgroup/8869c37cad1d6433",
            "lambda_multi_value_headers_enabled": false,
            "load_balancing_algorithm_type": "round_robin",
            "name": "tf-tgroup",
            "name_prefix": null,
            "port": 80,
            "preserve_client_ip": null,
            "protocol": "HTTP",
            "protocol_version": "HTTP1",
            "proxy_protocol_v2": false,
            "slow_start": 0,
            "stickiness": [
              {
                "cookie_duration": 86400,
                "cookie_name": "",
                "enabled": false,
                "type": "lb_cookie"
              }
            ],
            "tags": null,
            "tags_all": {},
            "target_type": "instance",
            "vpc_id": "vpc-06e44e96d58b7aa77"
          },
          "sensitive_attributes": [],
          "private": "bnVsbA==",
          "dependencies": [
            "module.aws-vpc-mod.aws_vpc.vpc1"
          ]
        }
      ]
    },
    {
      "module": "module.aws-elb-mod",
      "mode": "managed",
      "type": "aws_lb_target_group_attachment",
      "name": "tf_tg_attachment",
      "provider": "provider[\"registry.terraform.io/hashicorp/aws\"]",
      "instances": [
        {
          "schema_version": 0,
          "attributes": {
            "availability_zone": null,
            "id": "arn:aws:elasticloadbalancing:us-west-2:988940651769:targetgroup/tf-tgroup/8869c37cad1d6433-20230909001746584400000001",
            "port": 80,
            "target_group_arn": "arn:aws:elasticloadbalancing:us-west-2:988940651769:targetgroup/tf-tgroup/8869c37cad1d6433",
            "target_id": "i-090931f6719d4b6a4"
          },
          "sensitive_attributes": [],
          "private": "bnVsbA==",
          "dependencies": [
            "module.aws-ec2-mod.aws_instance.awsec2",
            "module.aws-ec2-mod.aws_key_pair.publickey",
            "module.aws-ec2-mod.data.template_file.user_data_linux",
            "module.aws-ec2-mod.tls_private_key.keypair",
            "module.aws-elb-mod.aws_lb_target_group.tf-tg-instance",
            "module.aws-sg-mod.aws_security_group.remotesg",
            "module.aws-sg-mod.aws_security_group.web",
            "module.aws-vpc-mod.aws_subnet.sub0",
            "module.aws-vpc-mod.aws_vpc.vpc1"
          ]
        }
      ]
    },
    {
      "module": "module.aws-sg-mod",
      "mode": "managed",
      "type": "aws_security_group",
      "name": "remotesg",
      "provider": "provider[\"registry.terraform.io/hashicorp/aws\"]",
      "instances": [
        {
          "schema_version": 1,
          "attributes": {
            "arn": "arn:aws:ec2:us-west-2:988940651769:security-group/sg-07edba51b049080dd",
            "description": "Used in the terraform",
            "egress": [
              {
                "cidr_blocks": [
                  "0.0.0.0/0"
                ],
                "description": "",
                "from_port": 0,
                "ipv6_cidr_blocks": [],
                "prefix_list_ids": [],
                "protocol": "-1",
                "security_groups": [],
                "self": false,
                "to_port": 0
              }
            ],
            "id": "sg-07edba51b049080dd",
            "ingress": [
              {
                "cidr_blocks": [
                  "0.0.0.0/0"
                ],
                "description": "",
                "from_port": 22,
                "ipv6_cidr_blocks": [],
                "prefix_list_ids": [],
                "protocol": "tcp",
                "security_groups": [],
                "self": false,
                "to_port": 22
              }
            ],
            "name": "tf_remotesg",
            "name_prefix": "",
            "owner_id": "988940651769",
            "revoke_rules_on_delete": false,
            "tags": {
              "Name": "tf_remotesg"
            },
            "tags_all": {
              "Name": "tf_remotesg"
            },
            "timeouts": null,
            "vpc_id": "vpc-06e44e96d58b7aa77"
          },
          "sensitive_attributes": [],
          "private": "eyJlMmJmYjczMC1lY2FhLTExZTYtOGY4OC0zNDM2M2JjN2M0YzAiOnsiY3JlYXRlIjo2MDAwMDAwMDAwMDAsImRlbGV0ZSI6OTAwMDAwMDAwMDAwfSwic2NoZW1hX3ZlcnNpb24iOiIxIn0=",
          "dependencies": [
            "module.aws-vpc-mod.aws_vpc.vpc1"
          ]
        }
      ]
    },
    {
      "module": "module.aws-sg-mod",
      "mode": "managed",
      "type": "aws_security_group",
      "name": "web",
      "provider": "provider[\"registry.terraform.io/hashicorp/aws\"]",
      "instances": [
        {
          "schema_version": 1,
          "attributes": {
            "arn": "arn:aws:ec2:us-west-2:988940651769:security-group/sg-0b69cd83c6d40100e",
            "description": "Used in the terraform",
            "egress": [
              {
                "cidr_blocks": [
                  "0.0.0.0/0"
                ],
                "description": "",
                "from_port": 0,
                "ipv6_cidr_blocks": [],
                "prefix_list_ids": [],
                "protocol": "-1",
                "security_groups": [],
                "self": false,
                "to_port": 0
              }
            ],
            "id": "sg-0b69cd83c6d40100e",
            "ingress": [
              {
                "cidr_blocks": [
                  "0.0.0.0/0"
                ],
                "description": "",
                "from_port": 80,
                "ipv6_cidr_blocks": [],
                "prefix_list_ids": [],
                "protocol": "tcp",
                "security_groups": [],
                "self": false,
                "to_port": 80
              }
            ],
            "name": "tf_websg",
            "name_prefix": "",
            "owner_id": "988940651769",
            "revoke_rules_on_delete": false,
            "tags": {
              "Name": "tf_websg"
            },
            "tags_all": {
              "Name": "tf_websg"
            },
            "timeouts": null,
            "vpc_id": "vpc-06e44e96d58b7aa77"
          },
          "sensitive_attributes": [],
          "private": "eyJlMmJmYjczMC1lY2FhLTExZTYtOGY4OC0zNDM2M2JjN2M0YzAiOnsiY3JlYXRlIjo2MDAwMDAwMDAwMDAsImRlbGV0ZSI6OTAwMDAwMDAwMDAwfSwic2NoZW1hX3ZlcnNpb24iOiIxIn0=",
          "dependencies": [
            "module.aws-vpc-mod.aws_vpc.vpc1"
          ]
        }
      ]
    },
    {
      "module": "module.aws-vpc-mod",
      "mode": "managed",
      "type": "aws_default_route_table",
      "name": "pubroute",
      "provider": "provider[\"registry.terraform.io/hashicorp/aws\"]",
      "instances": [
        {
          "schema_version": 0,
          "attributes": {
            "arn": "arn:aws:ec2:us-west-2:988940651769:route-table/rtb-0cd3fc9cc180614cf",
            "default_route_table_id": "rtb-0cd3fc9cc180614cf",
            "id": "rtb-0cd3fc9cc180614cf",
            "owner_id": "988940651769",
            "propagating_vgws": [],
            "route": [
              {
                "cidr_block": "0.0.0.0/0",
                "core_network_arn": "",
                "destination_prefix_list_id": "",
                "egress_only_gateway_id": "",
                "gateway_id": "igw-0c16356458fd9a2db",
                "instance_id": "",
                "ipv6_cidr_block": "",
                "nat_gateway_id": "",
                "network_interface_id": "",
                "transit_gateway_id": "",
                "vpc_endpoint_id": "",
                "vpc_peering_connection_id": ""
              }
            ],
            "tags": {
              "Name": "tfpubrt"
            },
            "tags_all": {
              "Name": "tfpubrt"
            },
            "timeouts": null,
            "vpc_id": "vpc-06e44e96d58b7aa77"
          },
          "sensitive_attributes": [],
          "private": "eyJlMmJmYjczMC1lY2FhLTExZTYtOGY4OC0zNDM2M2JjN2M0YzAiOnsiY3JlYXRlIjoxMjAwMDAwMDAwMDAsInVwZGF0ZSI6MTIwMDAwMDAwMDAwfX0=",
          "dependencies": [
            "module.aws-vpc-mod.aws_internet_gateway.intgw",
            "module.aws-vpc-mod.aws_vpc.vpc1"
          ]
        }
      ]
    },
    {
      "module": "module.aws-vpc-mod",
      "mode": "managed",
      "type": "aws_internet_gateway",
      "name": "intgw",
      "provider": "provider[\"registry.terraform.io/hashicorp/aws\"]",
      "instances": [
        {
          "schema_version": 0,
          "attributes": {
            "arn": "arn:aws:ec2:us-west-2:988940651769:internet-gateway/igw-0c16356458fd9a2db",
            "id": "igw-0c16356458fd9a2db",
            "owner_id": "988940651769",
            "tags": {
              "Name": "tfintgw"
            },
            "tags_all": {
              "Name": "tfintgw"
            },
            "vpc_id": "vpc-06e44e96d58b7aa77"
          },
          "sensitive_attributes": [],
          "private": "bnVsbA==",
          "dependencies": [
            "module.aws-vpc-mod.aws_vpc.vpc1"
          ]
        }
      ]
    },
    {
      "module": "module.aws-vpc-mod",
      "mode": "managed",
      "type": "aws_route_table_association",
      "name": "rta-subnet1",
      "provider": "provider[\"registry.terraform.io/hashicorp/aws\"]",
      "instances": [
        {
          "schema_version": 0,
          "attributes": {
            "gateway_id": "",
            "id": "rtbassoc-050a7684f133e3171",
            "route_table_id": "rtb-0cd3fc9cc180614cf",
            "subnet_id": "subnet-0929fbba93c275d6e"
          },
          "sensitive_attributes": [],
          "private": "bnVsbA==",
          "dependencies": [
            "module.aws-vpc-mod.aws_default_route_table.pubroute",
            "module.aws-vpc-mod.aws_internet_gateway.intgw",
            "module.aws-vpc-mod.aws_subnet.sub0",
            "module.aws-vpc-mod.aws_vpc.vpc1"
          ]
        }
      ]
    },
    {
      "module": "module.aws-vpc-mod",
      "mode": "managed",
      "type": "aws_route_table_association",
      "name": "rta-subnet2",
      "provider": "provider[\"registry.terraform.io/hashicorp/aws\"]",
      "instances": [
        {
          "schema_version": 0,
          "attributes": {
            "gateway_id": "",
            "id": "rtbassoc-059df82b078393395",
            "route_table_id": "rtb-0cd3fc9cc180614cf",
            "subnet_id": "subnet-02d02cb2a4ff4425b"
          },
          "sensitive_attributes": [],
          "private": "bnVsbA==",
          "dependencies": [
            "module.aws-vpc-mod.aws_default_route_table.pubroute",
            "module.aws-vpc-mod.aws_internet_gateway.intgw",
            "module.aws-vpc-mod.aws_subnet.sub1",
            "module.aws-vpc-mod.aws_vpc.vpc1"
          ]
        }
      ]
    },
    {
      "module": "module.aws-vpc-mod",
      "mode": "managed",
      "type": "aws_subnet",
      "name": "sub0",
      "provider": "provider[\"registry.terraform.io/hashicorp/aws\"]",
      "instances": [
        {
          "schema_version": 1,
          "attributes": {
            "arn": "arn:aws:ec2:us-west-2:988940651769:subnet/subnet-0929fbba93c275d6e",
            "assign_ipv6_address_on_creation": false,
            "availability_zone": "us-west-2a",
            "availability_zone_id": "usw2-az2",
            "cidr_block": "11.0.0.0/24",
            "customer_owned_ipv4_pool": "",
            "enable_dns64": false,
            "enable_resource_name_dns_a_record_on_launch": false,
            "enable_resource_name_dns_aaaa_record_on_launch": false,
            "id": "subnet-0929fbba93c275d6e",
            "ipv6_cidr_block": "",
            "ipv6_cidr_block_association_id": "",
            "ipv6_native": false,
            "map_customer_owned_ip_on_launch": false,
            "map_public_ip_on_launch": true,
            "outpost_arn": "",
            "owner_id": "988940651769",
            "private_dns_hostname_type_on_launch": "ip-name",
            "tags": {
              "Name": "tfsub0"
            },
            "tags_all": {
              "Name": "tfsub0"
            },
            "timeouts": null,
            "vpc_id": "vpc-06e44e96d58b7aa77"
          },
          "sensitive_attributes": [],
          "private": "eyJlMmJmYjczMC1lY2FhLTExZTYtOGY4OC0zNDM2M2JjN2M0YzAiOnsiY3JlYXRlIjo2MDAwMDAwMDAwMDAsImRlbGV0ZSI6MTIwMDAwMDAwMDAwMH0sInNjaGVtYV92ZXJzaW9uIjoiMSJ9",
          "dependencies": [
            "module.aws-vpc-mod.aws_vpc.vpc1"
          ]
        }
      ]
    },
    {
      "module": "module.aws-vpc-mod",
      "mode": "managed",
      "type": "aws_subnet",
      "name": "sub1",
      "provider": "provider[\"registry.terraform.io/hashicorp/aws\"]",
      "instances": [
        {
          "schema_version": 1,
          "attributes": {
            "arn": "arn:aws:ec2:us-west-2:988940651769:subnet/subnet-02d02cb2a4ff4425b",
            "assign_ipv6_address_on_creation": false,
            "availability_zone": "us-west-2b",
            "availability_zone_id": "usw2-az1",
            "cidr_block": "11.0.1.0/24",
            "customer_owned_ipv4_pool": "",
            "enable_dns64": false,
            "enable_resource_name_dns_a_record_on_launch": false,
            "enable_resource_name_dns_aaaa_record_on_launch": false,
            "id": "subnet-02d02cb2a4ff4425b",
            "ipv6_cidr_block": "",
            "ipv6_cidr_block_association_id": "",
            "ipv6_native": false,
            "map_customer_owned_ip_on_launch": false,
            "map_public_ip_on_launch": true,
            "outpost_arn": "",
            "owner_id": "988940651769",
            "private_dns_hostname_type_on_launch": "ip-name",
            "tags": {
              "Name": "tfsub1"
            },
            "tags_all": {
              "Name": "tfsub1"
            },
            "timeouts": null,
            "vpc_id": "vpc-06e44e96d58b7aa77"
          },
          "sensitive_attributes": [],
          "private": "eyJlMmJmYjczMC1lY2FhLTExZTYtOGY4OC0zNDM2M2JjN2M0YzAiOnsiY3JlYXRlIjo2MDAwMDAwMDAwMDAsImRlbGV0ZSI6MTIwMDAwMDAwMDAwMH0sInNjaGVtYV92ZXJzaW9uIjoiMSJ9",
          "dependencies": [
            "module.aws-vpc-mod.aws_vpc.vpc1"
          ]
        }
      ]
    },
    {
      "module": "module.aws-vpc-mod",
      "mode": "managed",
      "type": "aws_vpc",
      "name": "vpc1",
      "provider": "provider[\"registry.terraform.io/hashicorp/aws\"]",
      "instances": [
        {
          "schema_version": 1,
          "attributes": {
            "arn": "arn:aws:ec2:us-west-2:988940651769:vpc/vpc-06e44e96d58b7aa77",
            "assign_generated_ipv6_cidr_block": false,
            "cidr_block": "11.0.0.0/16",
            "default_network_acl_id": "acl-0421dfb9368717a1f",
            "default_route_table_id": "rtb-0cd3fc9cc180614cf",
            "default_security_group_id": "sg-0926482c394f8e46e",
            "dhcp_options_id": "dopt-01ff4d1ca34167ea2",
            "enable_classiclink": false,
            "enable_classiclink_dns_support": false,
            "enable_dns_hostnames": true,
            "enable_dns_support": true,
            "id": "vpc-06e44e96d58b7aa77",
            "instance_tenancy": "default",
            "ipv4_ipam_pool_id": null,
            "ipv4_netmask_length": null,
            "ipv6_association_id": "",
            "ipv6_cidr_block": "",
            "ipv6_cidr_block_network_border_group": "",
            "ipv6_ipam_pool_id": "",
            "ipv6_netmask_length": 0,
            "main_route_table_id": "rtb-0cd3fc9cc180614cf",
            "owner_id": "988940651769",
            "tags": {
              "Name": "tfvpc"
            },
            "tags_all": {
              "Name": "tfvpc"
            }
          },
          "sensitive_attributes": [],
          "private": "eyJzY2hlbWFfdmVyc2lvbiI6IjEifQ=="
        }
      ]
    }
  ]
}
