{
  "version": 4,
  "terraform_version": "1.1.8",
  "serial": 260,
  "lineage": "d6d2b32c-d622-b765-7b37-4b67a3a1ecff",
  "outputs": {},
  "resources": [
    {
      "module": "module.aws-ec2-mod",
      "mode": "managed",
      "type": "aws_ebs_volume",
      "name": "ebsvol",
      "provider": "provider[\"registry.terraform.io/hashicorp/aws\"]",
      "instances": [
        {
          "schema_version": 0,
          "attributes": {
            "arn": "arn:aws:ec2:us-west-2:988940651769:volume/vol-01b7a901d82be7ae2",
            "availability_zone": "us-west-2a",
            "encrypted": false,
            "final_snapshot": false,
            "id": "vol-01b7a901d82be7ae2",
            "iops": 3000,
            "kms_key_id": "",
            "multi_attach_enabled": false,
            "outpost_arn": "",
            "size": 20,
            "snapshot_id": "",
            "tags": {
              "Name": "EC2-TF"
            },
            "tags_all": {
              "Name": "EC2-TF"
            },
            "throughput": 125,
            "timeouts": null,
            "type": "gp3"
          },
          "sensitive_attributes": [],
          "private": "eyJlMmJmYjczMC1lY2FhLTExZTYtOGY4OC0zNDM2M2JjN2M0YzAiOnsiY3JlYXRlIjozMDAwMDAwMDAwMDAsImRlbGV0ZSI6MzAwMDAwMDAwMDAwLCJ1cGRhdGUiOjMwMDAwMDAwMDAwMH19"
        }
      ]
    },
    {
      "module": "module.aws-ec2-mod",
      "mode": "managed",
      "type": "aws_instance",
      "name": "awsec2",
      "provider": "provider[\"registry.terraform.io/hashicorp/aws\"]",
      "instances": [
        {
          "schema_version": 1,
          "attributes": {
            "ami": "ami-a0cfeed8",
            "arn": "arn:aws:ec2:us-west-2:988940651769:instance/i-04648484b4eef3efb",
            "associate_public_ip_address": true,
            "availability_zone": "us-west-2a",
            "capacity_reservation_specification": [
              {
                "capacity_reservation_preference": "open",
                "capacity_reservation_target": []
              }
            ],
            "cpu_core_count": 1,
            "cpu_threads_per_core": 2,
            "credit_specification": [
              {
                "cpu_credits": "unlimited"
              }
            ],
            "disable_api_stop": false,
            "disable_api_termination": false,
            "ebs_block_device": [],
            "ebs_optimized": false,
            "enclave_options": [
              {
                "enabled": false
              }
            ],
            "ephemeral_block_device": [],
            "get_password_data": false,
            "hibernation": false,
            "host_id": null,
            "iam_instance_profile": "",
            "id": "i-04648484b4eef3efb",
            "instance_initiated_shutdown_behavior": "stop",
            "instance_state": "running",
            "instance_type": "t3.micro",
            "ipv6_address_count": 0,
            "ipv6_addresses": [],
            "key_name": "tfAWS-keypair",
            "launch_template": [],
            "maintenance_options": [
              {
                "auto_recovery": "default"
              }
            ],
            "metadata_options": [
              {
                "http_endpoint": "enabled",
                "http_put_response_hop_limit": 1,
                "http_tokens": "optional",
                "instance_metadata_tags": "disabled"
              }
            ],
            "monitoring": false,
            "network_interface": [],
            "outpost_arn": "",
            "password_data": "",
            "placement_group": "",
            "placement_partition_number": null,
            "primary_network_interface_id": "eni-02a0ba4708ea3a97b",
            "private_dns": "ip-11-0-0-153.us-west-2.compute.internal",
            "private_dns_name_options": [
              {
                "enable_resource_name_dns_a_record": false,
                "enable_resource_name_dns_aaaa_record": false,
                "hostname_type": "ip-name"
              }
            ],
            "private_ip": "11.0.0.153",
            "public_dns": "ec2-35-90-76-6.us-west-2.compute.amazonaws.com",
            "public_ip": "35.90.76.6",
            "root_block_device": [
              {
                "delete_on_termination": true,
                "device_name": "/dev/xvda",
                "encrypted": false,
                "iops": 100,
                "kms_key_id": "",
                "tags": {},
                "throughput": 0,
                "volume_id": "vol-01ddd03e1a5a8f56a",
                "volume_size": 8,
                "volume_type": "gp2"
              }
            ],
            "secondary_private_ips": [],
            "security_groups": [],
            "source_dest_check": true,
            "subnet_id": "subnet-0d627862517e1e54f",
            "tags": {
              "Name": "EC2-TF"
            },
            "tags_all": {
              "Name": "EC2-TF"
            },
            "tenancy": "default",
            "timeouts": null,
            "user_data": null,
            "user_data_base64": null,
            "user_data_replace_on_change": false,
            "volume_tags": null,
            "vpc_security_group_ids": [
              "sg-05d2976a51190c56f",
              "sg-076c0c501574b9030"
            ]
          },
          "sensitive_attributes": [],
          "private": "eyJlMmJmYjczMC1lY2FhLTExZTYtOGY4OC0zNDM2M2JjN2M0YzAiOnsiY3JlYXRlIjo2MDAwMDAwMDAwMDAsImRlbGV0ZSI6MTIwMDAwMDAwMDAwMCwidXBkYXRlIjo2MDAwMDAwMDAwMDB9LCJzY2hlbWFfdmVyc2lvbiI6IjEifQ==",
          "dependencies": [
            "module.aws-ec2-mod.aws_key_pair.publickey",
            "module.aws-ec2-mod.tls_private_key.keypair",
            "module.aws-sg-mod.aws_security_group.remotesg",
            "module.aws-sg-mod.aws_security_group.web",
            "module.aws-vpc-mod.aws_subnet.sub0",
            "module.aws-vpc-mod.aws_vpc.vpc1"
          ]
        }
      ]
    },
    {
      "module": "module.aws-ec2-mod",
      "mode": "managed",
      "type": "aws_key_pair",
      "name": "publickey",
      "provider": "provider[\"registry.terraform.io/hashicorp/aws\"]",
      "instances": [
        {
          "schema_version": 1,
          "attributes": {
            "arn": "arn:aws:ec2:us-west-2:988940651769:key-pair/tfAWS-keypair",
            "fingerprint": "be:90:c9:fe:68:5a:2e:d0:86:2e:93:98:29:6c:94:68",
            "id": "tfAWS-keypair",
            "key_name": "tfAWS-keypair",
            "key_name_prefix": "",
            "key_pair_id": "key-04d2cf75485b1754f",
            "key_type": "rsa",
            "public_key": "ssh-rsa AAAAB3NzaC1yc2EAAAADAQABAAACAQDCO9WUGWwXHO1/1XvDcVysSIk6GThHq21pSSsXNSebi1B16/arXrqtelfYg3ru7Mb6QC0TVof8Tmf4tAd+7JG2gfaTEX6VpGr1gedJn5Fj+ZLg9xZvYxcBuJeE4lgHEAgMcxJCNfA8OxT72esryqVYwaEi9nvbDiVh//EDf8hOf71ssiXezWf+tzqxGsRMIOdpDexxiIc1PE6uczKxf6o68ct7Tukp64fkozrj64aJeIm3EXiB/7dRhhSDf81TTy4lBNFOaMn3sXb9lGLFmp5tCehH7TYN11KK6OpxqEtuykDqBKxgjv61CnUtjvP6EqaOoFhc37LkZ6QEJprS3WOPO9OeNw2FbZ76zUeSlLFVOSWdd6+Y/VU37n9kuRiVhddWCnVrWy7tM/lwGNeeTKny/n9vt6pz+HbfB4MDACpnKDQ0km80E/S/AGD2rfoNBuXLtV5KVu3eeeDZTjSPkO/Iz8cjBS1QLyjbhRBwQZpo9pddvuN1e1EACxaB6ZEnYPacYb7R2R9u6Y0Bkjbkye/4FBYq47rb1qIyqoXNJKf4/uirVMGS08uH+ERgdjfquyexdLDHm301jdqr8Ll0yJcGBJd8D6ezXs+BjkMPMw9Hv3h+TGfdP2SOJ+wlNBeKD+7KQofI4nmCywtzqHmTcKG4chJQK9r/430U84L3vKUoZQ==",
            "tags": null,
            "tags_all": {}
          },
          "sensitive_attributes": [],
          "private": "eyJzY2hlbWFfdmVyc2lvbiI6IjEifQ==",
          "dependencies": [
            "module.aws-ec2-mod.tls_private_key.keypair"
          ]
        }
      ]
    },
    {
      "module": "module.aws-ec2-mod",
      "mode": "managed",
      "type": "aws_volume_attachment",
      "name": "attachebs",
      "provider": "provider[\"registry.terraform.io/hashicorp/aws\"]",
      "instances": [
        {
          "schema_version": 0,
          "attributes": {
            "device_name": "/dev/sdh",
            "force_detach": null,
            "id": "vai-2894769309",
            "instance_id": "i-04648484b4eef3efb",
            "skip_destroy": null,
            "stop_instance_before_detaching": null,
            "timeouts": null,
            "volume_id": "vol-01b7a901d82be7ae2"
          },
          "sensitive_attributes": [],
          "private": "eyJlMmJmYjczMC1lY2FhLTExZTYtOGY4OC0zNDM2M2JjN2M0YzAiOnsiY3JlYXRlIjozMDAwMDAwMDAwMDAsImRlbGV0ZSI6MzAwMDAwMDAwMDAwfX0=",
          "dependencies": [
            "module.aws-ec2-mod.aws_ebs_volume.ebsvol",
            "module.aws-ec2-mod.aws_instance.awsec2",
            "module.aws-ec2-mod.aws_key_pair.publickey",
            "module.aws-ec2-mod.tls_private_key.keypair",
            "module.aws-sg-mod.aws_security_group.remotesg",
            "module.aws-sg-mod.aws_security_group.web",
            "module.aws-vpc-mod.aws_subnet.sub0",
            "module.aws-vpc-mod.aws_vpc.vpc1"
          ]
        }
      ]
    },
    {
      "module": "module.aws-ec2-mod",
      "mode": "managed",
      "type": "local_file",
      "name": "privatekey",
      "provider": "provider[\"registry.terraform.io/hashicorp/local\"]",
      "instances": [
        {
          "schema_version": 0,
          "attributes": {
            "content": "-----BEGIN RSA PRIVATE KEY-----\nMIIJKAIBAAKCAgEAwjvVlBlsFxztf9V7w3FcrEiJOhk4R6ttaUkrFzUnm4tQdev2\nq166rXpX2IN67uzG+kAtE1aH/E5n+LQHfuyRtoH2kxF+laRq9YHnSZ+RY/mS4PcW\nb2MXAbiXhOJYBxAIDHMSQjXwPDsU+9nrK8qlWMGhIvZ72w4lYf/xA3/ITn+9bLIl\n3s1n/rc6sRrETCDnaQ3scYiHNTxOrnMysX+qOvHLe07pKeuH5KM64+uGiXiJtxF4\ngf+3UYYUg3/NU08uJQTRTmjJ97F2/ZRixZqebQnoR+02DddSiujqcahLbspA6gSs\nYI7+tQp1LY7z+hKmjqBYXN+y5GekBCaa0t1jjzvTnjcNhW2e+s1HkpSxVTklnXev\nmP1VN+5/ZLkYlYXXVgp1a1su7TP5cBjXnkyp8v5/b7eqc/h23weDAwAqZyg0NJJv\nNBP0vwBg9q36DQbly7VeSlbt3nng2U40j5DvyM/HIwUtUC8o24UQcEGaaPaXXb7j\ndXtRAAsWgemRJ2D2nGG+0dkfbumNAZI25Mnv+BQWKuO629aiMqqFzSSn+P7oq1TB\nktPLh/hEYHY36rsnsXSwx5t9NY3aq/C5dMiXBgSXfA+ns17PgY5DDzMPR794fkxn\n3T9kjifsJTQXig/uykKHyOJ5gssLc6h5k3ChuHISUCva/+N9FPOC97ylKGUCAwEA\nAQKCAgBHR9QatLWxScFzH3J7CDg9VaVet/CqhKPzdpGkw7IUaC0QCZeNzobtsS9Z\n2u6bjjN7lV+1cBUZp+CKKe9ySfkzpEBMOqhc3GkQTisGHtQpf2bCvoryN8gyrn6U\nmsg5V03M29IAkHDoebo6rv+aI5VInE65WQGdI3TeoSHe6d8lx8VJhZtWR8V5ed7F\nLhCJ661hJWX3SGZuSAKMDOS2tSZQ2XmWeCAjbTeC1dB/4miOPLk1gOjbtG+fMHiI\nxbchcrZ5iWoSv2wXRX5okzMoV5T6aR9gfhJPRA0bw1x+d4evUfQ+rZZhHTkmUX8t\nSAALbxrGztt+we2R2uMbTtuUtQCa5B7ymzWJFaoNZI7CbdvVJGWLR6/+EnxhaeeC\n+lyzvIT70V3RAe6CH04AySnyFimh8t5G36DEWnyyHgopCCl8jFDAI2nH77M0NALM\nWFJ9+zFwo9I5+7sadlBCcOVX844B/DPa/yMcEEZRj/Rr0GLkW3s4y2zRdT1pgi0B\nJq7nenmULa3F5DaTtalCWYhS6RjqTlrcXyZdCxKW7Lsw1I1cWMsQ36s0BQJmzLbH\naNMAllu0i8H1dbIinYJtBy+hV2YVU/a/iiwqtAH/3h2IHafKRKP40o4utoNIWJOO\nZexGHDHdfX15fjkYw6CMp5TE9+23R/j9gfkvm3fcbXsHGPoQpQKCAQEAxJqrwOgF\nBIwlytvEfOfbhR9+17o1uupIUktoHCjUkJNmb2R/B13CsqHet0fO929GTTfbux82\nnQzXZbE3NYTfuFClTeP+BKB8bYTnb4i0J5sELAK0lqIv91r4g9//zn2liS43VION\nNuLmgw4vGCAldo4yj6CXU4+coXDzXttb25eXLoL9DquonQgG2h29UE5YFuRTQd+A\n4VL0twMGUE3TumR0RgTY/s9C1VXd6tFrUwUM5P2CNdxG+Z4CAtRlFr5THw2LWANO\nFfy+71/9Dx4f6ime+/AlwFQ1kC+4bMf7AzxJTo3RZUVTu/ParpgbWoeEnI70s8L1\nFOIJdlW0xoHUWwKCAQEA/OnVMwjFKzrtdoZXPtvIfO8DzKOtCfT1WtwstEWN6uE4\nLwsmbODYGdv6mIJaaCr+pXZZy+eIz16yt3opsKCEz2JWCHAN8q88WvJH0NUDyX0V\nwcMRh/+THkfAWzVwoy9JlNqlQi1Bi3SBVgh5Hq1QtJcHlYMVpxopkREZzR4lxJB0\neGN8IEUtADOziLFxzEt9MNZ8w48JEaXdAHai8MULebi/Os2BFhcw3nPN1Ygjnotp\nx6wFKfDt5tAkWcEp+XyvFeeSFPuitZvObHY+YASdHYv0HinwGA+670Cfz8l0Pi6F\nWGHSJylmy0wBf89upfXEAs+w+R/T1Y/WelynQqKSPwKCAQEAnp6XkeTgH4Ie/6L9\nzTSXVLlLciuHLA3XWaYDEi0TCq4RyC+RmVTZP5v/f2nNHq7FTomRm1AclOsGYcJv\n45sXkLJoHAalLAB7QzUmMENf7lBQNl3ca2fhQTVBKcywq12OD7ac52/Xn//CsNvh\nvRo6f4NMYbrUPJOycEIb6F0cqHeOfvUpzAtM15zhQlsaIU+EHLwMPCph5ekzDPDA\nyEtyVoCzmsZQeIypxEsp50kcyPdbJuktg9z72mrT/op0ILxffb9EvDa2amDnf2O3\nXNoWL6ty3JstKhYGvRTzO7jA2SRrlJgw5/7eBtdAiPqpnwmVQWbJILtbVoTj03hk\niH+43wKCAQAAlipAbAzJBOH4HGenZasZXxSLLPYBx+epxkj0QhUKLmuK8GOubPcT\nWEdEg0jiZPciOxwKNQdEM9wGQOpH1pd4Q6ofauMdZPqm21j/Sv8vQHMEeAdaYWVd\n9JylmYIhXsK07azkcmZshGCoamydfZlqUc9asWsjcBQYmgmNSDyeMBeVD+YBzSdF\nkNkhwAebibFIo7a2XWaP++p/Tcci99IG/j6zTDa4bmVWnr4jeKVcgMZGCEgayMxE\ndMcgziniwj9FtbvJAKxn72yTI9MRNfGHWAPA7if4ZlDwrR2xxa3XVxRIGDH8lUP/\nxLVcLob7K47A0up+KWy8WhENR5m7tdTRAoIBAGx4uT7qbLE3mvkRy5tSkKtxztEK\neh70nzpPcdkBPXrty3VJbEPHQoQOnkNwQ/KzeQK/SC8LkINP1Lb6wBGWuuVfMm2J\nqI0mmsddbVyknFlpkDmIu5BfG9pBNUTtjnlAR8SFA7lQSyAGjP5TVtPJzSy6SNxO\ngBpCJFrhL1jPqs15n5lFo0cK5VHDMEWaX+WXA5rCN9qw66onvouyZ0jbgy+ofhKz\nuSRBuBRKMZrq3Pc0bqSRfavWlFnpLZsqbmb6+NqdQeDEpw4nTFNIDmP1liXg6hz1\nP82SaAacaCgIE7NxWND0oGrbMHd6XNA7vUbTMFI69tPKvjSjaoUVLPtpTpE=\n-----END RSA PRIVATE KEY-----\n",
            "content_base64": null,
            "content_base64sha256": "xbVkYTmueoILe5LVJfo1ew7MdzhJBey3bmpwhx+AjN0=",
            "content_base64sha512": "Y307eQbRCdvgIm27Mi5gBxMZpVRKmdeGu2hofRIowjuFlW6j8EOhDC3NqXsMzT88zntSXIILGjjz+XXldzAMDQ==",
            "content_md5": "b742b804bd08c7fd8d763b983f778548",
            "content_sha1": "907119c13f67e6a4896f0299839e429f5a821b93",
            "content_sha256": "c5b5646139ae7a820b7b92d525fa357b0ecc77384905ecb76e6a70871f808cdd",
            "content_sha512": "637d3b7906d109dbe0226dbb322e60071319a5544a99d786bb68687d1228c23b85956ea3f043a10c2dcda97b0ccd3f3cce7b525c820b1a38f3f975e577300c0d",
            "directory_permission": "0777",
            "file_permission": "0600",
            "filename": "/home/user1/Documents/terrform-sshkey/tfAWS-keypair.pem",
            "id": "907119c13f67e6a4896f0299839e429f5a821b93",
            "sensitive_content": null,
            "source": null
          },
          "sensitive_attributes": [
            [
              {
                "type": "get_attr",
                "value": "content"
              }
            ]
          ],
          "dependencies": [
            "module.aws-ec2-mod.tls_private_key.keypair"
          ]
        }
      ]
    },
    {
      "module": "module.aws-ec2-mod",
      "mode": "managed",
      "type": "tls_private_key",
      "name": "keypair",
      "provider": "provider[\"registry.terraform.io/hashicorp/tls\"]",
      "instances": [
        {
          "schema_version": 1,
          "attributes": {
            "algorithm": "RSA",
            "ecdsa_curve": "P224",
            "id": "c50c4f6e55cd0b012a485f0090e8949a38b1337a",
            "private_key_openssh": "-----BEGIN OPENSSH PRIVATE KEY-----\nb3BlbnNzaC1rZXktdjEAAAAABG5vbmUAAAAEbm9uZQAAAAAAAAABAAACFwAAAAdz\nc2gtcnNhAAAAAwEAAQAAAgEAwjvVlBlsFxztf9V7w3FcrEiJOhk4R6ttaUkrFzUn\nm4tQdev2q166rXpX2IN67uzG+kAtE1aH/E5n+LQHfuyRtoH2kxF+laRq9YHnSZ+R\nY/mS4PcWb2MXAbiXhOJYBxAIDHMSQjXwPDsU+9nrK8qlWMGhIvZ72w4lYf/xA3/I\nTn+9bLIl3s1n/rc6sRrETCDnaQ3scYiHNTxOrnMysX+qOvHLe07pKeuH5KM64+uG\niXiJtxF4gf+3UYYUg3/NU08uJQTRTmjJ97F2/ZRixZqebQnoR+02DddSiujqcahL\nbspA6gSsYI7+tQp1LY7z+hKmjqBYXN+y5GekBCaa0t1jjzvTnjcNhW2e+s1HkpSx\nVTklnXevmP1VN+5/ZLkYlYXXVgp1a1su7TP5cBjXnkyp8v5/b7eqc/h23weDAwAq\nZyg0NJJvNBP0vwBg9q36DQbly7VeSlbt3nng2U40j5DvyM/HIwUtUC8o24UQcEGa\naPaXXb7jdXtRAAsWgemRJ2D2nGG+0dkfbumNAZI25Mnv+BQWKuO629aiMqqFzSSn\n+P7oq1TBktPLh/hEYHY36rsnsXSwx5t9NY3aq/C5dMiXBgSXfA+ns17PgY5DDzMP\nR794fkxn3T9kjifsJTQXig/uykKHyOJ5gssLc6h5k3ChuHISUCva/+N9FPOC97yl\nKGUAAAc4csSwbHLEsGwAAAAHc3NoLXJzYQAAAgEAwjvVlBlsFxztf9V7w3FcrEiJ\nOhk4R6ttaUkrFzUnm4tQdev2q166rXpX2IN67uzG+kAtE1aH/E5n+LQHfuyRtoH2\nkxF+laRq9YHnSZ+RY/mS4PcWb2MXAbiXhOJYBxAIDHMSQjXwPDsU+9nrK8qlWMGh\nIvZ72w4lYf/xA3/ITn+9bLIl3s1n/rc6sRrETCDnaQ3scYiHNTxOrnMysX+qOvHL\ne07pKeuH5KM64+uGiXiJtxF4gf+3UYYUg3/NU08uJQTRTmjJ97F2/ZRixZqebQno\nR+02DddSiujqcahLbspA6gSsYI7+tQp1LY7z+hKmjqBYXN+y5GekBCaa0t1jjzvT\nnjcNhW2e+s1HkpSxVTklnXevmP1VN+5/ZLkYlYXXVgp1a1su7TP5cBjXnkyp8v5/\nb7eqc/h23weDAwAqZyg0NJJvNBP0vwBg9q36DQbly7VeSlbt3nng2U40j5DvyM/H\nIwUtUC8o24UQcEGaaPaXXb7jdXtRAAsWgemRJ2D2nGG+0dkfbumNAZI25Mnv+BQW\nKuO629aiMqqFzSSn+P7oq1TBktPLh/hEYHY36rsnsXSwx5t9NY3aq/C5dMiXBgSX\nfA+ns17PgY5DDzMPR794fkxn3T9kjifsJTQXig/uykKHyOJ5gssLc6h5k3ChuHIS\nUCva/+N9FPOC97ylKGUAAAADAQABAAACAEdH1Bq0tbFJwXMfcnsIOD1VpV638KqE\no/N2kaTDshRoLRAJl43Ohu2xL1na7puOM3uVX7VwFRmn4Iop73JJ+TOkQEw6qFzc\naRBOKwYe1Cl/ZsK+ivI3yDKufpSayDlXTczb0gCQcOh5ujqu/5ojlUicTrlZAZ0j\ndN6hId7p3yXHxUmFm1ZHxXl53sUuEInrrWElZfdIZm5IAowM5La1JlDZeZZ4ICNt\nN4LV0H/iaI48uTWA6Nu0b58weIjFtyFytnmJahK/bBdFfmiTMyhXlPppH2B+Ek9E\nDRvDXH53h69R9D6tlmEdOSZRfy1IAAtvGsbO237B7ZHa4xtO25S1AJrkHvKbNYkV\nqg1kjsJt29UkZYtHr/4SfGFp54L6XLO8hPvRXdEB7oIfTgDJKfIWKaHy3kbfoMRa\nfLIeCikIKXyMUMAjacfvszQ0AsxYUn37MXCj0jn7uxp2UEJw5VfzjgH8M9r/IxwQ\nRlGP9GvQYuRbezjLbNF1PWmCLQEmrud6eZQtrcXkNpO1qUJZiFLpGOpOWtxfJl0L\nEpbsuzDUjVxYyxDfqzQFAmbMtsdo0wCWW7SLwfV1siKdgm0HL6FXZhVT9r+KLCq0\nAf/eHYgdp8pEo/jSji62g0hYk45l7EYcMd19fXl+ORjDoIynlMT37bdH+P2B+S+b\nd9xtewcY+hClAAABAGx4uT7qbLE3mvkRy5tSkKtxztEKeh70nzpPcdkBPXrty3VJ\nbEPHQoQOnkNwQ/KzeQK/SC8LkINP1Lb6wBGWuuVfMm2JqI0mmsddbVyknFlpkDmI\nu5BfG9pBNUTtjnlAR8SFA7lQSyAGjP5TVtPJzSy6SNxOgBpCJFrhL1jPqs15n5lF\no0cK5VHDMEWaX+WXA5rCN9qw66onvouyZ0jbgy+ofhKzuSRBuBRKMZrq3Pc0bqSR\nfavWlFnpLZsqbmb6+NqdQeDEpw4nTFNIDmP1liXg6hz1P82SaAacaCgIE7NxWND0\noGrbMHd6XNA7vUbTMFI69tPKvjSjaoUVLPtpTpEAAAEBAMSaq8DoBQSMJcrbxHzn\n24Uffte6NbrqSFJLaBwo1JCTZm9kfwddwrKh3rdHzvdvRk0327sfNp0M12WxNzWE\n37hQpU3j/gSgfG2E52+ItCebBCwCtJaiL/da+IPf/859pYkuN1SDjTbi5oMOLxgg\nJXaOMo+gl1OPnKFw817bW9uXly6C/Q6rqJ0IBtodvVBOWBbkU0HfgOFS9LcDBlBN\n07pkdEYE2P7PQtVV3erRa1MFDOT9gjXcRvmeAgLUZRa+Ux8Ni1gDThX8vu9f/Q8e\nH+opnvvwJcBUNZAvuGzH+wM8SU6N0WVFU7vz2q6YG1qHhJyO9LPC9RTiCXZVtMaB\n1FsAAAEBAPzp1TMIxSs67XaGVz7byHzvA8yjrQn09VrcLLRFjerhOC8LJmzg2Bnb\n+piCWmgq/qV2WcvniM9esrd6KbCghM9iVghwDfKvPFryR9DVA8l9FcHDEYf/kx5H\nwFs1cKMvSZTapUItQYt0gVYIeR6tULSXB5WDFacaKZERGc0eJcSQdHhjfCBFLQAz\ns4ixccxLfTDWfMOPCRGl3QB2ovDFC3m4vzrNgRYXMN5zzdWII56LacesBSnw7ebQ\nJFnBKfl8rxXnkhT7orWbzmx2PmAEnR2L9B4p8BgPuu9An8/JdD4uhVhh0icpZstM\nAX/PbqX1xALPsPkf09WP1npcp0Kikj8AAAAAAQID\n-----END OPENSSH PRIVATE KEY-----\n",
            "private_key_pem": "-----BEGIN RSA PRIVATE KEY-----\nMIIJKAIBAAKCAgEAwjvVlBlsFxztf9V7w3FcrEiJOhk4R6ttaUkrFzUnm4tQdev2\nq166rXpX2IN67uzG+kAtE1aH/E5n+LQHfuyRtoH2kxF+laRq9YHnSZ+RY/mS4PcW\nb2MXAbiXhOJYBxAIDHMSQjXwPDsU+9nrK8qlWMGhIvZ72w4lYf/xA3/ITn+9bLIl\n3s1n/rc6sRrETCDnaQ3scYiHNTxOrnMysX+qOvHLe07pKeuH5KM64+uGiXiJtxF4\ngf+3UYYUg3/NU08uJQTRTmjJ97F2/ZRixZqebQnoR+02DddSiujqcahLbspA6gSs\nYI7+tQp1LY7z+hKmjqBYXN+y5GekBCaa0t1jjzvTnjcNhW2e+s1HkpSxVTklnXev\nmP1VN+5/ZLkYlYXXVgp1a1su7TP5cBjXnkyp8v5/b7eqc/h23weDAwAqZyg0NJJv\nNBP0vwBg9q36DQbly7VeSlbt3nng2U40j5DvyM/HIwUtUC8o24UQcEGaaPaXXb7j\ndXtRAAsWgemRJ2D2nGG+0dkfbumNAZI25Mnv+BQWKuO629aiMqqFzSSn+P7oq1TB\nktPLh/hEYHY36rsnsXSwx5t9NY3aq/C5dMiXBgSXfA+ns17PgY5DDzMPR794fkxn\n3T9kjifsJTQXig/uykKHyOJ5gssLc6h5k3ChuHISUCva/+N9FPOC97ylKGUCAwEA\nAQKCAgBHR9QatLWxScFzH3J7CDg9VaVet/CqhKPzdpGkw7IUaC0QCZeNzobtsS9Z\n2u6bjjN7lV+1cBUZp+CKKe9ySfkzpEBMOqhc3GkQTisGHtQpf2bCvoryN8gyrn6U\nmsg5V03M29IAkHDoebo6rv+aI5VInE65WQGdI3TeoSHe6d8lx8VJhZtWR8V5ed7F\nLhCJ661hJWX3SGZuSAKMDOS2tSZQ2XmWeCAjbTeC1dB/4miOPLk1gOjbtG+fMHiI\nxbchcrZ5iWoSv2wXRX5okzMoV5T6aR9gfhJPRA0bw1x+d4evUfQ+rZZhHTkmUX8t\nSAALbxrGztt+we2R2uMbTtuUtQCa5B7ymzWJFaoNZI7CbdvVJGWLR6/+EnxhaeeC\n+lyzvIT70V3RAe6CH04AySnyFimh8t5G36DEWnyyHgopCCl8jFDAI2nH77M0NALM\nWFJ9+zFwo9I5+7sadlBCcOVX844B/DPa/yMcEEZRj/Rr0GLkW3s4y2zRdT1pgi0B\nJq7nenmULa3F5DaTtalCWYhS6RjqTlrcXyZdCxKW7Lsw1I1cWMsQ36s0BQJmzLbH\naNMAllu0i8H1dbIinYJtBy+hV2YVU/a/iiwqtAH/3h2IHafKRKP40o4utoNIWJOO\nZexGHDHdfX15fjkYw6CMp5TE9+23R/j9gfkvm3fcbXsHGPoQpQKCAQEAxJqrwOgF\nBIwlytvEfOfbhR9+17o1uupIUktoHCjUkJNmb2R/B13CsqHet0fO929GTTfbux82\nnQzXZbE3NYTfuFClTeP+BKB8bYTnb4i0J5sELAK0lqIv91r4g9//zn2liS43VION\nNuLmgw4vGCAldo4yj6CXU4+coXDzXttb25eXLoL9DquonQgG2h29UE5YFuRTQd+A\n4VL0twMGUE3TumR0RgTY/s9C1VXd6tFrUwUM5P2CNdxG+Z4CAtRlFr5THw2LWANO\nFfy+71/9Dx4f6ime+/AlwFQ1kC+4bMf7AzxJTo3RZUVTu/ParpgbWoeEnI70s8L1\nFOIJdlW0xoHUWwKCAQEA/OnVMwjFKzrtdoZXPtvIfO8DzKOtCfT1WtwstEWN6uE4\nLwsmbODYGdv6mIJaaCr+pXZZy+eIz16yt3opsKCEz2JWCHAN8q88WvJH0NUDyX0V\nwcMRh/+THkfAWzVwoy9JlNqlQi1Bi3SBVgh5Hq1QtJcHlYMVpxopkREZzR4lxJB0\neGN8IEUtADOziLFxzEt9MNZ8w48JEaXdAHai8MULebi/Os2BFhcw3nPN1Ygjnotp\nx6wFKfDt5tAkWcEp+XyvFeeSFPuitZvObHY+YASdHYv0HinwGA+670Cfz8l0Pi6F\nWGHSJylmy0wBf89upfXEAs+w+R/T1Y/WelynQqKSPwKCAQEAnp6XkeTgH4Ie/6L9\nzTSXVLlLciuHLA3XWaYDEi0TCq4RyC+RmVTZP5v/f2nNHq7FTomRm1AclOsGYcJv\n45sXkLJoHAalLAB7QzUmMENf7lBQNl3ca2fhQTVBKcywq12OD7ac52/Xn//CsNvh\nvRo6f4NMYbrUPJOycEIb6F0cqHeOfvUpzAtM15zhQlsaIU+EHLwMPCph5ekzDPDA\nyEtyVoCzmsZQeIypxEsp50kcyPdbJuktg9z72mrT/op0ILxffb9EvDa2amDnf2O3\nXNoWL6ty3JstKhYGvRTzO7jA2SRrlJgw5/7eBtdAiPqpnwmVQWbJILtbVoTj03hk\niH+43wKCAQAAlipAbAzJBOH4HGenZasZXxSLLPYBx+epxkj0QhUKLmuK8GOubPcT\nWEdEg0jiZPciOxwKNQdEM9wGQOpH1pd4Q6ofauMdZPqm21j/Sv8vQHMEeAdaYWVd\n9JylmYIhXsK07azkcmZshGCoamydfZlqUc9asWsjcBQYmgmNSDyeMBeVD+YBzSdF\nkNkhwAebibFIo7a2XWaP++p/Tcci99IG/j6zTDa4bmVWnr4jeKVcgMZGCEgayMxE\ndMcgziniwj9FtbvJAKxn72yTI9MRNfGHWAPA7if4ZlDwrR2xxa3XVxRIGDH8lUP/\nxLVcLob7K47A0up+KWy8WhENR5m7tdTRAoIBAGx4uT7qbLE3mvkRy5tSkKtxztEK\neh70nzpPcdkBPXrty3VJbEPHQoQOnkNwQ/KzeQK/SC8LkINP1Lb6wBGWuuVfMm2J\nqI0mmsddbVyknFlpkDmIu5BfG9pBNUTtjnlAR8SFA7lQSyAGjP5TVtPJzSy6SNxO\ngBpCJFrhL1jPqs15n5lFo0cK5VHDMEWaX+WXA5rCN9qw66onvouyZ0jbgy+ofhKz\nuSRBuBRKMZrq3Pc0bqSRfavWlFnpLZsqbmb6+NqdQeDEpw4nTFNIDmP1liXg6hz1\nP82SaAacaCgIE7NxWND0oGrbMHd6XNA7vUbTMFI69tPKvjSjaoUVLPtpTpE=\n-----END RSA PRIVATE KEY-----\n",
            "private_key_pem_pkcs8": "-----BEGIN PRIVATE KEY-----\nMIIJQgIBADANBgkqhkiG9w0BAQEFAASCCSwwggkoAgEAAoICAQDCO9WUGWwXHO1/\n1XvDcVysSIk6GThHq21pSSsXNSebi1B16/arXrqtelfYg3ru7Mb6QC0TVof8Tmf4\ntAd+7JG2gfaTEX6VpGr1gedJn5Fj+ZLg9xZvYxcBuJeE4lgHEAgMcxJCNfA8OxT7\n2esryqVYwaEi9nvbDiVh//EDf8hOf71ssiXezWf+tzqxGsRMIOdpDexxiIc1PE6u\nczKxf6o68ct7Tukp64fkozrj64aJeIm3EXiB/7dRhhSDf81TTy4lBNFOaMn3sXb9\nlGLFmp5tCehH7TYN11KK6OpxqEtuykDqBKxgjv61CnUtjvP6EqaOoFhc37LkZ6QE\nJprS3WOPO9OeNw2FbZ76zUeSlLFVOSWdd6+Y/VU37n9kuRiVhddWCnVrWy7tM/lw\nGNeeTKny/n9vt6pz+HbfB4MDACpnKDQ0km80E/S/AGD2rfoNBuXLtV5KVu3eeeDZ\nTjSPkO/Iz8cjBS1QLyjbhRBwQZpo9pddvuN1e1EACxaB6ZEnYPacYb7R2R9u6Y0B\nkjbkye/4FBYq47rb1qIyqoXNJKf4/uirVMGS08uH+ERgdjfquyexdLDHm301jdqr\n8Ll0yJcGBJd8D6ezXs+BjkMPMw9Hv3h+TGfdP2SOJ+wlNBeKD+7KQofI4nmCywtz\nqHmTcKG4chJQK9r/430U84L3vKUoZQIDAQABAoICAEdH1Bq0tbFJwXMfcnsIOD1V\npV638KqEo/N2kaTDshRoLRAJl43Ohu2xL1na7puOM3uVX7VwFRmn4Iop73JJ+TOk\nQEw6qFzcaRBOKwYe1Cl/ZsK+ivI3yDKufpSayDlXTczb0gCQcOh5ujqu/5ojlUic\nTrlZAZ0jdN6hId7p3yXHxUmFm1ZHxXl53sUuEInrrWElZfdIZm5IAowM5La1JlDZ\neZZ4ICNtN4LV0H/iaI48uTWA6Nu0b58weIjFtyFytnmJahK/bBdFfmiTMyhXlPpp\nH2B+Ek9EDRvDXH53h69R9D6tlmEdOSZRfy1IAAtvGsbO237B7ZHa4xtO25S1AJrk\nHvKbNYkVqg1kjsJt29UkZYtHr/4SfGFp54L6XLO8hPvRXdEB7oIfTgDJKfIWKaHy\n3kbfoMRafLIeCikIKXyMUMAjacfvszQ0AsxYUn37MXCj0jn7uxp2UEJw5VfzjgH8\nM9r/IxwQRlGP9GvQYuRbezjLbNF1PWmCLQEmrud6eZQtrcXkNpO1qUJZiFLpGOpO\nWtxfJl0LEpbsuzDUjVxYyxDfqzQFAmbMtsdo0wCWW7SLwfV1siKdgm0HL6FXZhVT\n9r+KLCq0Af/eHYgdp8pEo/jSji62g0hYk45l7EYcMd19fXl+ORjDoIynlMT37bdH\n+P2B+S+bd9xtewcY+hClAoIBAQDEmqvA6AUEjCXK28R859uFH37XujW66khSS2gc\nKNSQk2ZvZH8HXcKyod63R873b0ZNN9u7HzadDNdlsTc1hN+4UKVN4/4EoHxthOdv\niLQnmwQsArSWoi/3WviD3//OfaWJLjdUg4024uaDDi8YICV2jjKPoJdTj5yhcPNe\n21vbl5cugv0Oq6idCAbaHb1QTlgW5FNB34DhUvS3AwZQTdO6ZHRGBNj+z0LVVd3q\n0WtTBQzk/YI13Eb5ngIC1GUWvlMfDYtYA04V/L7vX/0PHh/qKZ778CXAVDWQL7hs\nx/sDPElOjdFlRVO789qumBtah4ScjvSzwvUU4gl2VbTGgdRbAoIBAQD86dUzCMUr\nOu12hlc+28h87wPMo60J9PVa3Cy0RY3q4TgvCyZs4NgZ2/qYglpoKv6ldlnL54jP\nXrK3eimwoITPYlYIcA3yrzxa8kfQ1QPJfRXBwxGH/5MeR8BbNXCjL0mU2qVCLUGL\ndIFWCHkerVC0lweVgxWnGimRERnNHiXEkHR4Y3wgRS0AM7OIsXHMS30w1nzDjwkR\npd0AdqLwxQt5uL86zYEWFzDec83ViCOei2nHrAUp8O3m0CRZwSn5fK8V55IU+6K1\nm85sdj5gBJ0di/QeKfAYD7rvQJ/PyXQ+LoVYYdInKWbLTAF/z26l9cQCz7D5H9PV\nj9Z6XKdCopI/AoIBAQCenpeR5OAfgh7/ov3NNJdUuUtyK4csDddZpgMSLRMKrhHI\nL5GZVNk/m/9/ac0ersVOiZGbUByU6wZhwm/jmxeQsmgcBqUsAHtDNSYwQ1/uUFA2\nXdxrZ+FBNUEpzLCrXY4Ptpznb9ef/8Kw2+G9Gjp/g0xhutQ8k7JwQhvoXRyod45+\n9SnMC0zXnOFCWxohT4QcvAw8KmHl6TMM8MDIS3JWgLOaxlB4jKnESynnSRzI91sm\n6S2D3PvaatP+inQgvF99v0S8NrZqYOd/Y7dc2hYvq3Lcmy0qFga9FPM7uMDZJGuU\nmDDn/t4G10CI+qmfCZVBZskgu1tWhOPTeGSIf7jfAoIBAACWKkBsDMkE4fgcZ6dl\nqxlfFIss9gHH56nGSPRCFQoua4rwY65s9xNYR0SDSOJk9yI7HAo1B0Qz3AZA6kfW\nl3hDqh9q4x1k+qbbWP9K/y9AcwR4B1phZV30nKWZgiFewrTtrORyZmyEYKhqbJ19\nmWpRz1qxayNwFBiaCY1IPJ4wF5UP5gHNJ0WQ2SHAB5uJsUijtrZdZo/76n9NxyL3\n0gb+PrNMNrhuZVaeviN4pVyAxkYISBrIzER0xyDOKeLCP0W1u8kArGfvbJMj0xE1\n8YdYA8DuJ/hmUPCtHbHFrddXFEgYMfyVQ//EtVwuhvsrjsDS6n4pbLxaEQ1Hmbu1\n1NECggEAbHi5PupssTea+RHLm1KQq3HO0Qp6HvSfOk9x2QE9eu3LdUlsQ8dChA6e\nQ3BD8rN5Ar9ILwuQg0/UtvrAEZa65V8ybYmojSaax11tXKScWWmQOYi7kF8b2kE1\nRO2OeUBHxIUDuVBLIAaM/lNW08nNLLpI3E6AGkIkWuEvWM+qzXmfmUWjRwrlUcMw\nRZpf5ZcDmsI32rDrqie+i7JnSNuDL6h+ErO5JEG4FEoxmurc9zRupJF9q9aUWekt\nmypuZvr42p1B4MSnDidMU0gOY/WWJeDqHPU/zZJoBpxoKAgTs3FY0PSgatswd3pc\n0Du9RtMwUjr208q+NKNqhRUs+2lOkQ==\n-----END PRIVATE KEY-----\n",
            "public_key_fingerprint_md5": "76:d4:58:eb:f6:cf:5d:96:09:f5:b8:65:f6:34:ed:24",
            "public_key_fingerprint_sha256": "SHA256:dhXJJ/23di03c2/c+fPqZbVqwmu+Gots+WaFpewMyr8",
            "public_key_openssh": "ssh-rsa AAAAB3NzaC1yc2EAAAADAQABAAACAQDCO9WUGWwXHO1/1XvDcVysSIk6GThHq21pSSsXNSebi1B16/arXrqtelfYg3ru7Mb6QC0TVof8Tmf4tAd+7JG2gfaTEX6VpGr1gedJn5Fj+ZLg9xZvYxcBuJeE4lgHEAgMcxJCNfA8OxT72esryqVYwaEi9nvbDiVh//EDf8hOf71ssiXezWf+tzqxGsRMIOdpDexxiIc1PE6uczKxf6o68ct7Tukp64fkozrj64aJeIm3EXiB/7dRhhSDf81TTy4lBNFOaMn3sXb9lGLFmp5tCehH7TYN11KK6OpxqEtuykDqBKxgjv61CnUtjvP6EqaOoFhc37LkZ6QEJprS3WOPO9OeNw2FbZ76zUeSlLFVOSWdd6+Y/VU37n9kuRiVhddWCnVrWy7tM/lwGNeeTKny/n9vt6pz+HbfB4MDACpnKDQ0km80E/S/AGD2rfoNBuXLtV5KVu3eeeDZTjSPkO/Iz8cjBS1QLyjbhRBwQZpo9pddvuN1e1EACxaB6ZEnYPacYb7R2R9u6Y0Bkjbkye/4FBYq47rb1qIyqoXNJKf4/uirVMGS08uH+ERgdjfquyexdLDHm301jdqr8Ll0yJcGBJd8D6ezXs+BjkMPMw9Hv3h+TGfdP2SOJ+wlNBeKD+7KQofI4nmCywtzqHmTcKG4chJQK9r/430U84L3vKUoZQ==\n",
            "public_key_pem": "-----BEGIN PUBLIC KEY-----\nMIICIjANBgkqhkiG9w0BAQEFAAOCAg8AMIICCgKCAgEAwjvVlBlsFxztf9V7w3Fc\nrEiJOhk4R6ttaUkrFzUnm4tQdev2q166rXpX2IN67uzG+kAtE1aH/E5n+LQHfuyR\ntoH2kxF+laRq9YHnSZ+RY/mS4PcWb2MXAbiXhOJYBxAIDHMSQjXwPDsU+9nrK8ql\nWMGhIvZ72w4lYf/xA3/ITn+9bLIl3s1n/rc6sRrETCDnaQ3scYiHNTxOrnMysX+q\nOvHLe07pKeuH5KM64+uGiXiJtxF4gf+3UYYUg3/NU08uJQTRTmjJ97F2/ZRixZqe\nbQnoR+02DddSiujqcahLbspA6gSsYI7+tQp1LY7z+hKmjqBYXN+y5GekBCaa0t1j\njzvTnjcNhW2e+s1HkpSxVTklnXevmP1VN+5/ZLkYlYXXVgp1a1su7TP5cBjXnkyp\n8v5/b7eqc/h23weDAwAqZyg0NJJvNBP0vwBg9q36DQbly7VeSlbt3nng2U40j5Dv\nyM/HIwUtUC8o24UQcEGaaPaXXb7jdXtRAAsWgemRJ2D2nGG+0dkfbumNAZI25Mnv\n+BQWKuO629aiMqqFzSSn+P7oq1TBktPLh/hEYHY36rsnsXSwx5t9NY3aq/C5dMiX\nBgSXfA+ns17PgY5DDzMPR794fkxn3T9kjifsJTQXig/uykKHyOJ5gssLc6h5k3Ch\nuHISUCva/+N9FPOC97ylKGUCAwEAAQ==\n-----END PUBLIC KEY-----\n",
            "rsa_bits": 4096
          },
          "sensitive_attributes": []
        }
      ]
    },
    {
      "module": "module.aws-sg-mod",
      "mode": "managed",
      "type": "aws_security_group",
      "name": "remotesg",
      "provider": "provider[\"registry.terraform.io/hashicorp/aws\"]",
      "instances": [
        {
          "schema_version": 1,
          "attributes": {
            "arn": "arn:aws:ec2:us-west-2:988940651769:security-group/sg-076c0c501574b9030",
            "description": "Used in the terraform",
            "egress": [
              {
                "cidr_blocks": [
                  "0.0.0.0/0"
                ],
                "description": "",
                "from_port": 0,
                "ipv6_cidr_blocks": [],
                "prefix_list_ids": [],
                "protocol": "-1",
                "security_groups": [],
                "self": false,
                "to_port": 0
              }
            ],
            "id": "sg-076c0c501574b9030",
            "ingress": [
              {
                "cidr_blocks": [
                  "0.0.0.0/0"
                ],
                "description": "",
                "from_port": 22,
                "ipv6_cidr_blocks": [],
                "prefix_list_ids": [],
                "protocol": "tcp",
                "security_groups": [],
                "self": false,
                "to_port": 22
              }
            ],
            "name": "tf_remotesg",
            "name_prefix": "",
            "owner_id": "988940651769",
            "revoke_rules_on_delete": false,
            "tags": {
              "Name": "tf_remotesg"
            },
            "tags_all": {
              "Name": "tf_remotesg"
            },
            "timeouts": null,
            "vpc_id": "vpc-0e307e37258853c10"
          },
          "sensitive_attributes": [],
          "private": "eyJlMmJmYjczMC1lY2FhLTExZTYtOGY4OC0zNDM2M2JjN2M0YzAiOnsiY3JlYXRlIjo2MDAwMDAwMDAwMDAsImRlbGV0ZSI6OTAwMDAwMDAwMDAwfSwic2NoZW1hX3ZlcnNpb24iOiIxIn0=",
          "dependencies": [
            "module.aws-vpc-mod.aws_vpc.vpc1"
          ]
        }
      ]
    },
    {
      "module": "module.aws-sg-mod",
      "mode": "managed",
      "type": "aws_security_group",
      "name": "web",
      "provider": "provider[\"registry.terraform.io/hashicorp/aws\"]",
      "instances": [
        {
          "schema_version": 1,
          "attributes": {
            "arn": "arn:aws:ec2:us-west-2:988940651769:security-group/sg-05d2976a51190c56f",
            "description": "Used in the terraform",
            "egress": [
              {
                "cidr_blocks": [
                  "0.0.0.0/0"
                ],
                "description": "",
                "from_port": 0,
                "ipv6_cidr_blocks": [],
                "prefix_list_ids": [],
                "protocol": "-1",
                "security_groups": [],
                "self": false,
                "to_port": 0
              }
            ],
            "id": "sg-05d2976a51190c56f",
            "ingress": [
              {
                "cidr_blocks": [
                  "0.0.0.0/0"
                ],
                "description": "",
                "from_port": 80,
                "ipv6_cidr_blocks": [],
                "prefix_list_ids": [],
                "protocol": "tcp",
                "security_groups": [],
                "self": false,
                "to_port": 80
              }
            ],
            "name": "tf_websg",
            "name_prefix": "",
            "owner_id": "988940651769",
            "revoke_rules_on_delete": false,
            "tags": {
              "Name": "tf_websg"
            },
            "tags_all": {
              "Name": "tf_websg"
            },
            "timeouts": null,
            "vpc_id": "vpc-0e307e37258853c10"
          },
          "sensitive_attributes": [],
          "private": "eyJlMmJmYjczMC1lY2FhLTExZTYtOGY4OC0zNDM2M2JjN2M0YzAiOnsiY3JlYXRlIjo2MDAwMDAwMDAwMDAsImRlbGV0ZSI6OTAwMDAwMDAwMDAwfSwic2NoZW1hX3ZlcnNpb24iOiIxIn0=",
          "dependencies": [
            "module.aws-vpc-mod.aws_vpc.vpc1"
          ]
        }
      ]
    },
    {
      "module": "module.aws-vpc-mod",
      "mode": "managed",
      "type": "aws_default_route_table",
      "name": "pubroute",
      "provider": "provider[\"registry.terraform.io/hashicorp/aws\"]",
      "instances": [
        {
          "schema_version": 0,
          "attributes": {
            "arn": "arn:aws:ec2:us-west-2:988940651769:route-table/rtb-0d48c4554b2451e79",
            "default_route_table_id": "rtb-0d48c4554b2451e79",
            "id": "rtb-0d48c4554b2451e79",
            "owner_id": "988940651769",
            "propagating_vgws": null,
            "route": [
              {
                "cidr_block": "0.0.0.0/0",
                "core_network_arn": "",
                "destination_prefix_list_id": "",
                "egress_only_gateway_id": "",
                "gateway_id": "igw-02ab9602301441fb2",
                "instance_id": "",
                "ipv6_cidr_block": "",
                "nat_gateway_id": "",
                "network_interface_id": "",
                "transit_gateway_id": "",
                "vpc_endpoint_id": "",
                "vpc_peering_connection_id": ""
              }
            ],
            "tags": {
              "Name": "tfpubrt"
            },
            "tags_all": {
              "Name": "tfpubrt"
            },
            "timeouts": null,
            "vpc_id": "vpc-0e307e37258853c10"
          },
          "sensitive_attributes": [],
          "private": "eyJlMmJmYjczMC1lY2FhLTExZTYtOGY4OC0zNDM2M2JjN2M0YzAiOnsiY3JlYXRlIjoxMjAwMDAwMDAwMDAsInVwZGF0ZSI6MTIwMDAwMDAwMDAwfX0=",
          "dependencies": [
            "module.aws-vpc-mod.aws_internet_gateway.intgw",
            "module.aws-vpc-mod.aws_vpc.vpc1"
          ]
        }
      ]
    },
    {
      "module": "module.aws-vpc-mod",
      "mode": "managed",
      "type": "aws_internet_gateway",
      "name": "intgw",
      "provider": "provider[\"registry.terraform.io/hashicorp/aws\"]",
      "instances": [
        {
          "schema_version": 0,
          "attributes": {
            "arn": "arn:aws:ec2:us-west-2:988940651769:internet-gateway/igw-02ab9602301441fb2",
            "id": "igw-02ab9602301441fb2",
            "owner_id": "988940651769",
            "tags": {
              "Name": "tfintgw"
            },
            "tags_all": {
              "Name": "tfintgw"
            },
            "vpc_id": "vpc-0e307e37258853c10"
          },
          "sensitive_attributes": [],
          "private": "bnVsbA==",
          "dependencies": [
            "module.aws-vpc-mod.aws_vpc.vpc1"
          ]
        }
      ]
    },
    {
      "module": "module.aws-vpc-mod",
      "mode": "managed",
      "type": "aws_route_table_association",
      "name": "rta-subnet1",
      "provider": "provider[\"registry.terraform.io/hashicorp/aws\"]",
      "instances": [
        {
          "schema_version": 0,
          "attributes": {
            "gateway_id": "",
            "id": "rtbassoc-0045d06fd27ed18ec",
            "route_table_id": "rtb-0d48c4554b2451e79",
            "subnet_id": "subnet-0d627862517e1e54f"
          },
          "sensitive_attributes": [],
          "private": "bnVsbA==",
          "dependencies": [
            "module.aws-vpc-mod.aws_default_route_table.pubroute",
            "module.aws-vpc-mod.aws_internet_gateway.intgw",
            "module.aws-vpc-mod.aws_subnet.sub0",
            "module.aws-vpc-mod.aws_vpc.vpc1"
          ]
        }
      ]
    },
    {
      "module": "module.aws-vpc-mod",
      "mode": "managed",
      "type": "aws_route_table_association",
      "name": "rta-subnet2",
      "provider": "provider[\"registry.terraform.io/hashicorp/aws\"]",
      "instances": [
        {
          "schema_version": 0,
          "attributes": {
            "gateway_id": "",
            "id": "rtbassoc-093e89bac4f19b9b1",
            "route_table_id": "rtb-0d48c4554b2451e79",
            "subnet_id": "subnet-0980a13909f94d121"
          },
          "sensitive_attributes": [],
          "private": "bnVsbA==",
          "dependencies": [
            "module.aws-vpc-mod.aws_default_route_table.pubroute",
            "module.aws-vpc-mod.aws_internet_gateway.intgw",
            "module.aws-vpc-mod.aws_subnet.sub1",
            "module.aws-vpc-mod.aws_vpc.vpc1"
          ]
        }
      ]
    },
    {
      "module": "module.aws-vpc-mod",
      "mode": "managed",
      "type": "aws_subnet",
      "name": "sub0",
      "provider": "provider[\"registry.terraform.io/hashicorp/aws\"]",
      "instances": [
        {
          "schema_version": 1,
          "attributes": {
            "arn": "arn:aws:ec2:us-west-2:988940651769:subnet/subnet-0d627862517e1e54f",
            "assign_ipv6_address_on_creation": false,
            "availability_zone": "us-west-2a",
            "availability_zone_id": "usw2-az2",
            "cidr_block": "11.0.0.0/24",
            "customer_owned_ipv4_pool": "",
            "enable_dns64": false,
            "enable_resource_name_dns_a_record_on_launch": false,
            "enable_resource_name_dns_aaaa_record_on_launch": false,
            "id": "subnet-0d627862517e1e54f",
            "ipv6_cidr_block": "",
            "ipv6_cidr_block_association_id": "",
            "ipv6_native": false,
            "map_customer_owned_ip_on_launch": false,
            "map_public_ip_on_launch": true,
            "outpost_arn": "",
            "owner_id": "988940651769",
            "private_dns_hostname_type_on_launch": "ip-name",
            "tags": {
              "Name": "tfsub0"
            },
            "tags_all": {
              "Name": "tfsub0"
            },
            "timeouts": null,
            "vpc_id": "vpc-0e307e37258853c10"
          },
          "sensitive_attributes": [],
          "private": "eyJlMmJmYjczMC1lY2FhLTExZTYtOGY4OC0zNDM2M2JjN2M0YzAiOnsiY3JlYXRlIjo2MDAwMDAwMDAwMDAsImRlbGV0ZSI6MTIwMDAwMDAwMDAwMH0sInNjaGVtYV92ZXJzaW9uIjoiMSJ9",
          "dependencies": [
            "module.aws-vpc-mod.aws_vpc.vpc1"
          ]
        }
      ]
    },
    {
      "module": "module.aws-vpc-mod",
      "mode": "managed",
      "type": "aws_subnet",
      "name": "sub1",
      "provider": "provider[\"registry.terraform.io/hashicorp/aws\"]",
      "instances": [
        {
          "schema_version": 1,
          "attributes": {
            "arn": "arn:aws:ec2:us-west-2:988940651769:subnet/subnet-0980a13909f94d121",
            "assign_ipv6_address_on_creation": false,
            "availability_zone": "us-west-2b",
            "availability_zone_id": "usw2-az1",
            "cidr_block": "11.0.1.0/24",
            "customer_owned_ipv4_pool": "",
            "enable_dns64": false,
            "enable_resource_name_dns_a_record_on_launch": false,
            "enable_resource_name_dns_aaaa_record_on_launch": false,
            "id": "subnet-0980a13909f94d121",
            "ipv6_cidr_block": "",
            "ipv6_cidr_block_association_id": "",
            "ipv6_native": false,
            "map_customer_owned_ip_on_launch": false,
            "map_public_ip_on_launch": true,
            "outpost_arn": "",
            "owner_id": "988940651769",
            "private_dns_hostname_type_on_launch": "ip-name",
            "tags": {
              "Name": "tfsub1"
            },
            "tags_all": {
              "Name": "tfsub1"
            },
            "timeouts": null,
            "vpc_id": "vpc-0e307e37258853c10"
          },
          "sensitive_attributes": [],
          "private": "eyJlMmJmYjczMC1lY2FhLTExZTYtOGY4OC0zNDM2M2JjN2M0YzAiOnsiY3JlYXRlIjo2MDAwMDAwMDAwMDAsImRlbGV0ZSI6MTIwMDAwMDAwMDAwMH0sInNjaGVtYV92ZXJzaW9uIjoiMSJ9",
          "dependencies": [
            "module.aws-vpc-mod.aws_vpc.vpc1"
          ]
        }
      ]
    },
    {
      "module": "module.aws-vpc-mod",
      "mode": "managed",
      "type": "aws_vpc",
      "name": "vpc1",
      "provider": "provider[\"registry.terraform.io/hashicorp/aws\"]",
      "instances": [
        {
          "schema_version": 1,
          "attributes": {
            "arn": "arn:aws:ec2:us-west-2:988940651769:vpc/vpc-0e307e37258853c10",
            "assign_generated_ipv6_cidr_block": false,
            "cidr_block": "11.0.0.0/16",
            "default_network_acl_id": "acl-0304107d8168b905c",
            "default_route_table_id": "rtb-0d48c4554b2451e79",
            "default_security_group_id": "sg-070ed6590201b3edc",
            "dhcp_options_id": "dopt-01ff4d1ca34167ea2",
            "enable_classiclink": false,
            "enable_classiclink_dns_support": false,
            "enable_dns_hostnames": true,
            "enable_dns_support": true,
            "id": "vpc-0e307e37258853c10",
            "instance_tenancy": "default",
            "ipv4_ipam_pool_id": null,
            "ipv4_netmask_length": null,
            "ipv6_association_id": "",
            "ipv6_cidr_block": "",
            "ipv6_cidr_block_network_border_group": "",
            "ipv6_ipam_pool_id": "",
            "ipv6_netmask_length": 0,
            "main_route_table_id": "rtb-0d48c4554b2451e79",
            "owner_id": "988940651769",
            "tags": {
              "Name": "tfvpc"
            },
            "tags_all": {
              "Name": "tfvpc"
            }
          },
          "sensitive_attributes": [],
          "private": "eyJzY2hlbWFfdmVyc2lvbiI6IjEifQ=="
        }
      ]
    }
  ]
}
