{
  "version": 4,
  "terraform_version": "1.1.8",
  "serial": 2633,
  "lineage": "7fa955ee-a396-6b3c-d4b3-c70164029704",
  "outputs": {
    "aws_instance_public_dns": {
      "value": [
        "ec2-54-202-19-0.us-west-2.compute.amazonaws.com",
        "ec2-34-219-16-30.us-west-2.compute.amazonaws.com",
        "ec2-34-210-104-83.us-west-2.compute.amazonaws.com",
        "ec2-34-223-44-109.us-west-2.compute.amazonaws.com"
      ],
      "type": [
        "tuple",
        [
          "string",
          "string",
          "string",
          "string"
        ]
      ]
    },
    "aws_instance_public_ip": {
      "value": [
        "54.202.19.0",
        "34.219.16.30",
        "34.210.104.83",
        "34.223.44.109"
      ],
      "type": [
        "tuple",
        [
          "string",
          "string",
          "string",
          "string"
        ]
      ]
    }
  },
  "resources": [
    {
      "mode": "data",
      "type": "aws_availability_zones",
      "name": "azs",
      "provider": "provider[\"registry.terraform.io/hashicorp/aws\"]",
      "instances": [
        {
          "schema_version": 0,
          "attributes": {
            "all_availability_zones": null,
            "exclude_names": null,
            "exclude_zone_ids": null,
            "filter": null,
            "group_names": [
              "us-west-2"
            ],
            "id": "us-west-2",
            "names": [
              "us-west-2a",
              "us-west-2b",
              "us-west-2c",
              "us-west-2d"
            ],
            "state": "available",
            "zone_ids": [
              "usw2-az2",
              "usw2-az1",
              "usw2-az3",
              "usw2-az4"
            ]
          },
          "sensitive_attributes": []
        }
      ]
    },
    {
      "mode": "managed",
      "type": "aws_default_route_table",
      "name": "pubroute",
      "provider": "provider[\"registry.terraform.io/hashicorp/aws\"]",
      "instances": [
        {
          "schema_version": 0,
          "attributes": {
            "arn": "arn:aws:ec2:us-west-2:988940651769:route-table/rtb-02ed1e63267e908f0",
            "default_route_table_id": "rtb-02ed1e63267e908f0",
            "id": "rtb-02ed1e63267e908f0",
            "owner_id": "988940651769",
            "propagating_vgws": null,
            "route": [
              {
                "cidr_block": "0.0.0.0/0",
                "core_network_arn": "",
                "destination_prefix_list_id": "",
                "egress_only_gateway_id": "",
                "gateway_id": "igw-060fbe7077714cf06",
                "instance_id": "",
                "ipv6_cidr_block": "",
                "nat_gateway_id": "",
                "network_interface_id": "",
                "transit_gateway_id": "",
                "vpc_endpoint_id": "",
                "vpc_peering_connection_id": ""
              }
            ],
            "tags": {
              "Name": "tfpubrt"
            },
            "tags_all": {
              "Name": "tfpubrt"
            },
            "timeouts": null,
            "vpc_id": "vpc-0661bfd78124fe2e5"
          },
          "sensitive_attributes": [],
          "private": "eyJlMmJmYjczMC1lY2FhLTExZTYtOGY4OC0zNDM2M2JjN2M0YzAiOnsiY3JlYXRlIjoxMjAwMDAwMDAwMDAsInVwZGF0ZSI6MTIwMDAwMDAwMDAwfX0=",
          "dependencies": [
            "aws_internet_gateway.intgw",
            "aws_vpc.vpc1"
          ]
        }
      ]
    },
    {
      "mode": "managed",
      "type": "aws_ebs_volume",
      "name": "ebsvol",
      "provider": "provider[\"registry.terraform.io/hashicorp/aws\"]",
      "instances": [
        {
          "index_key": 0,
          "schema_version": 0,
          "attributes": {
            "arn": "arn:aws:ec2:us-west-2:988940651769:volume/vol-02b9a8a96466547ac",
            "availability_zone": "us-west-2a",
            "encrypted": false,
            "final_snapshot": false,
            "id": "vol-02b9a8a96466547ac",
            "iops": 100,
            "kms_key_id": "",
            "multi_attach_enabled": false,
            "outpost_arn": "",
            "size": 20,
            "snapshot_id": "",
            "tags": {
              "Name": "webebs-0"
            },
            "tags_all": {
              "Name": "webebs-0"
            },
            "throughput": 0,
            "timeouts": null,
            "type": "gp2"
          },
          "sensitive_attributes": [],
          "private": "eyJlMmJmYjczMC1lY2FhLTExZTYtOGY4OC0zNDM2M2JjN2M0YzAiOnsiY3JlYXRlIjozMDAwMDAwMDAwMDAsImRlbGV0ZSI6MzAwMDAwMDAwMDAwLCJ1cGRhdGUiOjMwMDAwMDAwMDAwMH19"
        }
      ]
    },
    {
      "mode": "managed",
      "type": "aws_instance",
      "name": "awsec2",
      "provider": "provider[\"registry.terraform.io/hashicorp/aws\"]",
      "instances": [
        {
          "index_key": 0,
          "schema_version": 1,
          "attributes": {
            "ami": "ami-08970fb2e5767e3b8",
            "arn": "arn:aws:ec2:us-west-2:988940651769:instance/i-074a8d11c386918ee",
            "associate_public_ip_address": true,
            "availability_zone": "us-west-2a",
            "capacity_reservation_specification": [
              {
                "capacity_reservation_preference": "open",
                "capacity_reservation_target": []
              }
            ],
            "cpu_core_count": 1,
            "cpu_threads_per_core": 2,
            "credit_specification": [
              {
                "cpu_credits": "unlimited"
              }
            ],
            "disable_api_stop": false,
            "disable_api_termination": false,
            "ebs_block_device": [],
            "ebs_optimized": false,
            "enclave_options": [
              {
                "enabled": false
              }
            ],
            "ephemeral_block_device": [],
            "get_password_data": false,
            "hibernation": false,
            "host_id": null,
            "iam_instance_profile": "",
            "id": "i-074a8d11c386918ee",
            "instance_initiated_shutdown_behavior": "stop",
            "instance_state": "running",
            "instance_type": "t3.micro",
            "ipv6_address_count": 0,
            "ipv6_addresses": [],
            "key_name": "tfAWS-keypair",
            "launch_template": [],
            "maintenance_options": [
              {
                "auto_recovery": "default"
              }
            ],
            "metadata_options": [
              {
                "http_endpoint": "enabled",
                "http_put_response_hop_limit": 1,
                "http_tokens": "optional",
                "instance_metadata_tags": "disabled"
              }
            ],
            "monitoring": false,
            "network_interface": [],
            "outpost_arn": "",
            "password_data": "",
            "placement_group": "",
            "placement_partition_number": null,
            "primary_network_interface_id": "eni-0b9c5559292894ff6",
            "private_dns": "ip-11-0-0-71.us-west-2.compute.internal",
            "private_dns_name_options": [
              {
                "enable_resource_name_dns_a_record": false,
                "enable_resource_name_dns_aaaa_record": false,
                "hostname_type": "ip-name"
              }
            ],
            "private_ip": "11.0.0.71",
            "public_dns": "ec2-54-202-19-0.us-west-2.compute.amazonaws.com",
            "public_ip": "54.202.19.0",
            "root_block_device": [
              {
                "delete_on_termination": true,
                "device_name": "/dev/sda1",
                "encrypted": false,
                "iops": 100,
                "kms_key_id": "",
                "tags": null,
                "throughput": 0,
                "volume_id": "vol-09ded6230acf10a09",
                "volume_size": 20,
                "volume_type": "gp2"
              }
            ],
            "secondary_private_ips": [],
            "security_groups": [],
            "source_dest_check": true,
            "subnet_id": "subnet-02d0bc9f4d86e3f74",
            "tags": {
              "Name": "Web-0"
            },
            "tags_all": {
              "Name": "Web-0"
            },
            "tenancy": "default",
            "timeouts": null,
            "user_data": null,
            "user_data_base64": null,
            "user_data_replace_on_change": false,
            "volume_tags": null,
            "vpc_security_group_ids": [
              "sg-0a1dc70fab3c5dd8b",
              "sg-0b1dcfd2c623dacb9"
            ]
          },
          "sensitive_attributes": [],
          "private": "eyJlMmJmYjczMC1lY2FhLTExZTYtOGY4OC0zNDM2M2JjN2M0YzAiOnsiY3JlYXRlIjo2MDAwMDAwMDAwMDAsImRlbGV0ZSI6MTIwMDAwMDAwMDAwMCwidXBkYXRlIjo2MDAwMDAwMDAwMDB9LCJzY2hlbWFfdmVyc2lvbiI6IjEifQ==",
          "dependencies": [
            "aws_key_pair.publickey",
            "aws_security_group.remotesg",
            "aws_security_group.web",
            "aws_subnet.pubsub",
            "aws_vpc.vpc1",
            "tls_private_key.keypair"
          ]
        },
        {
          "index_key": 1,
          "schema_version": 1,
          "attributes": {
            "ami": "ami-08970fb2e5767e3b8",
            "arn": "arn:aws:ec2:us-west-2:988940651769:instance/i-02d5962dab76ad0fc",
            "associate_public_ip_address": true,
            "availability_zone": "us-west-2b",
            "capacity_reservation_specification": [
              {
                "capacity_reservation_preference": "open",
                "capacity_reservation_target": []
              }
            ],
            "cpu_core_count": 1,
            "cpu_threads_per_core": 2,
            "credit_specification": [
              {
                "cpu_credits": "unlimited"
              }
            ],
            "disable_api_stop": false,
            "disable_api_termination": false,
            "ebs_block_device": [],
            "ebs_optimized": false,
            "enclave_options": [
              {
                "enabled": false
              }
            ],
            "ephemeral_block_device": [],
            "get_password_data": false,
            "hibernation": false,
            "host_id": null,
            "iam_instance_profile": "",
            "id": "i-02d5962dab76ad0fc",
            "instance_initiated_shutdown_behavior": "stop",
            "instance_state": "running",
            "instance_type": "t3.micro",
            "ipv6_address_count": 0,
            "ipv6_addresses": [],
            "key_name": "tfAWS-keypair",
            "launch_template": [],
            "maintenance_options": [
              {
                "auto_recovery": "default"
              }
            ],
            "metadata_options": [
              {
                "http_endpoint": "enabled",
                "http_put_response_hop_limit": 1,
                "http_tokens": "optional",
                "instance_metadata_tags": "disabled"
              }
            ],
            "monitoring": false,
            "network_interface": [],
            "outpost_arn": "",
            "password_data": "",
            "placement_group": "",
            "placement_partition_number": null,
            "primary_network_interface_id": "eni-06e53bd99106a80c2",
            "private_dns": "ip-11-0-1-197.us-west-2.compute.internal",
            "private_dns_name_options": [
              {
                "enable_resource_name_dns_a_record": false,
                "enable_resource_name_dns_aaaa_record": false,
                "hostname_type": "ip-name"
              }
            ],
            "private_ip": "11.0.1.197",
            "public_dns": "ec2-34-219-16-30.us-west-2.compute.amazonaws.com",
            "public_ip": "34.219.16.30",
            "root_block_device": [
              {
                "delete_on_termination": true,
                "device_name": "/dev/sda1",
                "encrypted": false,
                "iops": 100,
                "kms_key_id": "",
                "tags": null,
                "throughput": 0,
                "volume_id": "vol-05b85ad473bc0f04d",
                "volume_size": 20,
                "volume_type": "gp2"
              }
            ],
            "secondary_private_ips": [],
            "security_groups": [],
            "source_dest_check": true,
            "subnet_id": "subnet-037cfd2550760aed0",
            "tags": {
              "Name": "Web-1"
            },
            "tags_all": {
              "Name": "Web-1"
            },
            "tenancy": "default",
            "timeouts": null,
            "user_data": null,
            "user_data_base64": null,
            "user_data_replace_on_change": false,
            "volume_tags": null,
            "vpc_security_group_ids": [
              "sg-0a1dc70fab3c5dd8b",
              "sg-0b1dcfd2c623dacb9"
            ]
          },
          "sensitive_attributes": [],
          "private": "eyJlMmJmYjczMC1lY2FhLTExZTYtOGY4OC0zNDM2M2JjN2M0YzAiOnsiY3JlYXRlIjo2MDAwMDAwMDAwMDAsImRlbGV0ZSI6MTIwMDAwMDAwMDAwMCwidXBkYXRlIjo2MDAwMDAwMDAwMDB9LCJzY2hlbWFfdmVyc2lvbiI6IjEifQ==",
          "dependencies": [
            "aws_key_pair.publickey",
            "aws_security_group.remotesg",
            "aws_security_group.web",
            "aws_subnet.pubsub",
            "aws_vpc.vpc1",
            "tls_private_key.keypair"
          ]
        },
        {
          "index_key": 2,
          "schema_version": 1,
          "attributes": {
            "ami": "ami-08970fb2e5767e3b8",
            "arn": "arn:aws:ec2:us-west-2:988940651769:instance/i-009e2af6168b2e9ec",
            "associate_public_ip_address": true,
            "availability_zone": "us-west-2c",
            "capacity_reservation_specification": [
              {
                "capacity_reservation_preference": "open",
                "capacity_reservation_target": []
              }
            ],
            "cpu_core_count": 1,
            "cpu_threads_per_core": 2,
            "credit_specification": [
              {
                "cpu_credits": "unlimited"
              }
            ],
            "disable_api_stop": false,
            "disable_api_termination": false,
            "ebs_block_device": [],
            "ebs_optimized": false,
            "enclave_options": [
              {
                "enabled": false
              }
            ],
            "ephemeral_block_device": [],
            "get_password_data": false,
            "hibernation": false,
            "host_id": null,
            "iam_instance_profile": "",
            "id": "i-009e2af6168b2e9ec",
            "instance_initiated_shutdown_behavior": "stop",
            "instance_state": "running",
            "instance_type": "t3.micro",
            "ipv6_address_count": 0,
            "ipv6_addresses": [],
            "key_name": "tfAWS-keypair",
            "launch_template": [],
            "maintenance_options": [
              {
                "auto_recovery": "default"
              }
            ],
            "metadata_options": [
              {
                "http_endpoint": "enabled",
                "http_put_response_hop_limit": 1,
                "http_tokens": "optional",
                "instance_metadata_tags": "disabled"
              }
            ],
            "monitoring": false,
            "network_interface": [],
            "outpost_arn": "",
            "password_data": "",
            "placement_group": "",
            "placement_partition_number": null,
            "primary_network_interface_id": "eni-0a818da797f11f6bc",
            "private_dns": "ip-11-0-2-47.us-west-2.compute.internal",
            "private_dns_name_options": [
              {
                "enable_resource_name_dns_a_record": false,
                "enable_resource_name_dns_aaaa_record": false,
                "hostname_type": "ip-name"
              }
            ],
            "private_ip": "11.0.2.47",
            "public_dns": "ec2-34-210-104-83.us-west-2.compute.amazonaws.com",
            "public_ip": "34.210.104.83",
            "root_block_device": [
              {
                "delete_on_termination": true,
                "device_name": "/dev/sda1",
                "encrypted": false,
                "iops": 100,
                "kms_key_id": "",
                "tags": null,
                "throughput": 0,
                "volume_id": "vol-036b1f87f138fb822",
                "volume_size": 20,
                "volume_type": "gp2"
              }
            ],
            "secondary_private_ips": [],
            "security_groups": [],
            "source_dest_check": true,
            "subnet_id": "subnet-0c38f497e767a22ad",
            "tags": {
              "Name": "Web-2"
            },
            "tags_all": {
              "Name": "Web-2"
            },
            "tenancy": "default",
            "timeouts": null,
            "user_data": null,
            "user_data_base64": null,
            "user_data_replace_on_change": false,
            "volume_tags": null,
            "vpc_security_group_ids": [
              "sg-0a1dc70fab3c5dd8b",
              "sg-0b1dcfd2c623dacb9"
            ]
          },
          "sensitive_attributes": [],
          "private": "eyJlMmJmYjczMC1lY2FhLTExZTYtOGY4OC0zNDM2M2JjN2M0YzAiOnsiY3JlYXRlIjo2MDAwMDAwMDAwMDAsImRlbGV0ZSI6MTIwMDAwMDAwMDAwMCwidXBkYXRlIjo2MDAwMDAwMDAwMDB9LCJzY2hlbWFfdmVyc2lvbiI6IjEifQ==",
          "dependencies": [
            "aws_key_pair.publickey",
            "aws_security_group.remotesg",
            "aws_security_group.web",
            "aws_subnet.pubsub",
            "aws_vpc.vpc1",
            "tls_private_key.keypair"
          ]
        },
        {
          "index_key": 3,
          "schema_version": 1,
          "attributes": {
            "ami": "ami-08970fb2e5767e3b8",
            "arn": "arn:aws:ec2:us-west-2:988940651769:instance/i-0e5fb0e8e07d8fcc6",
            "associate_public_ip_address": true,
            "availability_zone": "us-west-2d",
            "capacity_reservation_specification": [
              {
                "capacity_reservation_preference": "open",
                "capacity_reservation_target": []
              }
            ],
            "cpu_core_count": 1,
            "cpu_threads_per_core": 2,
            "credit_specification": [
              {
                "cpu_credits": "unlimited"
              }
            ],
            "disable_api_stop": false,
            "disable_api_termination": false,
            "ebs_block_device": [],
            "ebs_optimized": false,
            "enclave_options": [
              {
                "enabled": false
              }
            ],
            "ephemeral_block_device": [],
            "get_password_data": false,
            "hibernation": false,
            "host_id": null,
            "iam_instance_profile": "",
            "id": "i-0e5fb0e8e07d8fcc6",
            "instance_initiated_shutdown_behavior": "stop",
            "instance_state": "running",
            "instance_type": "t3.micro",
            "ipv6_address_count": 0,
            "ipv6_addresses": [],
            "key_name": "tfAWS-keypair",
            "launch_template": [],
            "maintenance_options": [
              {
                "auto_recovery": "default"
              }
            ],
            "metadata_options": [
              {
                "http_endpoint": "enabled",
                "http_put_response_hop_limit": 1,
                "http_tokens": "optional",
                "instance_metadata_tags": "disabled"
              }
            ],
            "monitoring": false,
            "network_interface": [],
            "outpost_arn": "",
            "password_data": "",
            "placement_group": "",
            "placement_partition_number": null,
            "primary_network_interface_id": "eni-02ad26f032e6497f3",
            "private_dns": "ip-11-0-3-139.us-west-2.compute.internal",
            "private_dns_name_options": [
              {
                "enable_resource_name_dns_a_record": false,
                "enable_resource_name_dns_aaaa_record": false,
                "hostname_type": "ip-name"
              }
            ],
            "private_ip": "11.0.3.139",
            "public_dns": "ec2-34-223-44-109.us-west-2.compute.amazonaws.com",
            "public_ip": "34.223.44.109",
            "root_block_device": [
              {
                "delete_on_termination": true,
                "device_name": "/dev/sda1",
                "encrypted": false,
                "iops": 100,
                "kms_key_id": "",
                "tags": null,
                "throughput": 0,
                "volume_id": "vol-01048a27a19942ba7",
                "volume_size": 20,
                "volume_type": "gp2"
              }
            ],
            "secondary_private_ips": [],
            "security_groups": [],
            "source_dest_check": true,
            "subnet_id": "subnet-016b3379002312091",
            "tags": {
              "Name": "Web-3"
            },
            "tags_all": {
              "Name": "Web-3"
            },
            "tenancy": "default",
            "timeouts": null,
            "user_data": null,
            "user_data_base64": null,
            "user_data_replace_on_change": false,
            "volume_tags": null,
            "vpc_security_group_ids": [
              "sg-0a1dc70fab3c5dd8b",
              "sg-0b1dcfd2c623dacb9"
            ]
          },
          "sensitive_attributes": [],
          "private": "eyJlMmJmYjczMC1lY2FhLTExZTYtOGY4OC0zNDM2M2JjN2M0YzAiOnsiY3JlYXRlIjo2MDAwMDAwMDAwMDAsImRlbGV0ZSI6MTIwMDAwMDAwMDAwMCwidXBkYXRlIjo2MDAwMDAwMDAwMDB9LCJzY2hlbWFfdmVyc2lvbiI6IjEifQ==",
          "dependencies": [
            "aws_key_pair.publickey",
            "aws_security_group.remotesg",
            "aws_security_group.web",
            "aws_subnet.pubsub",
            "aws_vpc.vpc1",
            "tls_private_key.keypair"
          ]
        }
      ]
    },
    {
      "mode": "managed",
      "type": "aws_internet_gateway",
      "name": "intgw",
      "provider": "provider[\"registry.terraform.io/hashicorp/aws\"]",
      "instances": [
        {
          "schema_version": 0,
          "attributes": {
            "arn": "arn:aws:ec2:us-west-2:988940651769:internet-gateway/igw-060fbe7077714cf06",
            "id": "igw-060fbe7077714cf06",
            "owner_id": "988940651769",
            "tags": {
              "Name": "tfintgw"
            },
            "tags_all": {
              "Name": "tfintgw"
            },
            "vpc_id": "vpc-0661bfd78124fe2e5"
          },
          "sensitive_attributes": [],
          "private": "bnVsbA==",
          "dependencies": [
            "aws_vpc.vpc1"
          ]
        }
      ]
    },
    {
      "mode": "managed",
      "type": "aws_key_pair",
      "name": "publickey",
      "provider": "provider[\"registry.terraform.io/hashicorp/aws\"]",
      "instances": [
        {
          "schema_version": 1,
          "attributes": {
            "arn": "arn:aws:ec2:us-west-2:988940651769:key-pair/tfAWS-keypair",
            "fingerprint": "5a:91:67:ce:e9:22:5b:f2:36:43:74:79:a9:a8:58:7c",
            "id": "tfAWS-keypair",
            "key_name": "tfAWS-keypair",
            "key_name_prefix": "",
            "key_pair_id": "key-07fb45c6b2075cb62",
            "key_type": "rsa",
            "public_key": "ssh-rsa AAAAB3NzaC1yc2EAAAADAQABAAACAQDGwVSShcl9OaDUrJa/qrekvGdyxGNffTL3lawe2jpV9UocoNbCNfkKnfGedmppf10kSaoynRykomumDCqGvaygcV+TxkRqCkkqxDznyAcyYOT5/CC50HfOL1O5Z4olm943ZhyfhFy6XdkLy0CqRNGDIV7DR2TpHCSUp7s0hOx+RmkBKEVmPPqAqYlhB8np+cfbpmqcfX/B86nV4Nyv6Jm5IPvX41J+MD2ihbFoua0YTjhpIVrIHypfEPS7P/5n6WH0dIPe+2f6elmFt5XQByuVedTBWCgExSPaf3PHt2FBP3bYEPPAdHfjHYz+0B/sHvBBxzTu9bZuIzrS5nnWFG4Stlr3HavjkY6Xys4ShftKsTWbYcAcUIoSdJ+cWP+IkyaZT8RTledJPINw6uhbmMkeMqo/2PFpXYxq/4S8Txbkg+VqvioeOOOFGGRlfqCu3pXmAhAHMOBW1bKOvhFUn4nt6lba1goQNNdw19h/2HKN7XgKvFgPeUJqRx9ZUZA/JiRU0keipmfqc5Ajk8tccERgYaSjbknDQkoEweis9//zoFqbbuW9L6aHU8g99+ZubogBS8enoB/ulNscItU4/4Iw5uNTd4Vb2JscjOKIXtSsxfNFFvfSf+ehhFa09WVgOumXllPxktZRZeDXZd8pK/JkgqGtZHvGQFJT/UFIgexE9Q==",
            "tags": null,
            "tags_all": {}
          },
          "sensitive_attributes": [],
          "private": "eyJzY2hlbWFfdmVyc2lvbiI6IjEifQ==",
          "dependencies": [
            "tls_private_key.keypair"
          ]
        }
      ]
    },
    {
      "mode": "managed",
      "type": "aws_route_table_association",
      "name": "rta-subnet",
      "provider": "provider[\"registry.terraform.io/hashicorp/aws\"]",
      "instances": [
        {
          "index_key": 0,
          "schema_version": 0,
          "attributes": {
            "gateway_id": "",
            "id": "rtbassoc-0ccb91eb45267aed7",
            "route_table_id": "rtb-02ed1e63267e908f0",
            "subnet_id": "subnet-02d0bc9f4d86e3f74"
          },
          "sensitive_attributes": [],
          "private": "bnVsbA==",
          "dependencies": [
            "aws_default_route_table.pubroute",
            "aws_internet_gateway.intgw",
            "aws_subnet.pubsub",
            "aws_vpc.vpc1"
          ]
        },
        {
          "index_key": 1,
          "schema_version": 0,
          "attributes": {
            "gateway_id": "",
            "id": "rtbassoc-0b621d7fa345b1c38",
            "route_table_id": "rtb-02ed1e63267e908f0",
            "subnet_id": "subnet-037cfd2550760aed0"
          },
          "sensitive_attributes": [],
          "private": "bnVsbA==",
          "dependencies": [
            "aws_default_route_table.pubroute",
            "aws_internet_gateway.intgw",
            "aws_subnet.pubsub",
            "aws_vpc.vpc1"
          ]
        },
        {
          "index_key": 2,
          "schema_version": 0,
          "attributes": {
            "gateway_id": "",
            "id": "rtbassoc-0b69fc53866209d9f",
            "route_table_id": "rtb-02ed1e63267e908f0",
            "subnet_id": "subnet-0c38f497e767a22ad"
          },
          "sensitive_attributes": [],
          "private": "bnVsbA==",
          "dependencies": [
            "aws_default_route_table.pubroute",
            "aws_internet_gateway.intgw",
            "aws_subnet.pubsub",
            "aws_vpc.vpc1"
          ]
        },
        {
          "index_key": 3,
          "schema_version": 0,
          "attributes": {
            "gateway_id": "",
            "id": "rtbassoc-05fd9711d242143ec",
            "route_table_id": "rtb-02ed1e63267e908f0",
            "subnet_id": "subnet-016b3379002312091"
          },
          "sensitive_attributes": [],
          "private": "bnVsbA==",
          "dependencies": [
            "aws_default_route_table.pubroute",
            "aws_internet_gateway.intgw",
            "aws_subnet.pubsub",
            "aws_vpc.vpc1"
          ]
        }
      ]
    },
    {
      "mode": "managed",
      "type": "aws_security_group",
      "name": "remotesg",
      "provider": "provider[\"registry.terraform.io/hashicorp/aws\"]",
      "instances": [
        {
          "schema_version": 1,
          "attributes": {
            "arn": "arn:aws:ec2:us-west-2:988940651769:security-group/sg-0a1dc70fab3c5dd8b",
            "description": "Used in the terraform",
            "egress": [
              {
                "cidr_blocks": [
                  "0.0.0.0/0"
                ],
                "description": "",
                "from_port": 0,
                "ipv6_cidr_blocks": [],
                "prefix_list_ids": [],
                "protocol": "-1",
                "security_groups": [],
                "self": false,
                "to_port": 0
              }
            ],
            "id": "sg-0a1dc70fab3c5dd8b",
            "ingress": [
              {
                "cidr_blocks": [
                  "0.0.0.0/0"
                ],
                "description": "",
                "from_port": 22,
                "ipv6_cidr_blocks": [],
                "prefix_list_ids": [],
                "protocol": "tcp",
                "security_groups": [],
                "self": false,
                "to_port": 22
              }
            ],
            "name": "tf_remotesg",
            "name_prefix": "",
            "owner_id": "988940651769",
            "revoke_rules_on_delete": false,
            "tags": {
              "Name": "tf_remotesg"
            },
            "tags_all": {
              "Name": "tf_remotesg"
            },
            "timeouts": null,
            "vpc_id": "vpc-0661bfd78124fe2e5"
          },
          "sensitive_attributes": [],
          "private": "eyJlMmJmYjczMC1lY2FhLTExZTYtOGY4OC0zNDM2M2JjN2M0YzAiOnsiY3JlYXRlIjo2MDAwMDAwMDAwMDAsImRlbGV0ZSI6OTAwMDAwMDAwMDAwfSwic2NoZW1hX3ZlcnNpb24iOiIxIn0=",
          "dependencies": [
            "aws_vpc.vpc1"
          ]
        }
      ]
    },
    {
      "mode": "managed",
      "type": "aws_security_group",
      "name": "web",
      "provider": "provider[\"registry.terraform.io/hashicorp/aws\"]",
      "instances": [
        {
          "schema_version": 1,
          "attributes": {
            "arn": "arn:aws:ec2:us-west-2:988940651769:security-group/sg-0b1dcfd2c623dacb9",
            "description": "Used in the terraform",
            "egress": [
              {
                "cidr_blocks": [
                  "0.0.0.0/0"
                ],
                "description": "",
                "from_port": 0,
                "ipv6_cidr_blocks": [],
                "prefix_list_ids": [],
                "protocol": "-1",
                "security_groups": [],
                "self": false,
                "to_port": 0
              }
            ],
            "id": "sg-0b1dcfd2c623dacb9",
            "ingress": [
              {
                "cidr_blocks": [
                  "0.0.0.0/0"
                ],
                "description": "",
                "from_port": 80,
                "ipv6_cidr_blocks": [],
                "prefix_list_ids": [],
                "protocol": "tcp",
                "security_groups": [],
                "self": false,
                "to_port": 80
              }
            ],
            "name": "tf_websg",
            "name_prefix": "",
            "owner_id": "988940651769",
            "revoke_rules_on_delete": false,
            "tags": {
              "Name": "tf_websg"
            },
            "tags_all": {
              "Name": "tf_websg"
            },
            "timeouts": null,
            "vpc_id": "vpc-0661bfd78124fe2e5"
          },
          "sensitive_attributes": [],
          "private": "eyJlMmJmYjczMC1lY2FhLTExZTYtOGY4OC0zNDM2M2JjN2M0YzAiOnsiY3JlYXRlIjo2MDAwMDAwMDAwMDAsImRlbGV0ZSI6OTAwMDAwMDAwMDAwfSwic2NoZW1hX3ZlcnNpb24iOiIxIn0=",
          "dependencies": [
            "aws_vpc.vpc1"
          ]
        }
      ]
    },
    {
      "mode": "managed",
      "type": "aws_subnet",
      "name": "pubsub",
      "provider": "provider[\"registry.terraform.io/hashicorp/aws\"]",
      "instances": [
        {
          "index_key": 0,
          "schema_version": 1,
          "attributes": {
            "arn": "arn:aws:ec2:us-west-2:988940651769:subnet/subnet-02d0bc9f4d86e3f74",
            "assign_ipv6_address_on_creation": false,
            "availability_zone": "us-west-2a",
            "availability_zone_id": "usw2-az2",
            "cidr_block": "11.0.0.0/24",
            "customer_owned_ipv4_pool": "",
            "enable_dns64": false,
            "enable_resource_name_dns_a_record_on_launch": false,
            "enable_resource_name_dns_aaaa_record_on_launch": false,
            "id": "subnet-02d0bc9f4d86e3f74",
            "ipv6_cidr_block": "",
            "ipv6_cidr_block_association_id": "",
            "ipv6_native": false,
            "map_customer_owned_ip_on_launch": false,
            "map_public_ip_on_launch": true,
            "outpost_arn": "",
            "owner_id": "988940651769",
            "private_dns_hostname_type_on_launch": "ip-name",
            "tags": {
              "Name": "PubSubnet-0"
            },
            "tags_all": {
              "Name": "PubSubnet-0"
            },
            "timeouts": null,
            "vpc_id": "vpc-0661bfd78124fe2e5"
          },
          "sensitive_attributes": [],
          "private": "eyJlMmJmYjczMC1lY2FhLTExZTYtOGY4OC0zNDM2M2JjN2M0YzAiOnsiY3JlYXRlIjo2MDAwMDAwMDAwMDAsImRlbGV0ZSI6MTIwMDAwMDAwMDAwMH0sInNjaGVtYV92ZXJzaW9uIjoiMSJ9",
          "dependencies": [
            "aws_vpc.vpc1"
          ]
        },
        {
          "index_key": 1,
          "schema_version": 1,
          "attributes": {
            "arn": "arn:aws:ec2:us-west-2:988940651769:subnet/subnet-037cfd2550760aed0",
            "assign_ipv6_address_on_creation": false,
            "availability_zone": "us-west-2b",
            "availability_zone_id": "usw2-az1",
            "cidr_block": "11.0.1.0/24",
            "customer_owned_ipv4_pool": "",
            "enable_dns64": false,
            "enable_resource_name_dns_a_record_on_launch": false,
            "enable_resource_name_dns_aaaa_record_on_launch": false,
            "id": "subnet-037cfd2550760aed0",
            "ipv6_cidr_block": "",
            "ipv6_cidr_block_association_id": "",
            "ipv6_native": false,
            "map_customer_owned_ip_on_launch": false,
            "map_public_ip_on_launch": true,
            "outpost_arn": "",
            "owner_id": "988940651769",
            "private_dns_hostname_type_on_launch": "ip-name",
            "tags": {
              "Name": "PubSubnet-1"
            },
            "tags_all": {
              "Name": "PubSubnet-1"
            },
            "timeouts": null,
            "vpc_id": "vpc-0661bfd78124fe2e5"
          },
          "sensitive_attributes": [],
          "private": "eyJlMmJmYjczMC1lY2FhLTExZTYtOGY4OC0zNDM2M2JjN2M0YzAiOnsiY3JlYXRlIjo2MDAwMDAwMDAwMDAsImRlbGV0ZSI6MTIwMDAwMDAwMDAwMH0sInNjaGVtYV92ZXJzaW9uIjoiMSJ9",
          "dependencies": [
            "aws_vpc.vpc1"
          ]
        },
        {
          "index_key": 2,
          "schema_version": 1,
          "attributes": {
            "arn": "arn:aws:ec2:us-west-2:988940651769:subnet/subnet-0c38f497e767a22ad",
            "assign_ipv6_address_on_creation": false,
            "availability_zone": "us-west-2c",
            "availability_zone_id": "usw2-az3",
            "cidr_block": "11.0.2.0/24",
            "customer_owned_ipv4_pool": "",
            "enable_dns64": false,
            "enable_resource_name_dns_a_record_on_launch": false,
            "enable_resource_name_dns_aaaa_record_on_launch": false,
            "id": "subnet-0c38f497e767a22ad",
            "ipv6_cidr_block": "",
            "ipv6_cidr_block_association_id": "",
            "ipv6_native": false,
            "map_customer_owned_ip_on_launch": false,
            "map_public_ip_on_launch": true,
            "outpost_arn": "",
            "owner_id": "988940651769",
            "private_dns_hostname_type_on_launch": "ip-name",
            "tags": {
              "Name": "PubSubnet-2"
            },
            "tags_all": {
              "Name": "PubSubnet-2"
            },
            "timeouts": null,
            "vpc_id": "vpc-0661bfd78124fe2e5"
          },
          "sensitive_attributes": [],
          "private": "eyJlMmJmYjczMC1lY2FhLTExZTYtOGY4OC0zNDM2M2JjN2M0YzAiOnsiY3JlYXRlIjo2MDAwMDAwMDAwMDAsImRlbGV0ZSI6MTIwMDAwMDAwMDAwMH0sInNjaGVtYV92ZXJzaW9uIjoiMSJ9",
          "dependencies": [
            "aws_vpc.vpc1"
          ]
        },
        {
          "index_key": 3,
          "schema_version": 1,
          "attributes": {
            "arn": "arn:aws:ec2:us-west-2:988940651769:subnet/subnet-016b3379002312091",
            "assign_ipv6_address_on_creation": false,
            "availability_zone": "us-west-2d",
            "availability_zone_id": "usw2-az4",
            "cidr_block": "11.0.3.0/24",
            "customer_owned_ipv4_pool": "",
            "enable_dns64": false,
            "enable_resource_name_dns_a_record_on_launch": false,
            "enable_resource_name_dns_aaaa_record_on_launch": false,
            "id": "subnet-016b3379002312091",
            "ipv6_cidr_block": "",
            "ipv6_cidr_block_association_id": "",
            "ipv6_native": false,
            "map_customer_owned_ip_on_launch": false,
            "map_public_ip_on_launch": true,
            "outpost_arn": "",
            "owner_id": "988940651769",
            "private_dns_hostname_type_on_launch": "ip-name",
            "tags": {
              "Name": "PubSubnet-3"
            },
            "tags_all": {
              "Name": "PubSubnet-3"
            },
            "timeouts": null,
            "vpc_id": "vpc-0661bfd78124fe2e5"
          },
          "sensitive_attributes": [],
          "private": "eyJlMmJmYjczMC1lY2FhLTExZTYtOGY4OC0zNDM2M2JjN2M0YzAiOnsiY3JlYXRlIjo2MDAwMDAwMDAwMDAsImRlbGV0ZSI6MTIwMDAwMDAwMDAwMH0sInNjaGVtYV92ZXJzaW9uIjoiMSJ9",
          "dependencies": [
            "aws_vpc.vpc1"
          ]
        }
      ]
    },
    {
      "mode": "managed",
      "type": "aws_volume_attachment",
      "name": "attachebs",
      "provider": "provider[\"registry.terraform.io/hashicorp/aws\"]",
      "instances": [
        {
          "index_key": 0,
          "schema_version": 0,
          "attributes": {
            "device_name": "/dev/sdh",
            "force_detach": null,
            "id": "vai-3417600010",
            "instance_id": "i-074a8d11c386918ee",
            "skip_destroy": null,
            "stop_instance_before_detaching": null,
            "timeouts": null,
            "volume_id": "vol-02b9a8a96466547ac"
          },
          "sensitive_attributes": [],
          "private": "eyJlMmJmYjczMC1lY2FhLTExZTYtOGY4OC0zNDM2M2JjN2M0YzAiOnsiY3JlYXRlIjozMDAwMDAwMDAwMDAsImRlbGV0ZSI6MzAwMDAwMDAwMDAwfX0=",
          "dependencies": [
            "aws_ebs_volume.ebsvol",
            "aws_instance.awsec2",
            "aws_key_pair.publickey",
            "aws_security_group.remotesg",
            "aws_security_group.web",
            "aws_subnet.pubsub",
            "aws_vpc.vpc1",
            "tls_private_key.keypair"
          ]
        }
      ]
    },
    {
      "mode": "managed",
      "type": "aws_vpc",
      "name": "vpc1",
      "provider": "provider[\"registry.terraform.io/hashicorp/aws\"]",
      "instances": [
        {
          "schema_version": 1,
          "attributes": {
            "arn": "arn:aws:ec2:us-west-2:988940651769:vpc/vpc-0661bfd78124fe2e5",
            "assign_generated_ipv6_cidr_block": false,
            "cidr_block": "11.0.0.0/16",
            "default_network_acl_id": "acl-0cc800d28eed8026e",
            "default_route_table_id": "rtb-02ed1e63267e908f0",
            "default_security_group_id": "sg-0ffcf89e85e7138b3",
            "dhcp_options_id": "dopt-01ff4d1ca34167ea2",
            "enable_classiclink": false,
            "enable_classiclink_dns_support": false,
            "enable_dns_hostnames": true,
            "enable_dns_support": true,
            "id": "vpc-0661bfd78124fe2e5",
            "instance_tenancy": "default",
            "ipv4_ipam_pool_id": null,
            "ipv4_netmask_length": null,
            "ipv6_association_id": "",
            "ipv6_cidr_block": "",
            "ipv6_cidr_block_network_border_group": "",
            "ipv6_ipam_pool_id": "",
            "ipv6_netmask_length": 0,
            "main_route_table_id": "rtb-02ed1e63267e908f0",
            "owner_id": "988940651769",
            "tags": {
              "Name": "tfvpc"
            },
            "tags_all": {
              "Name": "tfvpc"
            }
          },
          "sensitive_attributes": [],
          "private": "eyJzY2hlbWFfdmVyc2lvbiI6IjEifQ=="
        }
      ]
    },
    {
      "mode": "managed",
      "type": "local_file",
      "name": "ansiblefile",
      "provider": "provider[\"registry.terraform.io/hashicorp/local\"]",
      "instances": [
        {
          "index_key": 0,
          "schema_version": 0,
          "attributes": {
            "content": "[lin]\n54.202.19.0\n34.219.16.30\n34.210.104.83\n34.223.44.109\n\n[lin:vars]\nhost_key_checking= no\nansible_user= ec2-user \nansible_ssh_private_key_file= /home/user1/Documents/terrform-sshkey/tfAWS-keypair.pem\nansible_port= 22\nansible_connection = ssh\nansible_ssh_common_args= '-o StrictHostKeyChecking=no'\nansible_ssh_extra_args= '-o StrictHostKeyChecking=no'\n \n",
            "content_base64": null,
            "directory_permission": "0777",
            "file_permission": "0755",
            "filename": "/home/user1/cloudutils/ansible/winansible/inventory/aws-hosts2.ini",
            "id": "01873e0d11aa26746083fadec6b48e80b7a196e0",
            "sensitive_content": null,
            "source": null
          },
          "sensitive_attributes": [],
          "private": "bnVsbA==",
          "dependencies": [
            "aws_instance.awsec2",
            "aws_key_pair.publickey",
            "aws_security_group.remotesg",
            "aws_security_group.web",
            "aws_subnet.pubsub",
            "aws_vpc.vpc1",
            "local_file.privatekey",
            "tls_private_key.keypair"
          ]
        }
      ]
    },
    {
      "mode": "managed",
      "type": "local_file",
      "name": "privatekey",
      "provider": "provider[\"registry.terraform.io/hashicorp/local\"]",
      "instances": [
        {
          "schema_version": 0,
          "attributes": {
            "content": "-----BEGIN RSA PRIVATE KEY-----\nMIIJKQIBAAKCAgEAxsFUkoXJfTmg1KyWv6q3pLxncsRjX30y95WsHto6VfVKHKDW\nwjX5Cp3xnnZqaX9dJEmqMp0cpKJrpgwqhr2soHFfk8ZEagpJKsQ858gHMmDk+fwg\nudB3zi9TuWeKJZveN2Ycn4Rcul3ZC8tAqkTRgyFew0dk6RwklKe7NITsfkZpAShF\nZjz6gKmJYQfJ6fnH26ZqnH1/wfOp1eDcr+iZuSD71+NSfjA9ooWxaLmtGE44aSFa\nyB8qXxD0uz/+Z+lh9HSD3vtn+npZhbeV0AcrlXnUwVgoBMUj2n9zx7dhQT922BDz\nwHR34x2M/tAf7B7wQcc07vW2biM60uZ51hRuErZa9x2r45GOl8rOEoX7SrE1m2HA\nHFCKEnSfnFj/iJMmmU/EU5XnSTyDcOroW5jJHjKqP9jxaV2Mav+EvE8W5IPlar4q\nHjjjhRhkZX6grt6V5gIQBzDgVtWyjr4RVJ+J7epW2tYKEDTXcNfYf9hyje14CrxY\nD3lCakcfWVGQPyYkVNJHoqZn6nOQI5PLXHBEYGGko25Jw0JKBMHorPf/86Bam27l\nvS+mh1PIPffmbm6IAUvHp6Af7pTbHCLVOP+CMObjU3eFW9ibHIziiF7UrMXzRRb3\n0n/noYRWtPVlYDrpl5ZT8ZLWUWXg12XfKSvyZIKhrWR7xkBSU/1BSIHsRPUCAwEA\nAQKCAgEAnO5VeoOMPgXciU/kj12aNsZT3/hUhjbyoS5agtnIKcrNQ6FzMFExXEKt\nXnMdPkNEJbzMV75ZuVxNJwSAJ3dn8B7UWne32QpaDxx3AoObuxlqcj+zD0Qc9H3F\n26R3HY7efFtxyjnWhYhIMdnAKzC/RIx6qDGc6bpA3+c4FxXFLUcm7bUAZuNK33/9\natGdidKhDTtu/jTRRTDBLpCnb3V2uwfiEen5Xo10fPiWxZulooVQYSHm7hA9gmZ+\n9cJne2B46W1+Gffjd5BXUw9LiL/Al/tkE20p2+pUjtcHce/HKJ+VlLB95b2QU5En\nnKJ0MhmTljxV/T+hVYEXlyJHnNLwvQsJaSUlTReBlVE5/M+XMlASiUSOyvc+1zPf\n8tO4QI2Vap3ESlcKZ0267RuIlocMj3byiJMc7j/HMY8PB3ucW2L+PxM6mQv2krvU\n5qv77lpDBgkLVhJN5oYQfd4RA56Dgx19QSWjDpfNsGZnxZa3tbC9HPfBJUr++h70\nYbQpsOYhuxg9S4q5STmYJXcoQsA7rRrYecokDqhtsW7AQYeYYcu06pSEv+f2fmXh\nEwOgNvmTvjMeSLZ2QPiYBLfU1APDf+aTtRcDegrYfHK78I797EvDJoCwf8Zeasuh\nck2pmIX3eSxk2lbcmwStFMCBp6HuKE4MFsnQNEOmGeM/KPEErhkCggEBAMjo1Ru/\nYefvO8Mb4h5VrUgzLbFST5gN9m+ZM/5soxd6k5d24wjqfktgiRJ6o5H3fxLsNYAQ\ncNp0TdiUGH+yvHZSGZLaK+R13Mj+lOGP5ZJ7yDcKkASAlAzCOSYevRVfzAzgGLHp\ntXK479hT12Tg7p9nznSa6I/MtLT+Z1e1d0Pyw1Lnw7fboeYl/8fpBO+G+7nAx5DG\nUyERklZe82E1XI8DE6q9Of2h3kOoTtyAsMeH552TyiM1FFb5O5f65VhNHzmT+j/B\n8ATtiI+fv0Do2lS6dhOzGlIDacSElFnOCHCGtcOUHODusjZWgRuYO9+Sk7uqcwVx\nsAfExYPyn+7DvmcCggEBAP1BReHVdghWzJXxTknOHQ17NrXDAOJZbVQ2/G+xdYmn\nLE11FhlCBdLHaD5uraYsjKI2Bfc2eN6mjuNRdGmRYRQCOViKpjLoYBQSeyaG02sa\nwg+aZtRVRMTY7KFNrqA5Q0YYo42IBJU8g0sNRWzN8mqYWvf4Dv8MWOY/xe7VzHIg\nJeKiUDk8wv4G34Sdk1oou1lFRFQFOtr/YtqV2CTYz74vZZp3WYGjG+ByIgpVUCGe\ngxoZfMF7PFJRxvnNS+cgyXn/xNEYa2PRepB4FzgmKdeBAeQYicytXewHNiwZwt7v\n5w7eO6N5VB6rd3VgG5OvU5JGkVggzdz/WvTdSVv9EEMCggEARug13ncrPMpoUzIS\nGhau855sb/rW8Jls8nIlsZPx86VlVb213z2zmTLW7diuxiONi8YmE665xb/qgZez\nFc6lSTUspXGusBEQ/TcsoHdC1PIu9Y4ayhv/JImf1d5faZ3HzHuC+7e6PGUc8UKV\n8JqaXVQrv2e00Ju043QuUPxQvYB+g1Ic91TizPF4Vrvc7BS93w8039m/GRq0hRs5\n1oMYybiSRl5Gi0eHxGUwgA5DVgiXLDwuyUJAjXmlGLyKGSIO9SlO1xXBelvDKL1+\nqJAGDoVIiydZELz3pU4NdayLufsxR3eMwa4844SgSHbwGrYGweMkeTVopTVDaJBG\n9ePL3QKCAQEA8RIhI0e+g1GcjV6V10uL/Dk9auek/9GAcJmm0etqpw2q7lB2KLTg\nNjP61vMj+PqPJBmotBn2FHsXqOrwlUz9y74SOGZCrlLkoja1Y4cT2PAvqgqft58z\nRu320dTQVVQs5ZyukxrWwfhIQjjvzRJ9n1pHvaMzIzTtqr8p+p8pbbmMVp+LHfDo\n7EY+nk4g5cHAFMoKsLAJxk00HD5m8SwxFCip3s+dM/m/n3cFUDDFhjsNMNryFnro\ngLO3ZDI3/lsHbko5X5CPKQVOVhb6g0hQrALxed6hzWN59CMpPfGHvg8/Mrf4rTPh\nDxDJNcG2fm52btcdo3YWgDfSrSO3oQjTYQKCAQB5MuybEkE66bdNsSm7JrxbjMqW\n1WF1G9LoLi59sy1nSv2u4NCDNkwy8lBqPIWd6mS0AKAMsKELHphnej74/54beCOL\n66yMY2KjO8BnrkK/9DBZi3xDQ+mjY17wM2fqiQgnDaoHFYUl8XvuwlYZQAgem3Cf\n4TVC6CpWgVl6UFdXevIhXM4BX5joDJRSpff6rHJ84JqfT2MiFChy3OPYETJ+JNta\ndVCWMrStje3rrM22XFtuRUGbLduVwpJxXiFxAJvGqCzjX8H/zXBUjlk8SZK6i6UU\nU++F6jN1ATuZRDSOdNqlC+qxnWQ+dBi4aVD0GiDsXrpXf3BKn9/e8Okdh0d8\n-----END RSA PRIVATE KEY-----\n",
            "content_base64": null,
            "directory_permission": "0777",
            "file_permission": "0600",
            "filename": "/home/user1/Documents/terrform-sshkey/tfAWS-keypair.pem",
            "id": "3967f74f17149e50be8a82253a6db77268db4a38",
            "sensitive_content": null,
            "source": null
          },
          "sensitive_attributes": [
            [
              {
                "type": "get_attr",
                "value": "content"
              }
            ]
          ],
          "private": "bnVsbA==",
          "dependencies": [
            "tls_private_key.keypair"
          ]
        }
      ]
    },
    {
      "mode": "managed",
      "type": "tls_private_key",
      "name": "keypair",
      "provider": "provider[\"registry.terraform.io/hashicorp/tls\"]",
      "instances": [
        {
          "schema_version": 1,
          "attributes": {
            "algorithm": "RSA",
            "ecdsa_curve": "P224",
            "id": "461bfc1fcc4da32457536917709226e864b92beb",
            "private_key_openssh": "-----BEGIN OPENSSH PRIVATE KEY-----\nb3BlbnNzaC1rZXktdjEAAAAABG5vbmUAAAAEbm9uZQAAAAAAAAABAAACFwAAAAdz\nc2gtcnNhAAAAAwEAAQAAAgEAxsFUkoXJfTmg1KyWv6q3pLxncsRjX30y95WsHto6\nVfVKHKDWwjX5Cp3xnnZqaX9dJEmqMp0cpKJrpgwqhr2soHFfk8ZEagpJKsQ858gH\nMmDk+fwgudB3zi9TuWeKJZveN2Ycn4Rcul3ZC8tAqkTRgyFew0dk6RwklKe7NITs\nfkZpAShFZjz6gKmJYQfJ6fnH26ZqnH1/wfOp1eDcr+iZuSD71+NSfjA9ooWxaLmt\nGE44aSFayB8qXxD0uz/+Z+lh9HSD3vtn+npZhbeV0AcrlXnUwVgoBMUj2n9zx7dh\nQT922BDzwHR34x2M/tAf7B7wQcc07vW2biM60uZ51hRuErZa9x2r45GOl8rOEoX7\nSrE1m2HAHFCKEnSfnFj/iJMmmU/EU5XnSTyDcOroW5jJHjKqP9jxaV2Mav+EvE8W\n5IPlar4qHjjjhRhkZX6grt6V5gIQBzDgVtWyjr4RVJ+J7epW2tYKEDTXcNfYf9hy\nje14CrxYD3lCakcfWVGQPyYkVNJHoqZn6nOQI5PLXHBEYGGko25Jw0JKBMHorPf/\n86Bam27lvS+mh1PIPffmbm6IAUvHp6Af7pTbHCLVOP+CMObjU3eFW9ibHIziiF7U\nrMXzRRb30n/noYRWtPVlYDrpl5ZT8ZLWUWXg12XfKSvyZIKhrWR7xkBSU/1BSIHs\nRPUAAAc4tQRLPLUESzwAAAAHc3NoLXJzYQAAAgEAxsFUkoXJfTmg1KyWv6q3pLxn\ncsRjX30y95WsHto6VfVKHKDWwjX5Cp3xnnZqaX9dJEmqMp0cpKJrpgwqhr2soHFf\nk8ZEagpJKsQ858gHMmDk+fwgudB3zi9TuWeKJZveN2Ycn4Rcul3ZC8tAqkTRgyFe\nw0dk6RwklKe7NITsfkZpAShFZjz6gKmJYQfJ6fnH26ZqnH1/wfOp1eDcr+iZuSD7\n1+NSfjA9ooWxaLmtGE44aSFayB8qXxD0uz/+Z+lh9HSD3vtn+npZhbeV0AcrlXnU\nwVgoBMUj2n9zx7dhQT922BDzwHR34x2M/tAf7B7wQcc07vW2biM60uZ51hRuErZa\n9x2r45GOl8rOEoX7SrE1m2HAHFCKEnSfnFj/iJMmmU/EU5XnSTyDcOroW5jJHjKq\nP9jxaV2Mav+EvE8W5IPlar4qHjjjhRhkZX6grt6V5gIQBzDgVtWyjr4RVJ+J7epW\n2tYKEDTXcNfYf9hyje14CrxYD3lCakcfWVGQPyYkVNJHoqZn6nOQI5PLXHBEYGGk\no25Jw0JKBMHorPf/86Bam27lvS+mh1PIPffmbm6IAUvHp6Af7pTbHCLVOP+CMObj\nU3eFW9ibHIziiF7UrMXzRRb30n/noYRWtPVlYDrpl5ZT8ZLWUWXg12XfKSvyZIKh\nrWR7xkBSU/1BSIHsRPUAAAADAQABAAACAQCc7lV6g4w+BdyJT+SPXZo2xlPf+FSG\nNvKhLlqC2cgpys1DoXMwUTFcQq1ecx0+Q0QlvMxXvlm5XE0nBIAnd2fwHtRad7fZ\nCloPHHcCg5u7GWpyP7MPRBz0fcXbpHcdjt58W3HKOdaFiEgx2cArML9EjHqoMZzp\nukDf5zgXFcUtRybttQBm40rff/1q0Z2J0qENO27+NNFFMMEukKdvdXa7B+IR6fle\njXR8+JbFm6WihVBhIebuED2CZn71wmd7YHjpbX4Z9+N3kFdTD0uIv8CX+2QTbSnb\n6lSO1wdx78con5WUsH3lvZBTkSeconQyGZOWPFX9P6FVgReXIkec0vC9CwlpJSVN\nF4GVUTn8z5cyUBKJRI7K9z7XM9/y07hAjZVqncRKVwpnTbrtG4iWhwyPdvKIkxzu\nP8cxjw8He5xbYv4/EzqZC/aSu9Tmq/vuWkMGCQtWEk3mhhB93hEDnoODHX1BJaMO\nl82wZmfFlre1sL0c98ElSv76HvRhtCmw5iG7GD1LirlJOZgldyhCwDutGth5yiQO\nqG2xbsBBh5hhy7TqlIS/5/Z+ZeETA6A2+ZO+Mx5ItnZA+JgEt9TUA8N/5pO1FwN6\nCth8crvwjv3sS8MmgLB/xl5qy6FyTamYhfd5LGTaVtybBK0UwIGnoe4oTgwWydA0\nQ6YZ4z8o8QSuGQAAAQB5MuybEkE66bdNsSm7JrxbjMqW1WF1G9LoLi59sy1nSv2u\n4NCDNkwy8lBqPIWd6mS0AKAMsKELHphnej74/54beCOL66yMY2KjO8BnrkK/9DBZ\ni3xDQ+mjY17wM2fqiQgnDaoHFYUl8XvuwlYZQAgem3Cf4TVC6CpWgVl6UFdXevIh\nXM4BX5joDJRSpff6rHJ84JqfT2MiFChy3OPYETJ+JNtadVCWMrStje3rrM22XFtu\nRUGbLduVwpJxXiFxAJvGqCzjX8H/zXBUjlk8SZK6i6UUU++F6jN1ATuZRDSOdNql\nC+qxnWQ+dBi4aVD0GiDsXrpXf3BKn9/e8Okdh0d8AAABAQDI6NUbv2Hn7zvDG+Ie\nVa1IMy2xUk+YDfZvmTP+bKMXepOXduMI6n5LYIkSeqOR938S7DWAEHDadE3YlBh/\nsrx2UhmS2ivkddzI/pThj+WSe8g3CpAEgJQMwjkmHr0VX8wM4Bix6bVyuO/YU9dk\n4O6fZ850muiPzLS0/mdXtXdD8sNS58O326HmJf/H6QTvhvu5wMeQxlMhEZJWXvNh\nNVyPAxOqvTn9od5DqE7cgLDHh+edk8ojNRRW+TuX+uVYTR85k/o/wfAE7YiPn79A\n6NpUunYTsxpSA2nEhJRZzghwhrXDlBzg7rI2VoEbmDvfkpO7qnMFcbAHxMWD8p/u\nw75nAAABAQD9QUXh1XYIVsyV8U5Jzh0Neza1wwDiWW1UNvxvsXWJpyxNdRYZQgXS\nx2g+bq2mLIyiNgX3Nnjepo7jUXRpkWEUAjlYiqYy6GAUEnsmhtNrGsIPmmbUVUTE\n2OyhTa6gOUNGGKONiASVPINLDUVszfJqmFr3+A7/DFjmP8Xu1cxyICXiolA5PML+\nBt+EnZNaKLtZRURUBTra/2Laldgk2M++L2Wad1mBoxvgciIKVVAhnoMaGXzBezxS\nUcb5zUvnIMl5/8TRGGtj0XqQeBc4JinXgQHkGInMrV3sBzYsGcLe7+cO3jujeVQe\nq3d1YBuTr1OSRpFYIM3c/1r03Ulb/RBDAAAAAAEC\n-----END OPENSSH PRIVATE KEY-----\n",
            "private_key_pem": "-----BEGIN RSA PRIVATE KEY-----\nMIIJKQIBAAKCAgEAxsFUkoXJfTmg1KyWv6q3pLxncsRjX30y95WsHto6VfVKHKDW\nwjX5Cp3xnnZqaX9dJEmqMp0cpKJrpgwqhr2soHFfk8ZEagpJKsQ858gHMmDk+fwg\nudB3zi9TuWeKJZveN2Ycn4Rcul3ZC8tAqkTRgyFew0dk6RwklKe7NITsfkZpAShF\nZjz6gKmJYQfJ6fnH26ZqnH1/wfOp1eDcr+iZuSD71+NSfjA9ooWxaLmtGE44aSFa\nyB8qXxD0uz/+Z+lh9HSD3vtn+npZhbeV0AcrlXnUwVgoBMUj2n9zx7dhQT922BDz\nwHR34x2M/tAf7B7wQcc07vW2biM60uZ51hRuErZa9x2r45GOl8rOEoX7SrE1m2HA\nHFCKEnSfnFj/iJMmmU/EU5XnSTyDcOroW5jJHjKqP9jxaV2Mav+EvE8W5IPlar4q\nHjjjhRhkZX6grt6V5gIQBzDgVtWyjr4RVJ+J7epW2tYKEDTXcNfYf9hyje14CrxY\nD3lCakcfWVGQPyYkVNJHoqZn6nOQI5PLXHBEYGGko25Jw0JKBMHorPf/86Bam27l\nvS+mh1PIPffmbm6IAUvHp6Af7pTbHCLVOP+CMObjU3eFW9ibHIziiF7UrMXzRRb3\n0n/noYRWtPVlYDrpl5ZT8ZLWUWXg12XfKSvyZIKhrWR7xkBSU/1BSIHsRPUCAwEA\nAQKCAgEAnO5VeoOMPgXciU/kj12aNsZT3/hUhjbyoS5agtnIKcrNQ6FzMFExXEKt\nXnMdPkNEJbzMV75ZuVxNJwSAJ3dn8B7UWne32QpaDxx3AoObuxlqcj+zD0Qc9H3F\n26R3HY7efFtxyjnWhYhIMdnAKzC/RIx6qDGc6bpA3+c4FxXFLUcm7bUAZuNK33/9\natGdidKhDTtu/jTRRTDBLpCnb3V2uwfiEen5Xo10fPiWxZulooVQYSHm7hA9gmZ+\n9cJne2B46W1+Gffjd5BXUw9LiL/Al/tkE20p2+pUjtcHce/HKJ+VlLB95b2QU5En\nnKJ0MhmTljxV/T+hVYEXlyJHnNLwvQsJaSUlTReBlVE5/M+XMlASiUSOyvc+1zPf\n8tO4QI2Vap3ESlcKZ0267RuIlocMj3byiJMc7j/HMY8PB3ucW2L+PxM6mQv2krvU\n5qv77lpDBgkLVhJN5oYQfd4RA56Dgx19QSWjDpfNsGZnxZa3tbC9HPfBJUr++h70\nYbQpsOYhuxg9S4q5STmYJXcoQsA7rRrYecokDqhtsW7AQYeYYcu06pSEv+f2fmXh\nEwOgNvmTvjMeSLZ2QPiYBLfU1APDf+aTtRcDegrYfHK78I797EvDJoCwf8Zeasuh\nck2pmIX3eSxk2lbcmwStFMCBp6HuKE4MFsnQNEOmGeM/KPEErhkCggEBAMjo1Ru/\nYefvO8Mb4h5VrUgzLbFST5gN9m+ZM/5soxd6k5d24wjqfktgiRJ6o5H3fxLsNYAQ\ncNp0TdiUGH+yvHZSGZLaK+R13Mj+lOGP5ZJ7yDcKkASAlAzCOSYevRVfzAzgGLHp\ntXK479hT12Tg7p9nznSa6I/MtLT+Z1e1d0Pyw1Lnw7fboeYl/8fpBO+G+7nAx5DG\nUyERklZe82E1XI8DE6q9Of2h3kOoTtyAsMeH552TyiM1FFb5O5f65VhNHzmT+j/B\n8ATtiI+fv0Do2lS6dhOzGlIDacSElFnOCHCGtcOUHODusjZWgRuYO9+Sk7uqcwVx\nsAfExYPyn+7DvmcCggEBAP1BReHVdghWzJXxTknOHQ17NrXDAOJZbVQ2/G+xdYmn\nLE11FhlCBdLHaD5uraYsjKI2Bfc2eN6mjuNRdGmRYRQCOViKpjLoYBQSeyaG02sa\nwg+aZtRVRMTY7KFNrqA5Q0YYo42IBJU8g0sNRWzN8mqYWvf4Dv8MWOY/xe7VzHIg\nJeKiUDk8wv4G34Sdk1oou1lFRFQFOtr/YtqV2CTYz74vZZp3WYGjG+ByIgpVUCGe\ngxoZfMF7PFJRxvnNS+cgyXn/xNEYa2PRepB4FzgmKdeBAeQYicytXewHNiwZwt7v\n5w7eO6N5VB6rd3VgG5OvU5JGkVggzdz/WvTdSVv9EEMCggEARug13ncrPMpoUzIS\nGhau855sb/rW8Jls8nIlsZPx86VlVb213z2zmTLW7diuxiONi8YmE665xb/qgZez\nFc6lSTUspXGusBEQ/TcsoHdC1PIu9Y4ayhv/JImf1d5faZ3HzHuC+7e6PGUc8UKV\n8JqaXVQrv2e00Ju043QuUPxQvYB+g1Ic91TizPF4Vrvc7BS93w8039m/GRq0hRs5\n1oMYybiSRl5Gi0eHxGUwgA5DVgiXLDwuyUJAjXmlGLyKGSIO9SlO1xXBelvDKL1+\nqJAGDoVIiydZELz3pU4NdayLufsxR3eMwa4844SgSHbwGrYGweMkeTVopTVDaJBG\n9ePL3QKCAQEA8RIhI0e+g1GcjV6V10uL/Dk9auek/9GAcJmm0etqpw2q7lB2KLTg\nNjP61vMj+PqPJBmotBn2FHsXqOrwlUz9y74SOGZCrlLkoja1Y4cT2PAvqgqft58z\nRu320dTQVVQs5ZyukxrWwfhIQjjvzRJ9n1pHvaMzIzTtqr8p+p8pbbmMVp+LHfDo\n7EY+nk4g5cHAFMoKsLAJxk00HD5m8SwxFCip3s+dM/m/n3cFUDDFhjsNMNryFnro\ngLO3ZDI3/lsHbko5X5CPKQVOVhb6g0hQrALxed6hzWN59CMpPfGHvg8/Mrf4rTPh\nDxDJNcG2fm52btcdo3YWgDfSrSO3oQjTYQKCAQB5MuybEkE66bdNsSm7JrxbjMqW\n1WF1G9LoLi59sy1nSv2u4NCDNkwy8lBqPIWd6mS0AKAMsKELHphnej74/54beCOL\n66yMY2KjO8BnrkK/9DBZi3xDQ+mjY17wM2fqiQgnDaoHFYUl8XvuwlYZQAgem3Cf\n4TVC6CpWgVl6UFdXevIhXM4BX5joDJRSpff6rHJ84JqfT2MiFChy3OPYETJ+JNta\ndVCWMrStje3rrM22XFtuRUGbLduVwpJxXiFxAJvGqCzjX8H/zXBUjlk8SZK6i6UU\nU++F6jN1ATuZRDSOdNqlC+qxnWQ+dBi4aVD0GiDsXrpXf3BKn9/e8Okdh0d8\n-----END RSA PRIVATE KEY-----\n",
            "private_key_pem_pkcs8": "-----BEGIN PRIVATE KEY-----\nMIIJQwIBADANBgkqhkiG9w0BAQEFAASCCS0wggkpAgEAAoICAQDGwVSShcl9OaDU\nrJa/qrekvGdyxGNffTL3lawe2jpV9UocoNbCNfkKnfGedmppf10kSaoynRykomum\nDCqGvaygcV+TxkRqCkkqxDznyAcyYOT5/CC50HfOL1O5Z4olm943ZhyfhFy6XdkL\ny0CqRNGDIV7DR2TpHCSUp7s0hOx+RmkBKEVmPPqAqYlhB8np+cfbpmqcfX/B86nV\n4Nyv6Jm5IPvX41J+MD2ihbFoua0YTjhpIVrIHypfEPS7P/5n6WH0dIPe+2f6elmF\nt5XQByuVedTBWCgExSPaf3PHt2FBP3bYEPPAdHfjHYz+0B/sHvBBxzTu9bZuIzrS\n5nnWFG4Stlr3HavjkY6Xys4ShftKsTWbYcAcUIoSdJ+cWP+IkyaZT8RTledJPINw\n6uhbmMkeMqo/2PFpXYxq/4S8Txbkg+VqvioeOOOFGGRlfqCu3pXmAhAHMOBW1bKO\nvhFUn4nt6lba1goQNNdw19h/2HKN7XgKvFgPeUJqRx9ZUZA/JiRU0keipmfqc5Aj\nk8tccERgYaSjbknDQkoEweis9//zoFqbbuW9L6aHU8g99+ZubogBS8enoB/ulNsc\nItU4/4Iw5uNTd4Vb2JscjOKIXtSsxfNFFvfSf+ehhFa09WVgOumXllPxktZRZeDX\nZd8pK/JkgqGtZHvGQFJT/UFIgexE9QIDAQABAoICAQCc7lV6g4w+BdyJT+SPXZo2\nxlPf+FSGNvKhLlqC2cgpys1DoXMwUTFcQq1ecx0+Q0QlvMxXvlm5XE0nBIAnd2fw\nHtRad7fZCloPHHcCg5u7GWpyP7MPRBz0fcXbpHcdjt58W3HKOdaFiEgx2cArML9E\njHqoMZzpukDf5zgXFcUtRybttQBm40rff/1q0Z2J0qENO27+NNFFMMEukKdvdXa7\nB+IR6flejXR8+JbFm6WihVBhIebuED2CZn71wmd7YHjpbX4Z9+N3kFdTD0uIv8CX\n+2QTbSnb6lSO1wdx78con5WUsH3lvZBTkSeconQyGZOWPFX9P6FVgReXIkec0vC9\nCwlpJSVNF4GVUTn8z5cyUBKJRI7K9z7XM9/y07hAjZVqncRKVwpnTbrtG4iWhwyP\ndvKIkxzuP8cxjw8He5xbYv4/EzqZC/aSu9Tmq/vuWkMGCQtWEk3mhhB93hEDnoOD\nHX1BJaMOl82wZmfFlre1sL0c98ElSv76HvRhtCmw5iG7GD1LirlJOZgldyhCwDut\nGth5yiQOqG2xbsBBh5hhy7TqlIS/5/Z+ZeETA6A2+ZO+Mx5ItnZA+JgEt9TUA8N/\n5pO1FwN6Cth8crvwjv3sS8MmgLB/xl5qy6FyTamYhfd5LGTaVtybBK0UwIGnoe4o\nTgwWydA0Q6YZ4z8o8QSuGQKCAQEAyOjVG79h5+87wxviHlWtSDMtsVJPmA32b5kz\n/myjF3qTl3bjCOp+S2CJEnqjkfd/Euw1gBBw2nRN2JQYf7K8dlIZktor5HXcyP6U\n4Y/lknvINwqQBICUDMI5Jh69FV/MDOAYsem1crjv2FPXZODun2fOdJroj8y0tP5n\nV7V3Q/LDUufDt9uh5iX/x+kE74b7ucDHkMZTIRGSVl7zYTVcjwMTqr05/aHeQ6hO\n3ICwx4fnnZPKIzUUVvk7l/rlWE0fOZP6P8HwBO2Ij5+/QOjaVLp2E7MaUgNpxISU\nWc4IcIa1w5Qc4O6yNlaBG5g735KTu6pzBXGwB8TFg/Kf7sO+ZwKCAQEA/UFF4dV2\nCFbMlfFOSc4dDXs2tcMA4lltVDb8b7F1iacsTXUWGUIF0sdoPm6tpiyMojYF9zZ4\n3qaO41F0aZFhFAI5WIqmMuhgFBJ7JobTaxrCD5pm1FVExNjsoU2uoDlDRhijjYgE\nlTyDSw1FbM3yapha9/gO/wxY5j/F7tXMciAl4qJQOTzC/gbfhJ2TWii7WUVEVAU6\n2v9i2pXYJNjPvi9lmndZgaMb4HIiClVQIZ6DGhl8wXs8UlHG+c1L5yDJef/E0Rhr\nY9F6kHgXOCYp14EB5BiJzK1d7Ac2LBnC3u/nDt47o3lUHqt3dWAbk69TkkaRWCDN\n3P9a9N1JW/0QQwKCAQBG6DXedys8ymhTMhIaFq7znmxv+tbwmWzyciWxk/HzpWVV\nvbXfPbOZMtbt2K7GI42LxiYTrrnFv+qBl7MVzqVJNSylca6wERD9Nyygd0LU8i71\njhrKG/8kiZ/V3l9pncfMe4L7t7o8ZRzxQpXwmppdVCu/Z7TQm7TjdC5Q/FC9gH6D\nUhz3VOLM8XhWu9zsFL3fDzTf2b8ZGrSFGznWgxjJuJJGXkaLR4fEZTCADkNWCJcs\nPC7JQkCNeaUYvIoZIg71KU7XFcF6W8MovX6okAYOhUiLJ1kQvPelTg11rIu5+zFH\nd4zBrjzjhKBIdvAatgbB4yR5NWilNUNokEb148vdAoIBAQDxEiEjR76DUZyNXpXX\nS4v8OT1q56T/0YBwmabR62qnDaruUHYotOA2M/rW8yP4+o8kGai0GfYUexeo6vCV\nTP3LvhI4ZkKuUuSiNrVjhxPY8C+qCp+3nzNG7fbR1NBVVCzlnK6TGtbB+EhCOO/N\nEn2fWke9ozMjNO2qvyn6nyltuYxWn4sd8OjsRj6eTiDlwcAUygqwsAnGTTQcPmbx\nLDEUKKnez50z+b+fdwVQMMWGOw0w2vIWeuiAs7dkMjf+WwduSjlfkI8pBU5WFvqD\nSFCsAvF53qHNY3n0Iyk98Ye+Dz8yt/itM+EPEMk1wbZ+bnZu1x2jdhaAN9KtI7eh\nCNNhAoIBAHky7JsSQTrpt02xKbsmvFuMypbVYXUb0uguLn2zLWdK/a7g0IM2TDLy\nUGo8hZ3qZLQAoAywoQsemGd6Pvj/nht4I4vrrIxjYqM7wGeuQr/0MFmLfEND6aNj\nXvAzZ+qJCCcNqgcVhSXxe+7CVhlACB6bcJ/hNULoKlaBWXpQV1d68iFczgFfmOgM\nlFKl9/qscnzgmp9PYyIUKHLc49gRMn4k21p1UJYytK2N7euszbZcW25FQZst25XC\nknFeIXEAm8aoLONfwf/NcFSOWTxJkrqLpRRT74XqM3UBO5lENI502qUL6rGdZD50\nGLhpUPQaIOxeuld/cEqf397w6R2HR3w=\n-----END PRIVATE KEY-----\n",
            "public_key_fingerprint_md5": "3d:03:7d:b2:df:53:9e:a4:36:9b:00:37:a2:3f:d0:90",
            "public_key_fingerprint_sha256": "SHA256:SAcFtzXywJAP0Jcw1WQsFBeqcbWlFNHoGn58spCGXU8",
            "public_key_openssh": "ssh-rsa AAAAB3NzaC1yc2EAAAADAQABAAACAQDGwVSShcl9OaDUrJa/qrekvGdyxGNffTL3lawe2jpV9UocoNbCNfkKnfGedmppf10kSaoynRykomumDCqGvaygcV+TxkRqCkkqxDznyAcyYOT5/CC50HfOL1O5Z4olm943ZhyfhFy6XdkLy0CqRNGDIV7DR2TpHCSUp7s0hOx+RmkBKEVmPPqAqYlhB8np+cfbpmqcfX/B86nV4Nyv6Jm5IPvX41J+MD2ihbFoua0YTjhpIVrIHypfEPS7P/5n6WH0dIPe+2f6elmFt5XQByuVedTBWCgExSPaf3PHt2FBP3bYEPPAdHfjHYz+0B/sHvBBxzTu9bZuIzrS5nnWFG4Stlr3HavjkY6Xys4ShftKsTWbYcAcUIoSdJ+cWP+IkyaZT8RTledJPINw6uhbmMkeMqo/2PFpXYxq/4S8Txbkg+VqvioeOOOFGGRlfqCu3pXmAhAHMOBW1bKOvhFUn4nt6lba1goQNNdw19h/2HKN7XgKvFgPeUJqRx9ZUZA/JiRU0keipmfqc5Ajk8tccERgYaSjbknDQkoEweis9//zoFqbbuW9L6aHU8g99+ZubogBS8enoB/ulNscItU4/4Iw5uNTd4Vb2JscjOKIXtSsxfNFFvfSf+ehhFa09WVgOumXllPxktZRZeDXZd8pK/JkgqGtZHvGQFJT/UFIgexE9Q==\n",
            "public_key_pem": "-----BEGIN PUBLIC KEY-----\nMIICIjANBgkqhkiG9w0BAQEFAAOCAg8AMIICCgKCAgEAxsFUkoXJfTmg1KyWv6q3\npLxncsRjX30y95WsHto6VfVKHKDWwjX5Cp3xnnZqaX9dJEmqMp0cpKJrpgwqhr2s\noHFfk8ZEagpJKsQ858gHMmDk+fwgudB3zi9TuWeKJZveN2Ycn4Rcul3ZC8tAqkTR\ngyFew0dk6RwklKe7NITsfkZpAShFZjz6gKmJYQfJ6fnH26ZqnH1/wfOp1eDcr+iZ\nuSD71+NSfjA9ooWxaLmtGE44aSFayB8qXxD0uz/+Z+lh9HSD3vtn+npZhbeV0Acr\nlXnUwVgoBMUj2n9zx7dhQT922BDzwHR34x2M/tAf7B7wQcc07vW2biM60uZ51hRu\nErZa9x2r45GOl8rOEoX7SrE1m2HAHFCKEnSfnFj/iJMmmU/EU5XnSTyDcOroW5jJ\nHjKqP9jxaV2Mav+EvE8W5IPlar4qHjjjhRhkZX6grt6V5gIQBzDgVtWyjr4RVJ+J\n7epW2tYKEDTXcNfYf9hyje14CrxYD3lCakcfWVGQPyYkVNJHoqZn6nOQI5PLXHBE\nYGGko25Jw0JKBMHorPf/86Bam27lvS+mh1PIPffmbm6IAUvHp6Af7pTbHCLVOP+C\nMObjU3eFW9ibHIziiF7UrMXzRRb30n/noYRWtPVlYDrpl5ZT8ZLWUWXg12XfKSvy\nZIKhrWR7xkBSU/1BSIHsRPUCAwEAAQ==\n-----END PUBLIC KEY-----\n",
            "rsa_bits": 4096
          },
          "sensitive_attributes": []
        }
      ]
    }
  ]
}
