{
  "version": 4,
  "terraform_version": "1.1.8",
  "serial": 1349,
  "lineage": "7fa955ee-a396-6b3c-d4b3-c70164029704",
  "outputs": {
    "aws_instance_public_dns": {
      "value": [
        "ec2-52-89-80-42.us-west-2.compute.amazonaws.com",
        "ec2-35-91-128-69.us-west-2.compute.amazonaws.com",
        "ec2-54-201-180-132.us-west-2.compute.amazonaws.com",
        "ec2-34-223-65-25.us-west-2.compute.amazonaws.com"
      ],
      "type": [
        "tuple",
        [
          "string",
          "string",
          "string",
          "string"
        ]
      ]
    },
    "aws_instance_public_ip": {
      "value": [
        "52.89.80.42",
        "35.91.128.69",
        "54.201.180.132",
        "34.223.65.25"
      ],
      "type": [
        "tuple",
        [
          "string",
          "string",
          "string",
          "string"
        ]
      ]
    }
  },
  "resources": [
    {
      "mode": "data",
      "type": "aws_availability_zones",
      "name": "azs",
      "provider": "provider[\"registry.terraform.io/hashicorp/aws\"]",
      "instances": [
        {
          "schema_version": 0,
          "attributes": {
            "all_availability_zones": null,
            "exclude_names": null,
            "exclude_zone_ids": null,
            "filter": null,
            "group_names": [
              "us-west-2"
            ],
            "id": "us-west-2",
            "names": [
              "us-west-2a",
              "us-west-2b",
              "us-west-2c",
              "us-west-2d"
            ],
            "state": "available",
            "zone_ids": [
              "usw2-az2",
              "usw2-az1",
              "usw2-az3",
              "usw2-az4"
            ]
          },
          "sensitive_attributes": []
        }
      ]
    },
    {
      "mode": "data",
      "type": "template_file",
      "name": "user_data_linux",
      "provider": "provider[\"registry.terraform.io/hashicorp/template\"]",
      "instances": [
        {
          "schema_version": 0,
          "attributes": {
            "filename": null,
            "id": "5c6265e45d88e08559fd381cc07d92144ed04b42c5980102c62b1fad8acce4ec",
            "rendered": "#!/bin/bash\nsudo yum -y update\nsudo yum -y install httpd\nsudo touch /var/www/html/index.html\nsudo echo \"Hello World this is unit \" \u003e /var/www/html/index.html\nsudo hostname \u003e\u003e /var/www/html/index.html\nsudo chown -R apache:apache /var/www/html/*\nsudo systemctl start httpd\nsudo systemctl enable httpd\n",
            "template": "#!/bin/bash\nsudo yum -y update\nsudo yum -y install httpd\nsudo touch /var/www/html/index.html\nsudo echo \"Hello World this is unit \" \u003e /var/www/html/index.html\nsudo hostname \u003e\u003e /var/www/html/index.html\nsudo chown -R apache:apache /var/www/html/*\nsudo systemctl start httpd\nsudo systemctl enable httpd\n",
            "vars": null
          },
          "sensitive_attributes": []
        }
      ]
    },
    {
      "mode": "managed",
      "type": "aws_default_route_table",
      "name": "pubroute",
      "provider": "provider[\"registry.terraform.io/hashicorp/aws\"]",
      "instances": [
        {
          "schema_version": 0,
          "attributes": {
            "arn": "arn:aws:ec2:us-west-2:988940651769:route-table/rtb-048dbf5a95c7953a0",
            "default_route_table_id": "rtb-048dbf5a95c7953a0",
            "id": "rtb-048dbf5a95c7953a0",
            "owner_id": "988940651769",
            "propagating_vgws": null,
            "route": [
              {
                "cidr_block": "0.0.0.0/0",
                "core_network_arn": "",
                "destination_prefix_list_id": "",
                "egress_only_gateway_id": "",
                "gateway_id": "igw-0cebe89e41b0fa216",
                "instance_id": "",
                "ipv6_cidr_block": "",
                "nat_gateway_id": "",
                "network_interface_id": "",
                "transit_gateway_id": "",
                "vpc_endpoint_id": "",
                "vpc_peering_connection_id": ""
              }
            ],
            "tags": {
              "Name": "tfpubrt"
            },
            "tags_all": {
              "Name": "tfpubrt"
            },
            "timeouts": null,
            "vpc_id": "vpc-00516ebb90a2b27be"
          },
          "sensitive_attributes": [],
          "private": "eyJlMmJmYjczMC1lY2FhLTExZTYtOGY4OC0zNDM2M2JjN2M0YzAiOnsiY3JlYXRlIjoxMjAwMDAwMDAwMDAsInVwZGF0ZSI6MTIwMDAwMDAwMDAwfX0=",
          "dependencies": [
            "aws_internet_gateway.intgw",
            "aws_vpc.vpc1"
          ]
        }
      ]
    },
    {
      "mode": "managed",
      "type": "aws_ebs_volume",
      "name": "ebsvol",
      "provider": "provider[\"registry.terraform.io/hashicorp/aws\"]",
      "instances": [
        {
          "index_key": 0,
          "schema_version": 0,
          "attributes": {
            "arn": "arn:aws:ec2:us-west-2:988940651769:volume/vol-0828d143a0503a341",
            "availability_zone": "us-west-2a",
            "encrypted": false,
            "final_snapshot": false,
            "id": "vol-0828d143a0503a341",
            "iops": 100,
            "kms_key_id": "",
            "multi_attach_enabled": false,
            "outpost_arn": "",
            "size": 20,
            "snapshot_id": "",
            "tags": {
              "Name": "webebs-0"
            },
            "tags_all": {
              "Name": "webebs-0"
            },
            "throughput": 0,
            "timeouts": null,
            "type": "gp2"
          },
          "sensitive_attributes": [],
          "private": "eyJlMmJmYjczMC1lY2FhLTExZTYtOGY4OC0zNDM2M2JjN2M0YzAiOnsiY3JlYXRlIjozMDAwMDAwMDAwMDAsImRlbGV0ZSI6MzAwMDAwMDAwMDAwLCJ1cGRhdGUiOjMwMDAwMDAwMDAwMH19"
        }
      ]
    },
    {
      "mode": "managed",
      "type": "aws_instance",
      "name": "awsec2",
      "provider": "provider[\"registry.terraform.io/hashicorp/aws\"]",
      "instances": [
        {
          "index_key": 0,
          "schema_version": 1,
          "attributes": {
            "ami": "ami-098e42ae54c764c35",
            "arn": "arn:aws:ec2:us-west-2:988940651769:instance/i-0b37d46ed22abebb2",
            "associate_public_ip_address": true,
            "availability_zone": "us-west-2a",
            "capacity_reservation_specification": [
              {
                "capacity_reservation_preference": "open",
                "capacity_reservation_target": []
              }
            ],
            "cpu_core_count": 1,
            "cpu_threads_per_core": 2,
            "credit_specification": [
              {
                "cpu_credits": "unlimited"
              }
            ],
            "disable_api_stop": false,
            "disable_api_termination": false,
            "ebs_block_device": [],
            "ebs_optimized": false,
            "enclave_options": [
              {
                "enabled": false
              }
            ],
            "ephemeral_block_device": [],
            "get_password_data": false,
            "hibernation": false,
            "host_id": null,
            "iam_instance_profile": "",
            "id": "i-0b37d46ed22abebb2",
            "instance_initiated_shutdown_behavior": "stop",
            "instance_state": "running",
            "instance_type": "t3.micro",
            "ipv6_address_count": 0,
            "ipv6_addresses": [],
            "key_name": "tfAWS-keypair",
            "launch_template": [],
            "maintenance_options": [
              {
                "auto_recovery": "default"
              }
            ],
            "metadata_options": [
              {
                "http_endpoint": "enabled",
                "http_put_response_hop_limit": 1,
                "http_tokens": "optional",
                "instance_metadata_tags": "disabled"
              }
            ],
            "monitoring": false,
            "network_interface": [],
            "outpost_arn": "",
            "password_data": "",
            "placement_group": "",
            "placement_partition_number": null,
            "primary_network_interface_id": "eni-04709abf0ceca0692",
            "private_dns": "ip-11-0-0-69.us-west-2.compute.internal",
            "private_dns_name_options": [
              {
                "enable_resource_name_dns_a_record": false,
                "enable_resource_name_dns_aaaa_record": false,
                "hostname_type": "ip-name"
              }
            ],
            "private_ip": "11.0.0.69",
            "public_dns": "ec2-52-89-80-42.us-west-2.compute.amazonaws.com",
            "public_ip": "52.89.80.42",
            "root_block_device": [
              {
                "delete_on_termination": true,
                "device_name": "/dev/xvda",
                "encrypted": false,
                "iops": 100,
                "kms_key_id": "",
                "tags": null,
                "throughput": 0,
                "volume_id": "vol-078a8069571b7047f",
                "volume_size": 20,
                "volume_type": "gp2"
              }
            ],
            "secondary_private_ips": [],
            "security_groups": [],
            "source_dest_check": true,
            "subnet_id": "subnet-0fb055ea18807058d",
            "tags": {
              "Name": "Web-0"
            },
            "tags_all": {
              "Name": "Web-0"
            },
            "tenancy": "default",
            "timeouts": null,
            "user_data": "cd467b2d2fb1d5582acbba120ffe3400d11ae176",
            "user_data_base64": null,
            "user_data_replace_on_change": false,
            "volume_tags": null,
            "vpc_security_group_ids": [
              "sg-0120e0a0ec5778b32",
              "sg-062594dcd212b0aad"
            ]
          },
          "sensitive_attributes": [],
          "private": "eyJlMmJmYjczMC1lY2FhLTExZTYtOGY4OC0zNDM2M2JjN2M0YzAiOnsiY3JlYXRlIjo2MDAwMDAwMDAwMDAsImRlbGV0ZSI6MTIwMDAwMDAwMDAwMCwidXBkYXRlIjo2MDAwMDAwMDAwMDB9LCJzY2hlbWFfdmVyc2lvbiI6IjEifQ==",
          "dependencies": [
            "aws_key_pair.publickey",
            "aws_security_group.remotesg",
            "aws_security_group.web",
            "aws_subnet.pubsub",
            "aws_vpc.vpc1",
            "data.template_file.user_data_linux",
            "tls_private_key.keypair"
          ]
        },
        {
          "index_key": 1,
          "schema_version": 1,
          "attributes": {
            "ami": "ami-098e42ae54c764c35",
            "arn": "arn:aws:ec2:us-west-2:988940651769:instance/i-063664cc367712310",
            "associate_public_ip_address": true,
            "availability_zone": "us-west-2b",
            "capacity_reservation_specification": [
              {
                "capacity_reservation_preference": "open",
                "capacity_reservation_target": []
              }
            ],
            "cpu_core_count": 1,
            "cpu_threads_per_core": 2,
            "credit_specification": [
              {
                "cpu_credits": "unlimited"
              }
            ],
            "disable_api_stop": false,
            "disable_api_termination": false,
            "ebs_block_device": [],
            "ebs_optimized": false,
            "enclave_options": [
              {
                "enabled": false
              }
            ],
            "ephemeral_block_device": [],
            "get_password_data": false,
            "hibernation": false,
            "host_id": null,
            "iam_instance_profile": "",
            "id": "i-063664cc367712310",
            "instance_initiated_shutdown_behavior": "stop",
            "instance_state": "running",
            "instance_type": "t3.micro",
            "ipv6_address_count": 0,
            "ipv6_addresses": [],
            "key_name": "tfAWS-keypair",
            "launch_template": [],
            "maintenance_options": [
              {
                "auto_recovery": "default"
              }
            ],
            "metadata_options": [
              {
                "http_endpoint": "enabled",
                "http_put_response_hop_limit": 1,
                "http_tokens": "optional",
                "instance_metadata_tags": "disabled"
              }
            ],
            "monitoring": false,
            "network_interface": [],
            "outpost_arn": "",
            "password_data": "",
            "placement_group": "",
            "placement_partition_number": null,
            "primary_network_interface_id": "eni-0cbadd97e8b0e74bb",
            "private_dns": "ip-11-0-1-40.us-west-2.compute.internal",
            "private_dns_name_options": [
              {
                "enable_resource_name_dns_a_record": false,
                "enable_resource_name_dns_aaaa_record": false,
                "hostname_type": "ip-name"
              }
            ],
            "private_ip": "11.0.1.40",
            "public_dns": "ec2-35-91-128-69.us-west-2.compute.amazonaws.com",
            "public_ip": "35.91.128.69",
            "root_block_device": [
              {
                "delete_on_termination": true,
                "device_name": "/dev/xvda",
                "encrypted": false,
                "iops": 100,
                "kms_key_id": "",
                "tags": null,
                "throughput": 0,
                "volume_id": "vol-0bcac3763b1cc2eaa",
                "volume_size": 20,
                "volume_type": "gp2"
              }
            ],
            "secondary_private_ips": [],
            "security_groups": [],
            "source_dest_check": true,
            "subnet_id": "subnet-0850a677d56d6fcc3",
            "tags": {
              "Name": "Web-1"
            },
            "tags_all": {
              "Name": "Web-1"
            },
            "tenancy": "default",
            "timeouts": null,
            "user_data": "cd467b2d2fb1d5582acbba120ffe3400d11ae176",
            "user_data_base64": null,
            "user_data_replace_on_change": false,
            "volume_tags": null,
            "vpc_security_group_ids": [
              "sg-0120e0a0ec5778b32",
              "sg-062594dcd212b0aad"
            ]
          },
          "sensitive_attributes": [],
          "private": "eyJlMmJmYjczMC1lY2FhLTExZTYtOGY4OC0zNDM2M2JjN2M0YzAiOnsiY3JlYXRlIjo2MDAwMDAwMDAwMDAsImRlbGV0ZSI6MTIwMDAwMDAwMDAwMCwidXBkYXRlIjo2MDAwMDAwMDAwMDB9LCJzY2hlbWFfdmVyc2lvbiI6IjEifQ==",
          "dependencies": [
            "aws_key_pair.publickey",
            "aws_security_group.remotesg",
            "aws_security_group.web",
            "aws_subnet.pubsub",
            "aws_vpc.vpc1",
            "data.template_file.user_data_linux",
            "tls_private_key.keypair"
          ]
        },
        {
          "index_key": 2,
          "schema_version": 1,
          "attributes": {
            "ami": "ami-098e42ae54c764c35",
            "arn": "arn:aws:ec2:us-west-2:988940651769:instance/i-091d56f64faa6c465",
            "associate_public_ip_address": true,
            "availability_zone": "us-west-2c",
            "capacity_reservation_specification": [
              {
                "capacity_reservation_preference": "open",
                "capacity_reservation_target": []
              }
            ],
            "cpu_core_count": 1,
            "cpu_threads_per_core": 2,
            "credit_specification": [
              {
                "cpu_credits": "unlimited"
              }
            ],
            "disable_api_stop": false,
            "disable_api_termination": false,
            "ebs_block_device": [],
            "ebs_optimized": false,
            "enclave_options": [
              {
                "enabled": false
              }
            ],
            "ephemeral_block_device": [],
            "get_password_data": false,
            "hibernation": false,
            "host_id": null,
            "iam_instance_profile": "",
            "id": "i-091d56f64faa6c465",
            "instance_initiated_shutdown_behavior": "stop",
            "instance_state": "running",
            "instance_type": "t3.micro",
            "ipv6_address_count": 0,
            "ipv6_addresses": [],
            "key_name": "tfAWS-keypair",
            "launch_template": [],
            "maintenance_options": [
              {
                "auto_recovery": "default"
              }
            ],
            "metadata_options": [
              {
                "http_endpoint": "enabled",
                "http_put_response_hop_limit": 1,
                "http_tokens": "optional",
                "instance_metadata_tags": "disabled"
              }
            ],
            "monitoring": false,
            "network_interface": [],
            "outpost_arn": "",
            "password_data": "",
            "placement_group": "",
            "placement_partition_number": null,
            "primary_network_interface_id": "eni-0857e44f35a1a9b43",
            "private_dns": "ip-11-0-2-140.us-west-2.compute.internal",
            "private_dns_name_options": [
              {
                "enable_resource_name_dns_a_record": false,
                "enable_resource_name_dns_aaaa_record": false,
                "hostname_type": "ip-name"
              }
            ],
            "private_ip": "11.0.2.140",
            "public_dns": "ec2-54-201-180-132.us-west-2.compute.amazonaws.com",
            "public_ip": "54.201.180.132",
            "root_block_device": [
              {
                "delete_on_termination": true,
                "device_name": "/dev/xvda",
                "encrypted": false,
                "iops": 100,
                "kms_key_id": "",
                "tags": null,
                "throughput": 0,
                "volume_id": "vol-09022a44b6eb45c76",
                "volume_size": 20,
                "volume_type": "gp2"
              }
            ],
            "secondary_private_ips": [],
            "security_groups": [],
            "source_dest_check": true,
            "subnet_id": "subnet-000d2bedf0aa0fbd3",
            "tags": {
              "Name": "Web-2"
            },
            "tags_all": {
              "Name": "Web-2"
            },
            "tenancy": "default",
            "timeouts": null,
            "user_data": "cd467b2d2fb1d5582acbba120ffe3400d11ae176",
            "user_data_base64": null,
            "user_data_replace_on_change": false,
            "volume_tags": null,
            "vpc_security_group_ids": [
              "sg-0120e0a0ec5778b32",
              "sg-062594dcd212b0aad"
            ]
          },
          "sensitive_attributes": [],
          "private": "eyJlMmJmYjczMC1lY2FhLTExZTYtOGY4OC0zNDM2M2JjN2M0YzAiOnsiY3JlYXRlIjo2MDAwMDAwMDAwMDAsImRlbGV0ZSI6MTIwMDAwMDAwMDAwMCwidXBkYXRlIjo2MDAwMDAwMDAwMDB9LCJzY2hlbWFfdmVyc2lvbiI6IjEifQ==",
          "dependencies": [
            "aws_key_pair.publickey",
            "aws_security_group.remotesg",
            "aws_security_group.web",
            "aws_subnet.pubsub",
            "aws_vpc.vpc1",
            "data.template_file.user_data_linux",
            "tls_private_key.keypair"
          ]
        },
        {
          "index_key": 3,
          "schema_version": 1,
          "attributes": {
            "ami": "ami-098e42ae54c764c35",
            "arn": "arn:aws:ec2:us-west-2:988940651769:instance/i-0b6adc392735387c9",
            "associate_public_ip_address": true,
            "availability_zone": "us-west-2d",
            "capacity_reservation_specification": [
              {
                "capacity_reservation_preference": "open",
                "capacity_reservation_target": []
              }
            ],
            "cpu_core_count": 1,
            "cpu_threads_per_core": 2,
            "credit_specification": [
              {
                "cpu_credits": "unlimited"
              }
            ],
            "disable_api_stop": false,
            "disable_api_termination": false,
            "ebs_block_device": [],
            "ebs_optimized": false,
            "enclave_options": [
              {
                "enabled": false
              }
            ],
            "ephemeral_block_device": [],
            "get_password_data": false,
            "hibernation": false,
            "host_id": null,
            "iam_instance_profile": "",
            "id": "i-0b6adc392735387c9",
            "instance_initiated_shutdown_behavior": "stop",
            "instance_state": "running",
            "instance_type": "t3.micro",
            "ipv6_address_count": 0,
            "ipv6_addresses": [],
            "key_name": "tfAWS-keypair",
            "launch_template": [],
            "maintenance_options": [
              {
                "auto_recovery": "default"
              }
            ],
            "metadata_options": [
              {
                "http_endpoint": "enabled",
                "http_put_response_hop_limit": 1,
                "http_tokens": "optional",
                "instance_metadata_tags": "disabled"
              }
            ],
            "monitoring": false,
            "network_interface": [],
            "outpost_arn": "",
            "password_data": "",
            "placement_group": "",
            "placement_partition_number": null,
            "primary_network_interface_id": "eni-0371a8cdfbb9dee2c",
            "private_dns": "ip-11-0-3-38.us-west-2.compute.internal",
            "private_dns_name_options": [
              {
                "enable_resource_name_dns_a_record": false,
                "enable_resource_name_dns_aaaa_record": false,
                "hostname_type": "ip-name"
              }
            ],
            "private_ip": "11.0.3.38",
            "public_dns": "ec2-34-223-65-25.us-west-2.compute.amazonaws.com",
            "public_ip": "34.223.65.25",
            "root_block_device": [
              {
                "delete_on_termination": true,
                "device_name": "/dev/xvda",
                "encrypted": false,
                "iops": 100,
                "kms_key_id": "",
                "tags": null,
                "throughput": 0,
                "volume_id": "vol-08f4961c5aa945311",
                "volume_size": 20,
                "volume_type": "gp2"
              }
            ],
            "secondary_private_ips": [],
            "security_groups": [],
            "source_dest_check": true,
            "subnet_id": "subnet-0067373b476d07909",
            "tags": {
              "Name": "Web-3"
            },
            "tags_all": {
              "Name": "Web-3"
            },
            "tenancy": "default",
            "timeouts": null,
            "user_data": "cd467b2d2fb1d5582acbba120ffe3400d11ae176",
            "user_data_base64": null,
            "user_data_replace_on_change": false,
            "volume_tags": null,
            "vpc_security_group_ids": [
              "sg-0120e0a0ec5778b32",
              "sg-062594dcd212b0aad"
            ]
          },
          "sensitive_attributes": [],
          "private": "eyJlMmJmYjczMC1lY2FhLTExZTYtOGY4OC0zNDM2M2JjN2M0YzAiOnsiY3JlYXRlIjo2MDAwMDAwMDAwMDAsImRlbGV0ZSI6MTIwMDAwMDAwMDAwMCwidXBkYXRlIjo2MDAwMDAwMDAwMDB9LCJzY2hlbWFfdmVyc2lvbiI6IjEifQ==",
          "dependencies": [
            "aws_key_pair.publickey",
            "aws_security_group.remotesg",
            "aws_security_group.web",
            "aws_subnet.pubsub",
            "aws_vpc.vpc1",
            "data.template_file.user_data_linux",
            "tls_private_key.keypair"
          ]
        }
      ]
    },
    {
      "mode": "managed",
      "type": "aws_internet_gateway",
      "name": "intgw",
      "provider": "provider[\"registry.terraform.io/hashicorp/aws\"]",
      "instances": [
        {
          "schema_version": 0,
          "attributes": {
            "arn": "arn:aws:ec2:us-west-2:988940651769:internet-gateway/igw-0cebe89e41b0fa216",
            "id": "igw-0cebe89e41b0fa216",
            "owner_id": "988940651769",
            "tags": {
              "Name": "tfintgw"
            },
            "tags_all": {
              "Name": "tfintgw"
            },
            "vpc_id": "vpc-00516ebb90a2b27be"
          },
          "sensitive_attributes": [],
          "private": "bnVsbA==",
          "dependencies": [
            "aws_vpc.vpc1"
          ]
        }
      ]
    },
    {
      "mode": "managed",
      "type": "aws_key_pair",
      "name": "publickey",
      "provider": "provider[\"registry.terraform.io/hashicorp/aws\"]",
      "instances": [
        {
          "schema_version": 1,
          "attributes": {
            "arn": "arn:aws:ec2:us-west-2:988940651769:key-pair/tfAWS-keypair",
            "fingerprint": "4f:60:bb:51:66:ce:71:7d:04:80:81:5c:23:3d:5b:94",
            "id": "tfAWS-keypair",
            "key_name": "tfAWS-keypair",
            "key_name_prefix": "",
            "key_pair_id": "key-0b28fe917a3c2418e",
            "key_type": "rsa",
            "public_key": "ssh-rsa AAAAB3NzaC1yc2EAAAADAQABAAACAQCiOsGrGpIs4j5RALQvA4V3DUuVC2UkxNJAQuzEKGrwa/hlhT+hxMBIsaMMj6dbjNXv7Y/gUeDLN0CYbPL2C7dn4ZU9VlIpz9gt/mPfANrh9DIxdzy3R1XvFIBvaBoIQ5I30v4h7qDJ72wtfsxBT7Ilb8gqXIvQ6LgPIdwsuk/RQVgtQkfSDNC5M5yY20ey0Yo56vRFkia5VrXsDJXNmEBwsURoQZpXUt8G4zEoU/+ev1BGmB6AhD7veIqMegraNNBVzaU8t8LVgqFoVhmEo7yRPwGAFOcPSV1c3FQ90Ak2++DbY/0PqeftEDr5z6F8kneGg3Inoi8VNMZtGlW4MKkpWZ887/uRK4UFlGn3Y2NtKZoSB/Tj0BqatQCwgniOm1pYMfOrMQEBGAofkZrYtZkzFN3LSvhVZY7/SpkM5Ir6Xrhjausx8VM1B9c1kC7F7sSn/SxzCeSAjBC88Ms67DwjxXO28ltzR3/cFHqBOcxEHHKLCSs8bLzHosMotJZbQI0RLBvlMohpPtfUxg0GkMxaFaeE2DKPVtAAQJNkUUPSqVxP2x0iS5k4n8eztXjfbP6SBS+KotPdbj+xZf5yZcMKg6DWqkskFykZzr/sdbicqyAbQigABovYttBlUFRSNfwFGFdTzS9627qq4364LaJ2YIy5Dt4mMupUqR9sF6p5OQ==",
            "tags": null,
            "tags_all": {}
          },
          "sensitive_attributes": [],
          "private": "eyJzY2hlbWFfdmVyc2lvbiI6IjEifQ==",
          "dependencies": [
            "tls_private_key.keypair"
          ]
        }
      ]
    },
    {
      "mode": "managed",
      "type": "aws_route_table_association",
      "name": "rta-subnet",
      "provider": "provider[\"registry.terraform.io/hashicorp/aws\"]",
      "instances": [
        {
          "index_key": 0,
          "schema_version": 0,
          "attributes": {
            "gateway_id": "",
            "id": "rtbassoc-02843fda24c1bf7d8",
            "route_table_id": "rtb-048dbf5a95c7953a0",
            "subnet_id": "subnet-0fb055ea18807058d"
          },
          "sensitive_attributes": [],
          "private": "bnVsbA==",
          "dependencies": [
            "aws_default_route_table.pubroute",
            "aws_internet_gateway.intgw",
            "aws_subnet.pubsub",
            "aws_vpc.vpc1"
          ]
        },
        {
          "index_key": 1,
          "schema_version": 0,
          "attributes": {
            "gateway_id": "",
            "id": "rtbassoc-0c73592d7e23acef4",
            "route_table_id": "rtb-048dbf5a95c7953a0",
            "subnet_id": "subnet-0850a677d56d6fcc3"
          },
          "sensitive_attributes": [],
          "private": "bnVsbA==",
          "dependencies": [
            "aws_default_route_table.pubroute",
            "aws_internet_gateway.intgw",
            "aws_subnet.pubsub",
            "aws_vpc.vpc1"
          ]
        },
        {
          "index_key": 2,
          "schema_version": 0,
          "attributes": {
            "gateway_id": "",
            "id": "rtbassoc-05d09200d8bcf6d3d",
            "route_table_id": "rtb-048dbf5a95c7953a0",
            "subnet_id": "subnet-000d2bedf0aa0fbd3"
          },
          "sensitive_attributes": [],
          "private": "bnVsbA==",
          "dependencies": [
            "aws_default_route_table.pubroute",
            "aws_internet_gateway.intgw",
            "aws_subnet.pubsub",
            "aws_vpc.vpc1"
          ]
        },
        {
          "index_key": 3,
          "schema_version": 0,
          "attributes": {
            "gateway_id": "",
            "id": "rtbassoc-079d4b933f7172327",
            "route_table_id": "rtb-048dbf5a95c7953a0",
            "subnet_id": "subnet-0067373b476d07909"
          },
          "sensitive_attributes": [],
          "private": "bnVsbA==",
          "dependencies": [
            "aws_default_route_table.pubroute",
            "aws_internet_gateway.intgw",
            "aws_subnet.pubsub",
            "aws_vpc.vpc1"
          ]
        }
      ]
    },
    {
      "mode": "managed",
      "type": "aws_security_group",
      "name": "remotesg",
      "provider": "provider[\"registry.terraform.io/hashicorp/aws\"]",
      "instances": [
        {
          "schema_version": 1,
          "attributes": {
            "arn": "arn:aws:ec2:us-west-2:988940651769:security-group/sg-0120e0a0ec5778b32",
            "description": "Used in the terraform",
            "egress": [
              {
                "cidr_blocks": [
                  "0.0.0.0/0"
                ],
                "description": "",
                "from_port": 0,
                "ipv6_cidr_blocks": [],
                "prefix_list_ids": [],
                "protocol": "-1",
                "security_groups": [],
                "self": false,
                "to_port": 0
              }
            ],
            "id": "sg-0120e0a0ec5778b32",
            "ingress": [
              {
                "cidr_blocks": [
                  "0.0.0.0/0"
                ],
                "description": "",
                "from_port": 22,
                "ipv6_cidr_blocks": [],
                "prefix_list_ids": [],
                "protocol": "tcp",
                "security_groups": [],
                "self": false,
                "to_port": 22
              }
            ],
            "name": "tf_remotesg",
            "name_prefix": "",
            "owner_id": "988940651769",
            "revoke_rules_on_delete": false,
            "tags": {
              "Name": "tf_remotesg"
            },
            "tags_all": {
              "Name": "tf_remotesg"
            },
            "timeouts": null,
            "vpc_id": "vpc-00516ebb90a2b27be"
          },
          "sensitive_attributes": [],
          "private": "eyJlMmJmYjczMC1lY2FhLTExZTYtOGY4OC0zNDM2M2JjN2M0YzAiOnsiY3JlYXRlIjo2MDAwMDAwMDAwMDAsImRlbGV0ZSI6OTAwMDAwMDAwMDAwfSwic2NoZW1hX3ZlcnNpb24iOiIxIn0=",
          "dependencies": [
            "aws_vpc.vpc1"
          ]
        }
      ]
    },
    {
      "mode": "managed",
      "type": "aws_security_group",
      "name": "web",
      "provider": "provider[\"registry.terraform.io/hashicorp/aws\"]",
      "instances": [
        {
          "schema_version": 1,
          "attributes": {
            "arn": "arn:aws:ec2:us-west-2:988940651769:security-group/sg-062594dcd212b0aad",
            "description": "Used in the terraform",
            "egress": [
              {
                "cidr_blocks": [
                  "0.0.0.0/0"
                ],
                "description": "",
                "from_port": 0,
                "ipv6_cidr_blocks": [],
                "prefix_list_ids": [],
                "protocol": "-1",
                "security_groups": [],
                "self": false,
                "to_port": 0
              }
            ],
            "id": "sg-062594dcd212b0aad",
            "ingress": [
              {
                "cidr_blocks": [
                  "0.0.0.0/0"
                ],
                "description": "",
                "from_port": 80,
                "ipv6_cidr_blocks": [],
                "prefix_list_ids": [],
                "protocol": "tcp",
                "security_groups": [],
                "self": false,
                "to_port": 80
              }
            ],
            "name": "tf_websg",
            "name_prefix": "",
            "owner_id": "988940651769",
            "revoke_rules_on_delete": false,
            "tags": {
              "Name": "tf_websg"
            },
            "tags_all": {
              "Name": "tf_websg"
            },
            "timeouts": null,
            "vpc_id": "vpc-00516ebb90a2b27be"
          },
          "sensitive_attributes": [],
          "private": "eyJlMmJmYjczMC1lY2FhLTExZTYtOGY4OC0zNDM2M2JjN2M0YzAiOnsiY3JlYXRlIjo2MDAwMDAwMDAwMDAsImRlbGV0ZSI6OTAwMDAwMDAwMDAwfSwic2NoZW1hX3ZlcnNpb24iOiIxIn0=",
          "dependencies": [
            "aws_vpc.vpc1"
          ]
        }
      ]
    },
    {
      "mode": "managed",
      "type": "aws_subnet",
      "name": "pubsub",
      "provider": "provider[\"registry.terraform.io/hashicorp/aws\"]",
      "instances": [
        {
          "index_key": 0,
          "schema_version": 1,
          "attributes": {
            "arn": "arn:aws:ec2:us-west-2:988940651769:subnet/subnet-0fb055ea18807058d",
            "assign_ipv6_address_on_creation": false,
            "availability_zone": "us-west-2a",
            "availability_zone_id": "usw2-az2",
            "cidr_block": "11.0.0.0/24",
            "customer_owned_ipv4_pool": "",
            "enable_dns64": false,
            "enable_resource_name_dns_a_record_on_launch": false,
            "enable_resource_name_dns_aaaa_record_on_launch": false,
            "id": "subnet-0fb055ea18807058d",
            "ipv6_cidr_block": "",
            "ipv6_cidr_block_association_id": "",
            "ipv6_native": false,
            "map_customer_owned_ip_on_launch": false,
            "map_public_ip_on_launch": true,
            "outpost_arn": "",
            "owner_id": "988940651769",
            "private_dns_hostname_type_on_launch": "ip-name",
            "tags": {
              "Name": "PubSubnet-0"
            },
            "tags_all": {
              "Name": "PubSubnet-0"
            },
            "timeouts": null,
            "vpc_id": "vpc-00516ebb90a2b27be"
          },
          "sensitive_attributes": [],
          "private": "eyJlMmJmYjczMC1lY2FhLTExZTYtOGY4OC0zNDM2M2JjN2M0YzAiOnsiY3JlYXRlIjo2MDAwMDAwMDAwMDAsImRlbGV0ZSI6MTIwMDAwMDAwMDAwMH0sInNjaGVtYV92ZXJzaW9uIjoiMSJ9",
          "dependencies": [
            "aws_vpc.vpc1"
          ]
        },
        {
          "index_key": 1,
          "schema_version": 1,
          "attributes": {
            "arn": "arn:aws:ec2:us-west-2:988940651769:subnet/subnet-0850a677d56d6fcc3",
            "assign_ipv6_address_on_creation": false,
            "availability_zone": "us-west-2b",
            "availability_zone_id": "usw2-az1",
            "cidr_block": "11.0.1.0/24",
            "customer_owned_ipv4_pool": "",
            "enable_dns64": false,
            "enable_resource_name_dns_a_record_on_launch": false,
            "enable_resource_name_dns_aaaa_record_on_launch": false,
            "id": "subnet-0850a677d56d6fcc3",
            "ipv6_cidr_block": "",
            "ipv6_cidr_block_association_id": "",
            "ipv6_native": false,
            "map_customer_owned_ip_on_launch": false,
            "map_public_ip_on_launch": true,
            "outpost_arn": "",
            "owner_id": "988940651769",
            "private_dns_hostname_type_on_launch": "ip-name",
            "tags": {
              "Name": "PubSubnet-1"
            },
            "tags_all": {
              "Name": "PubSubnet-1"
            },
            "timeouts": null,
            "vpc_id": "vpc-00516ebb90a2b27be"
          },
          "sensitive_attributes": [],
          "private": "eyJlMmJmYjczMC1lY2FhLTExZTYtOGY4OC0zNDM2M2JjN2M0YzAiOnsiY3JlYXRlIjo2MDAwMDAwMDAwMDAsImRlbGV0ZSI6MTIwMDAwMDAwMDAwMH0sInNjaGVtYV92ZXJzaW9uIjoiMSJ9",
          "dependencies": [
            "aws_vpc.vpc1"
          ]
        },
        {
          "index_key": 2,
          "schema_version": 1,
          "attributes": {
            "arn": "arn:aws:ec2:us-west-2:988940651769:subnet/subnet-000d2bedf0aa0fbd3",
            "assign_ipv6_address_on_creation": false,
            "availability_zone": "us-west-2c",
            "availability_zone_id": "usw2-az3",
            "cidr_block": "11.0.2.0/24",
            "customer_owned_ipv4_pool": "",
            "enable_dns64": false,
            "enable_resource_name_dns_a_record_on_launch": false,
            "enable_resource_name_dns_aaaa_record_on_launch": false,
            "id": "subnet-000d2bedf0aa0fbd3",
            "ipv6_cidr_block": "",
            "ipv6_cidr_block_association_id": "",
            "ipv6_native": false,
            "map_customer_owned_ip_on_launch": false,
            "map_public_ip_on_launch": true,
            "outpost_arn": "",
            "owner_id": "988940651769",
            "private_dns_hostname_type_on_launch": "ip-name",
            "tags": {
              "Name": "PubSubnet-2"
            },
            "tags_all": {
              "Name": "PubSubnet-2"
            },
            "timeouts": null,
            "vpc_id": "vpc-00516ebb90a2b27be"
          },
          "sensitive_attributes": [],
          "private": "eyJlMmJmYjczMC1lY2FhLTExZTYtOGY4OC0zNDM2M2JjN2M0YzAiOnsiY3JlYXRlIjo2MDAwMDAwMDAwMDAsImRlbGV0ZSI6MTIwMDAwMDAwMDAwMH0sInNjaGVtYV92ZXJzaW9uIjoiMSJ9",
          "dependencies": [
            "aws_vpc.vpc1"
          ]
        },
        {
          "index_key": 3,
          "schema_version": 1,
          "attributes": {
            "arn": "arn:aws:ec2:us-west-2:988940651769:subnet/subnet-0067373b476d07909",
            "assign_ipv6_address_on_creation": false,
            "availability_zone": "us-west-2d",
            "availability_zone_id": "usw2-az4",
            "cidr_block": "11.0.3.0/24",
            "customer_owned_ipv4_pool": "",
            "enable_dns64": false,
            "enable_resource_name_dns_a_record_on_launch": false,
            "enable_resource_name_dns_aaaa_record_on_launch": false,
            "id": "subnet-0067373b476d07909",
            "ipv6_cidr_block": "",
            "ipv6_cidr_block_association_id": "",
            "ipv6_native": false,
            "map_customer_owned_ip_on_launch": false,
            "map_public_ip_on_launch": true,
            "outpost_arn": "",
            "owner_id": "988940651769",
            "private_dns_hostname_type_on_launch": "ip-name",
            "tags": {
              "Name": "PubSubnet-3"
            },
            "tags_all": {
              "Name": "PubSubnet-3"
            },
            "timeouts": null,
            "vpc_id": "vpc-00516ebb90a2b27be"
          },
          "sensitive_attributes": [],
          "private": "eyJlMmJmYjczMC1lY2FhLTExZTYtOGY4OC0zNDM2M2JjN2M0YzAiOnsiY3JlYXRlIjo2MDAwMDAwMDAwMDAsImRlbGV0ZSI6MTIwMDAwMDAwMDAwMH0sInNjaGVtYV92ZXJzaW9uIjoiMSJ9",
          "dependencies": [
            "aws_vpc.vpc1"
          ]
        }
      ]
    },
    {
      "mode": "managed",
      "type": "aws_volume_attachment",
      "name": "attachebs",
      "provider": "provider[\"registry.terraform.io/hashicorp/aws\"]",
      "instances": [
        {
          "index_key": 0,
          "schema_version": 0,
          "attributes": {
            "device_name": "/dev/sdh",
            "force_detach": null,
            "id": "vai-702093700",
            "instance_id": "i-0b37d46ed22abebb2",
            "skip_destroy": null,
            "stop_instance_before_detaching": null,
            "timeouts": null,
            "volume_id": "vol-0828d143a0503a341"
          },
          "sensitive_attributes": [],
          "private": "eyJlMmJmYjczMC1lY2FhLTExZTYtOGY4OC0zNDM2M2JjN2M0YzAiOnsiY3JlYXRlIjozMDAwMDAwMDAwMDAsImRlbGV0ZSI6MzAwMDAwMDAwMDAwfX0=",
          "dependencies": [
            "aws_ebs_volume.ebsvol",
            "aws_instance.awsec2",
            "aws_key_pair.publickey",
            "aws_security_group.remotesg",
            "aws_security_group.web",
            "aws_subnet.pubsub",
            "aws_vpc.vpc1",
            "data.template_file.user_data_linux",
            "tls_private_key.keypair"
          ]
        }
      ]
    },
    {
      "mode": "managed",
      "type": "aws_vpc",
      "name": "vpc1",
      "provider": "provider[\"registry.terraform.io/hashicorp/aws\"]",
      "instances": [
        {
          "schema_version": 1,
          "attributes": {
            "arn": "arn:aws:ec2:us-west-2:988940651769:vpc/vpc-00516ebb90a2b27be",
            "assign_generated_ipv6_cidr_block": false,
            "cidr_block": "11.0.0.0/16",
            "default_network_acl_id": "acl-0c693a69f7dd9c014",
            "default_route_table_id": "rtb-048dbf5a95c7953a0",
            "default_security_group_id": "sg-0b007b81e9eb409b2",
            "dhcp_options_id": "dopt-01ff4d1ca34167ea2",
            "enable_classiclink": false,
            "enable_classiclink_dns_support": false,
            "enable_dns_hostnames": true,
            "enable_dns_support": true,
            "id": "vpc-00516ebb90a2b27be",
            "instance_tenancy": "default",
            "ipv4_ipam_pool_id": null,
            "ipv4_netmask_length": null,
            "ipv6_association_id": "",
            "ipv6_cidr_block": "",
            "ipv6_cidr_block_network_border_group": "",
            "ipv6_ipam_pool_id": "",
            "ipv6_netmask_length": 0,
            "main_route_table_id": "rtb-048dbf5a95c7953a0",
            "owner_id": "988940651769",
            "tags": {
              "Name": "tfvpc"
            },
            "tags_all": {
              "Name": "tfvpc"
            }
          },
          "sensitive_attributes": [],
          "private": "eyJzY2hlbWFfdmVyc2lvbiI6IjEifQ=="
        }
      ]
    },
    {
      "mode": "managed",
      "type": "local_file",
      "name": "ansiblefile",
      "provider": "provider[\"registry.terraform.io/hashicorp/local\"]",
      "instances": [
        {
          "index_key": 0,
          "schema_version": 0,
          "attributes": {
            "content": "[lin]\n52.89.80.42\n\n[linux:vars]\nansible_user= \nansible_password= \nansible_port=5986\nansible_connection=winrm\nansible_winrm_scheme=http\nansible_winrm_scheme=https\nansible_winrm_transport=credssp\nansible_winrm_server_cert_validation=ignore\n#ansible_winrm_kerberos_delegation=true\n\n\n",
            "content_base64": null,
            "directory_permission": "0777",
            "file_permission": "0755",
            "filename": "/home/user1/cloudutils/ansible/winansible/inventory/aws-hosts2.ini",
            "id": "bbe4229b3e43781a05c5b7dfbfb83ee00b2f74c4",
            "sensitive_content": null,
            "source": null
          },
          "sensitive_attributes": [],
          "private": "bnVsbA==",
          "dependencies": [
            "aws_instance.awsec2",
            "aws_key_pair.publickey",
            "aws_security_group.remotesg",
            "aws_security_group.web",
            "aws_subnet.pubsub",
            "aws_vpc.vpc1",
            "data.template_file.user_data_linux",
            "tls_private_key.keypair"
          ]
        }
      ]
    },
    {
      "mode": "managed",
      "type": "local_file",
      "name": "privatekey",
      "provider": "provider[\"registry.terraform.io/hashicorp/local\"]",
      "instances": [
        {
          "schema_version": 0,
          "attributes": {
            "content": "-----BEGIN RSA PRIVATE KEY-----\nMIIJKAIBAAKCAgEAojrBqxqSLOI+UQC0LwOFdw1LlQtlJMTSQELsxChq8Gv4ZYU/\nocTASLGjDI+nW4zV7+2P4FHgyzdAmGzy9gu3Z+GVPVZSKc/YLf5j3wDa4fQyMXc8\nt0dV7xSAb2gaCEOSN9L+Ie6gye9sLX7MQU+yJW/IKlyL0Oi4DyHcLLpP0UFYLUJH\n0gzQuTOcmNtHstGKOer0RZImuVa17AyVzZhAcLFEaEGaV1LfBuMxKFP/nr9QRpge\ngIQ+73iKjHoK2jTQVc2lPLfC1YKhaFYZhKO8kT8BgBTnD0ldXNxUPdAJNvvg22P9\nD6nn7RA6+c+hfJJ3hoNyJ6IvFTTGbRpVuDCpKVmfPO/7kSuFBZRp92NjbSmaEgf0\n49AamrUAsIJ4jptaWDHzqzEBARgKH5Ga2LWZMxTdy0r4VWWO/0qZDOSK+l64Y2rr\nMfFTNQfXNZAuxe7Ep/0scwnkgIwQvPDLOuw8I8VztvJbc0d/3BR6gTnMRBxyiwkr\nPGy8x6LDKLSWW0CNESwb5TKIaT7X1MYNBpDMWhWnhNgyj1bQAECTZFFD0qlcT9sd\nIkuZOJ/Hs7V432z+kgUviqLT3W4/sWX+cmXDCoOg1qpLJBcpGc6/7HW4nKsgG0Io\nAAaL2LbQZVBUUjX8BRhXU80vetu6quN+uC2idmCMuQ7eJjLqVKkfbBeqeTkCAwEA\nAQKCAgBIXjOUk1bPxOENm2XFbymzcO/dfebRnyc3WWNrIaiKtW9qQiWfkThBdVSJ\nvu9mLI4m6G99HqlLncsn87nyPknDgmLjqMUgN8J0yf1dNnFtyFQ3srwX+i+AZkHg\n8KxkMVhhpLKPCncZfb9hECYnoFiU0KeXFg+c0qOAxJcGMNp4O1ENZ3rIXcUiSL67\nhV4Xi9fAfGoZOtghZ2fh879Dpn5ghwNACrvB5ors9J4yIj5uX2N9ClDY/aVhiAEu\nJyb+Lf8dt43VZxf3zL0Z4QajH7N3i4aszyY/sHeAfBzsMghaScQFujXiLeXy34Gf\nfJrKCkBddfePbI7aQ9+cPdotPy/GN42+R46pNdvcy8Kx6khjm1m/KQKEHBdmJctS\nznWgNGIss4BNng0SSI9b6XUbkkcvxVeg5MsyPgGrpF2wY+FjYZTWtsFshzTab7Ye\ndKRB5uwkQKs6upuL/Vxi2CVwuvbrQvLlhjYmYvNFZN+bqmhcqteOedIBQ+KXz384\nB+R4xCMsoT6iAW1/Ps6u/aLa6pBKfqSuf11wRj70tMAqrE8qBLGgHqg75tBHu66q\nZWvB/Om2ODDDGR2MYgDNWthmLj73Iw6KOJ2tyA3+AzUxnL9p9vmGId4LFE0Fmemq\nrkFscC+ImJ7mdP5n7ksavMUpm5P21uEumVvyHYJEHBQiIc7/AQKCAQEAzHuY5b6k\nchNXrRumXYDl/3MuwvB/YsdTyKM5BxunLCzg+nQW1MHIamziZjSNWOVK4zPkARyB\nXvClYXQDkgQcex1TvZSh0/aVCMDFwuoXWB4L4+YVqLteh+U6vo0LE6incUBlJC9v\nSMPWAK9iv1hzE522YiqnE224Sws3uzczLOy18flyCmYdiT/uWN7rw2RK8NJaFNGD\nGskf16AbhOgl40KEu0zNUHq3Jy+z67DavrpToj6qVTjl11Mr7jpnGwDLQnLTHT6+\nEj/eBoHwKi5yxyd+FkxIpw0wONBDaZmRIbmCN83GjRe0c8L0NCtWAe4KdmF+Odnp\nMyorHX7tx0bGWQKCAQEAyxn5lLLDwZ9CtU0g4RY8oWoAuqFYVC45xOdTaA88VqWf\nlnJJMviPrbI3N3URCiN+BiYEkSVHS9ukVT4J6a+HvdzbH5WrYtVkCOzb2hlpJZf3\nlvIdH/TXgcfNx1/iK9HW8ZK8gz6MU3vuU/z9+T1HlHZsNXEvIjsbMsYoTmclROr/\n+Hmer3jU41Rw2TQE829Iaaz9iydB2GaUBQwNm6n3DH1ZZAZa/w7ck0oJyZrW2fb7\nmb10ae+l66AJr+7WZ7T3+/Yga5Kd2pDlZXTxlhNtIRaPiKjSwIIwHYs+Z6BLW8RE\n04eFAKb9heFFJcTLxyW8xlhmq/ptPDzyk7mEnEyt4QKCAQEAhxEI8JBZnQRLwItn\n+5E92tshQyCKdBvHqtqtu5U3ekV2odh2kDgkArBDZ1FFIDfsnGDVNSq4BZcdFl8E\nULmoemXnv2zi69iPnsV+m332x3ypS/LZ0adaDJeMkvslGuonF/Z6GEnAzyaUP8WZ\ni1yIPqfJJdSYoYuy1NbnDCGtCvqcP+YNvvKuhc8Vx9wPjPO9UI8Rc3jkiZfaEZqv\nMr4I8LEqbXGQmJ1GR3sJ9B/QjXUT8zJDXqGDqBRHC0fGfR6sJAsmicW81N8c7916\nXtJpfEUI0v+2aambdZuTO7h1FfqsGeIxSVckGebnWWJaoFG01XcWYm4ezG4JJqWF\nuEB2mQKCAQBTA4vqxmKS6miWuC6/MZqYkz43CimTRs2f+LkzqD6OX+Xp1U6sAcKg\nSV6eUUAkt7sUAkgNl4IbtGvn15KvrGo8JWB++Wry26umpkF6VLaQghvV26Ih5K6N\nQkCOxFcqd/t2A/b/YfpzSQ1x0M9yJyTxvrGd6mRMhoIob6wb17b5A2CajANbT3Uc\ncfAqJ0P6yDp9zxJW5TXZoJvRsEqDnKX4uedmpd5dsBJiNXnoqFw2/Od7wF8ryaM0\nutYazfFetC5EEybPMT9KDb1libYRFGGfi5whTHfP7aaC/N4F9xO2L3O+Tf8D9D1d\nkmTz+gscnAUbwRg+JP6vB25TCRn11LWhAoIBAC7f4r4UrZ/dcEsRDnddHSbkgGQs\nF7Cyxmb6jlGYCKqQrJzoAH6kQc20bKP4JTEGmnymIVvMyteQDLPny3x5BzAqshsi\n2HyzjK4+GBNZe5YahF80tdHuZlIYXC71gY8sn/q8jgWBIDShHe/CLuFNG7GYKVDZ\n4R5PF7hJ2jNL0aTpyX98Gk5abXmw4lgQnThGDYtHcDx8NRrzGtXXnz0SOLHINwkP\ns11x71qx6AI0qD64oS1ZqZnf12jGSIz+PCvzXCHHAPFpp3ZenI0Fi84uPh5L9oxl\n23LH7z6Cfaf9P+E5ZIVAZtqMx/fy+Yum5xveZ7uySZBGIOdio013/MF9fT8=\n-----END RSA PRIVATE KEY-----\n",
            "content_base64": null,
            "directory_permission": "0777",
            "file_permission": "0600",
            "filename": "/home/user1/Documents/terrform-sshkey/tfAWS-keypair.pem",
            "id": "bf903f1607c35501271a3bc434dfe9acfaf90973",
            "sensitive_content": null,
            "source": null
          },
          "sensitive_attributes": [
            [
              {
                "type": "get_attr",
                "value": "content"
              }
            ]
          ],
          "private": "bnVsbA==",
          "dependencies": [
            "tls_private_key.keypair"
          ]
        }
      ]
    },
    {
      "mode": "managed",
      "type": "tls_private_key",
      "name": "keypair",
      "provider": "provider[\"registry.terraform.io/hashicorp/tls\"]",
      "instances": [
        {
          "schema_version": 1,
          "attributes": {
            "algorithm": "RSA",
            "ecdsa_curve": "P224",
            "id": "4b17148d47db105b9606396041cb4b77257cd11e",
            "private_key_openssh": "-----BEGIN OPENSSH PRIVATE KEY-----\nb3BlbnNzaC1rZXktdjEAAAAABG5vbmUAAAAEbm9uZQAAAAAAAAABAAACFwAAAAdz\nc2gtcnNhAAAAAwEAAQAAAgEAojrBqxqSLOI+UQC0LwOFdw1LlQtlJMTSQELsxChq\n8Gv4ZYU/ocTASLGjDI+nW4zV7+2P4FHgyzdAmGzy9gu3Z+GVPVZSKc/YLf5j3wDa\n4fQyMXc8t0dV7xSAb2gaCEOSN9L+Ie6gye9sLX7MQU+yJW/IKlyL0Oi4DyHcLLpP\n0UFYLUJH0gzQuTOcmNtHstGKOer0RZImuVa17AyVzZhAcLFEaEGaV1LfBuMxKFP/\nnr9QRpgegIQ+73iKjHoK2jTQVc2lPLfC1YKhaFYZhKO8kT8BgBTnD0ldXNxUPdAJ\nNvvg22P9D6nn7RA6+c+hfJJ3hoNyJ6IvFTTGbRpVuDCpKVmfPO/7kSuFBZRp92Nj\nbSmaEgf049AamrUAsIJ4jptaWDHzqzEBARgKH5Ga2LWZMxTdy0r4VWWO/0qZDOSK\n+l64Y2rrMfFTNQfXNZAuxe7Ep/0scwnkgIwQvPDLOuw8I8VztvJbc0d/3BR6gTnM\nRBxyiwkrPGy8x6LDKLSWW0CNESwb5TKIaT7X1MYNBpDMWhWnhNgyj1bQAECTZFFD\n0qlcT9sdIkuZOJ/Hs7V432z+kgUviqLT3W4/sWX+cmXDCoOg1qpLJBcpGc6/7HW4\nnKsgG0IoAAaL2LbQZVBUUjX8BRhXU80vetu6quN+uC2idmCMuQ7eJjLqVKkfbBeq\neTkAAAc4nY2FoJ2NhaAAAAAHc3NoLXJzYQAAAgEAojrBqxqSLOI+UQC0LwOFdw1L\nlQtlJMTSQELsxChq8Gv4ZYU/ocTASLGjDI+nW4zV7+2P4FHgyzdAmGzy9gu3Z+GV\nPVZSKc/YLf5j3wDa4fQyMXc8t0dV7xSAb2gaCEOSN9L+Ie6gye9sLX7MQU+yJW/I\nKlyL0Oi4DyHcLLpP0UFYLUJH0gzQuTOcmNtHstGKOer0RZImuVa17AyVzZhAcLFE\naEGaV1LfBuMxKFP/nr9QRpgegIQ+73iKjHoK2jTQVc2lPLfC1YKhaFYZhKO8kT8B\ngBTnD0ldXNxUPdAJNvvg22P9D6nn7RA6+c+hfJJ3hoNyJ6IvFTTGbRpVuDCpKVmf\nPO/7kSuFBZRp92NjbSmaEgf049AamrUAsIJ4jptaWDHzqzEBARgKH5Ga2LWZMxTd\ny0r4VWWO/0qZDOSK+l64Y2rrMfFTNQfXNZAuxe7Ep/0scwnkgIwQvPDLOuw8I8Vz\ntvJbc0d/3BR6gTnMRBxyiwkrPGy8x6LDKLSWW0CNESwb5TKIaT7X1MYNBpDMWhWn\nhNgyj1bQAECTZFFD0qlcT9sdIkuZOJ/Hs7V432z+kgUviqLT3W4/sWX+cmXDCoOg\n1qpLJBcpGc6/7HW4nKsgG0IoAAaL2LbQZVBUUjX8BRhXU80vetu6quN+uC2idmCM\nuQ7eJjLqVKkfbBeqeTkAAAADAQABAAACAEheM5STVs/E4Q2bZcVvKbNw79195tGf\nJzdZY2shqIq1b2pCJZ+ROEF1VIm+72Ysjibob30eqUudyyfzufI+ScOCYuOoxSA3\nwnTJ/V02cW3IVDeyvBf6L4BmQeDwrGQxWGGkso8Kdxl9v2EQJiegWJTQp5cWD5zS\no4DElwYw2ng7UQ1neshdxSJIvruFXheL18B8ahk62CFnZ+Hzv0OmfmCHA0AKu8Hm\niuz0njIiPm5fY30KUNj9pWGIAS4nJv4t/x23jdVnF/fMvRnhBqMfs3eLhqzPJj+w\nd4B8HOwyCFpJxAW6NeIt5fLfgZ98msoKQF11949sjtpD35w92i0/L8Y3jb5Hjqk1\n29zLwrHqSGObWb8pAoQcF2Yly1LOdaA0YiyzgE2eDRJIj1vpdRuSRy/FV6DkyzI+\nAaukXbBj4WNhlNa2wWyHNNpvth50pEHm7CRAqzq6m4v9XGLYJXC69utC8uWGNiZi\n80Vk35uqaFyq14550gFD4pfPfzgH5HjEIyyhPqIBbX8+zq79otrqkEp+pK5/XXBG\nPvS0wCqsTyoEsaAeqDvm0Ee7rqpla8H86bY4MMMZHYxiAM1a2GYuPvcjDoo4na3I\nDf4DNTGcv2n2+YYh3gsUTQWZ6aquQWxwL4iYnuZ0/mfuSxq8xSmbk/bW4S6ZW/Id\ngkQcFCIhzv8BAAABAC7f4r4UrZ/dcEsRDnddHSbkgGQsF7Cyxmb6jlGYCKqQrJzo\nAH6kQc20bKP4JTEGmnymIVvMyteQDLPny3x5BzAqshsi2HyzjK4+GBNZe5YahF80\ntdHuZlIYXC71gY8sn/q8jgWBIDShHe/CLuFNG7GYKVDZ4R5PF7hJ2jNL0aTpyX98\nGk5abXmw4lgQnThGDYtHcDx8NRrzGtXXnz0SOLHINwkPs11x71qx6AI0qD64oS1Z\nqZnf12jGSIz+PCvzXCHHAPFpp3ZenI0Fi84uPh5L9oxl23LH7z6Cfaf9P+E5ZIVA\nZtqMx/fy+Yum5xveZ7uySZBGIOdio013/MF9fT8AAAEBAMx7mOW+pHITV60bpl2A\n5f9zLsLwf2LHU8ijOQcbpyws4Pp0FtTByGps4mY0jVjlSuMz5AEcgV7wpWF0A5IE\nHHsdU72UodP2lQjAxcLqF1geC+PmFai7XoflOr6NCxOop3FAZSQvb0jD1gCvYr9Y\ncxOdtmIqpxNtuEsLN7s3MyzstfH5cgpmHYk/7lje68NkSvDSWhTRgxrJH9egG4To\nJeNChLtMzVB6tycvs+uw2r66U6I+qlU45ddTK+46ZxsAy0Jy0x0+vhI/3gaB8Cou\ncscnfhZMSKcNMDjQQ2mZkSG5gjfNxo0XtHPC9DQrVgHuCnZhfjnZ6TMqKx1+7cdG\nxlkAAAEBAMsZ+ZSyw8GfQrVNIOEWPKFqALqhWFQuOcTnU2gPPFaln5ZySTL4j62y\nNzd1EQojfgYmBJElR0vbpFU+Cemvh73c2x+Vq2LVZAjs29oZaSWX95byHR/014HH\nzcdf4ivR1vGSvIM+jFN77lP8/fk9R5R2bDVxLyI7GzLGKE5nJUTq//h5nq941ONU\ncNk0BPNvSGms/YsnQdhmlAUMDZup9wx9WWQGWv8O3JNKCcma1tn2+5m9dGnvpeug\nCa/u1me09/v2IGuSndqQ5WV08ZYTbSEWj4io0sCCMB2LPmegS1vERNOHhQCm/YXh\nRSXEy8clvMZYZqv6bTw88pO5hJxMreEAAAAAAQID\n-----END OPENSSH PRIVATE KEY-----\n",
            "private_key_pem": "-----BEGIN RSA PRIVATE KEY-----\nMIIJKAIBAAKCAgEAojrBqxqSLOI+UQC0LwOFdw1LlQtlJMTSQELsxChq8Gv4ZYU/\nocTASLGjDI+nW4zV7+2P4FHgyzdAmGzy9gu3Z+GVPVZSKc/YLf5j3wDa4fQyMXc8\nt0dV7xSAb2gaCEOSN9L+Ie6gye9sLX7MQU+yJW/IKlyL0Oi4DyHcLLpP0UFYLUJH\n0gzQuTOcmNtHstGKOer0RZImuVa17AyVzZhAcLFEaEGaV1LfBuMxKFP/nr9QRpge\ngIQ+73iKjHoK2jTQVc2lPLfC1YKhaFYZhKO8kT8BgBTnD0ldXNxUPdAJNvvg22P9\nD6nn7RA6+c+hfJJ3hoNyJ6IvFTTGbRpVuDCpKVmfPO/7kSuFBZRp92NjbSmaEgf0\n49AamrUAsIJ4jptaWDHzqzEBARgKH5Ga2LWZMxTdy0r4VWWO/0qZDOSK+l64Y2rr\nMfFTNQfXNZAuxe7Ep/0scwnkgIwQvPDLOuw8I8VztvJbc0d/3BR6gTnMRBxyiwkr\nPGy8x6LDKLSWW0CNESwb5TKIaT7X1MYNBpDMWhWnhNgyj1bQAECTZFFD0qlcT9sd\nIkuZOJ/Hs7V432z+kgUviqLT3W4/sWX+cmXDCoOg1qpLJBcpGc6/7HW4nKsgG0Io\nAAaL2LbQZVBUUjX8BRhXU80vetu6quN+uC2idmCMuQ7eJjLqVKkfbBeqeTkCAwEA\nAQKCAgBIXjOUk1bPxOENm2XFbymzcO/dfebRnyc3WWNrIaiKtW9qQiWfkThBdVSJ\nvu9mLI4m6G99HqlLncsn87nyPknDgmLjqMUgN8J0yf1dNnFtyFQ3srwX+i+AZkHg\n8KxkMVhhpLKPCncZfb9hECYnoFiU0KeXFg+c0qOAxJcGMNp4O1ENZ3rIXcUiSL67\nhV4Xi9fAfGoZOtghZ2fh879Dpn5ghwNACrvB5ors9J4yIj5uX2N9ClDY/aVhiAEu\nJyb+Lf8dt43VZxf3zL0Z4QajH7N3i4aszyY/sHeAfBzsMghaScQFujXiLeXy34Gf\nfJrKCkBddfePbI7aQ9+cPdotPy/GN42+R46pNdvcy8Kx6khjm1m/KQKEHBdmJctS\nznWgNGIss4BNng0SSI9b6XUbkkcvxVeg5MsyPgGrpF2wY+FjYZTWtsFshzTab7Ye\ndKRB5uwkQKs6upuL/Vxi2CVwuvbrQvLlhjYmYvNFZN+bqmhcqteOedIBQ+KXz384\nB+R4xCMsoT6iAW1/Ps6u/aLa6pBKfqSuf11wRj70tMAqrE8qBLGgHqg75tBHu66q\nZWvB/Om2ODDDGR2MYgDNWthmLj73Iw6KOJ2tyA3+AzUxnL9p9vmGId4LFE0Fmemq\nrkFscC+ImJ7mdP5n7ksavMUpm5P21uEumVvyHYJEHBQiIc7/AQKCAQEAzHuY5b6k\nchNXrRumXYDl/3MuwvB/YsdTyKM5BxunLCzg+nQW1MHIamziZjSNWOVK4zPkARyB\nXvClYXQDkgQcex1TvZSh0/aVCMDFwuoXWB4L4+YVqLteh+U6vo0LE6incUBlJC9v\nSMPWAK9iv1hzE522YiqnE224Sws3uzczLOy18flyCmYdiT/uWN7rw2RK8NJaFNGD\nGskf16AbhOgl40KEu0zNUHq3Jy+z67DavrpToj6qVTjl11Mr7jpnGwDLQnLTHT6+\nEj/eBoHwKi5yxyd+FkxIpw0wONBDaZmRIbmCN83GjRe0c8L0NCtWAe4KdmF+Odnp\nMyorHX7tx0bGWQKCAQEAyxn5lLLDwZ9CtU0g4RY8oWoAuqFYVC45xOdTaA88VqWf\nlnJJMviPrbI3N3URCiN+BiYEkSVHS9ukVT4J6a+HvdzbH5WrYtVkCOzb2hlpJZf3\nlvIdH/TXgcfNx1/iK9HW8ZK8gz6MU3vuU/z9+T1HlHZsNXEvIjsbMsYoTmclROr/\n+Hmer3jU41Rw2TQE829Iaaz9iydB2GaUBQwNm6n3DH1ZZAZa/w7ck0oJyZrW2fb7\nmb10ae+l66AJr+7WZ7T3+/Yga5Kd2pDlZXTxlhNtIRaPiKjSwIIwHYs+Z6BLW8RE\n04eFAKb9heFFJcTLxyW8xlhmq/ptPDzyk7mEnEyt4QKCAQEAhxEI8JBZnQRLwItn\n+5E92tshQyCKdBvHqtqtu5U3ekV2odh2kDgkArBDZ1FFIDfsnGDVNSq4BZcdFl8E\nULmoemXnv2zi69iPnsV+m332x3ypS/LZ0adaDJeMkvslGuonF/Z6GEnAzyaUP8WZ\ni1yIPqfJJdSYoYuy1NbnDCGtCvqcP+YNvvKuhc8Vx9wPjPO9UI8Rc3jkiZfaEZqv\nMr4I8LEqbXGQmJ1GR3sJ9B/QjXUT8zJDXqGDqBRHC0fGfR6sJAsmicW81N8c7916\nXtJpfEUI0v+2aambdZuTO7h1FfqsGeIxSVckGebnWWJaoFG01XcWYm4ezG4JJqWF\nuEB2mQKCAQBTA4vqxmKS6miWuC6/MZqYkz43CimTRs2f+LkzqD6OX+Xp1U6sAcKg\nSV6eUUAkt7sUAkgNl4IbtGvn15KvrGo8JWB++Wry26umpkF6VLaQghvV26Ih5K6N\nQkCOxFcqd/t2A/b/YfpzSQ1x0M9yJyTxvrGd6mRMhoIob6wb17b5A2CajANbT3Uc\ncfAqJ0P6yDp9zxJW5TXZoJvRsEqDnKX4uedmpd5dsBJiNXnoqFw2/Od7wF8ryaM0\nutYazfFetC5EEybPMT9KDb1libYRFGGfi5whTHfP7aaC/N4F9xO2L3O+Tf8D9D1d\nkmTz+gscnAUbwRg+JP6vB25TCRn11LWhAoIBAC7f4r4UrZ/dcEsRDnddHSbkgGQs\nF7Cyxmb6jlGYCKqQrJzoAH6kQc20bKP4JTEGmnymIVvMyteQDLPny3x5BzAqshsi\n2HyzjK4+GBNZe5YahF80tdHuZlIYXC71gY8sn/q8jgWBIDShHe/CLuFNG7GYKVDZ\n4R5PF7hJ2jNL0aTpyX98Gk5abXmw4lgQnThGDYtHcDx8NRrzGtXXnz0SOLHINwkP\ns11x71qx6AI0qD64oS1ZqZnf12jGSIz+PCvzXCHHAPFpp3ZenI0Fi84uPh5L9oxl\n23LH7z6Cfaf9P+E5ZIVAZtqMx/fy+Yum5xveZ7uySZBGIOdio013/MF9fT8=\n-----END RSA PRIVATE KEY-----\n",
            "private_key_pem_pkcs8": "-----BEGIN PRIVATE KEY-----\nMIIJQgIBADANBgkqhkiG9w0BAQEFAASCCSwwggkoAgEAAoICAQCiOsGrGpIs4j5R\nALQvA4V3DUuVC2UkxNJAQuzEKGrwa/hlhT+hxMBIsaMMj6dbjNXv7Y/gUeDLN0CY\nbPL2C7dn4ZU9VlIpz9gt/mPfANrh9DIxdzy3R1XvFIBvaBoIQ5I30v4h7qDJ72wt\nfsxBT7Ilb8gqXIvQ6LgPIdwsuk/RQVgtQkfSDNC5M5yY20ey0Yo56vRFkia5VrXs\nDJXNmEBwsURoQZpXUt8G4zEoU/+ev1BGmB6AhD7veIqMegraNNBVzaU8t8LVgqFo\nVhmEo7yRPwGAFOcPSV1c3FQ90Ak2++DbY/0PqeftEDr5z6F8kneGg3Inoi8VNMZt\nGlW4MKkpWZ887/uRK4UFlGn3Y2NtKZoSB/Tj0BqatQCwgniOm1pYMfOrMQEBGAof\nkZrYtZkzFN3LSvhVZY7/SpkM5Ir6Xrhjausx8VM1B9c1kC7F7sSn/SxzCeSAjBC8\n8Ms67DwjxXO28ltzR3/cFHqBOcxEHHKLCSs8bLzHosMotJZbQI0RLBvlMohpPtfU\nxg0GkMxaFaeE2DKPVtAAQJNkUUPSqVxP2x0iS5k4n8eztXjfbP6SBS+KotPdbj+x\nZf5yZcMKg6DWqkskFykZzr/sdbicqyAbQigABovYttBlUFRSNfwFGFdTzS9627qq\n4364LaJ2YIy5Dt4mMupUqR9sF6p5OQIDAQABAoICAEheM5STVs/E4Q2bZcVvKbNw\n79195tGfJzdZY2shqIq1b2pCJZ+ROEF1VIm+72Ysjibob30eqUudyyfzufI+ScOC\nYuOoxSA3wnTJ/V02cW3IVDeyvBf6L4BmQeDwrGQxWGGkso8Kdxl9v2EQJiegWJTQ\np5cWD5zSo4DElwYw2ng7UQ1neshdxSJIvruFXheL18B8ahk62CFnZ+Hzv0OmfmCH\nA0AKu8Hmiuz0njIiPm5fY30KUNj9pWGIAS4nJv4t/x23jdVnF/fMvRnhBqMfs3eL\nhqzPJj+wd4B8HOwyCFpJxAW6NeIt5fLfgZ98msoKQF11949sjtpD35w92i0/L8Y3\njb5Hjqk129zLwrHqSGObWb8pAoQcF2Yly1LOdaA0YiyzgE2eDRJIj1vpdRuSRy/F\nV6DkyzI+AaukXbBj4WNhlNa2wWyHNNpvth50pEHm7CRAqzq6m4v9XGLYJXC69utC\n8uWGNiZi80Vk35uqaFyq14550gFD4pfPfzgH5HjEIyyhPqIBbX8+zq79otrqkEp+\npK5/XXBGPvS0wCqsTyoEsaAeqDvm0Ee7rqpla8H86bY4MMMZHYxiAM1a2GYuPvcj\nDoo4na3IDf4DNTGcv2n2+YYh3gsUTQWZ6aquQWxwL4iYnuZ0/mfuSxq8xSmbk/bW\n4S6ZW/IdgkQcFCIhzv8BAoIBAQDMe5jlvqRyE1etG6ZdgOX/cy7C8H9ix1PIozkH\nG6csLOD6dBbUwchqbOJmNI1Y5UrjM+QBHIFe8KVhdAOSBBx7HVO9lKHT9pUIwMXC\n6hdYHgvj5hWou16H5Tq+jQsTqKdxQGUkL29Iw9YAr2K/WHMTnbZiKqcTbbhLCze7\nNzMs7LXx+XIKZh2JP+5Y3uvDZErw0loU0YMayR/XoBuE6CXjQoS7TM1QercnL7Pr\nsNq+ulOiPqpVOOXXUyvuOmcbAMtCctMdPr4SP94GgfAqLnLHJ34WTEinDTA40ENp\nmZEhuYI3zcaNF7RzwvQ0K1YB7gp2YX452ekzKisdfu3HRsZZAoIBAQDLGfmUssPB\nn0K1TSDhFjyhagC6oVhULjnE51NoDzxWpZ+Wckky+I+tsjc3dREKI34GJgSRJUdL\n26RVPgnpr4e93Nsflati1WQI7NvaGWkll/eW8h0f9NeBx83HX+Ir0dbxkryDPoxT\ne+5T/P35PUeUdmw1cS8iOxsyxihOZyVE6v/4eZ6veNTjVHDZNATzb0hprP2LJ0HY\nZpQFDA2bqfcMfVlkBlr/DtyTSgnJmtbZ9vuZvXRp76XroAmv7tZntPf79iBrkp3a\nkOVldPGWE20hFo+IqNLAgjAdiz5noEtbxETTh4UApv2F4UUlxMvHJbzGWGar+m08\nPPKTuYScTK3hAoIBAQCHEQjwkFmdBEvAi2f7kT3a2yFDIIp0G8eq2q27lTd6RXah\n2HaQOCQCsENnUUUgN+ycYNU1KrgFlx0WXwRQuah6Zee/bOLr2I+exX6bffbHfKlL\n8tnRp1oMl4yS+yUa6icX9noYScDPJpQ/xZmLXIg+p8kl1Jihi7LU1ucMIa0K+pw/\n5g2+8q6FzxXH3A+M871QjxFzeOSJl9oRmq8yvgjwsSptcZCYnUZHewn0H9CNdRPz\nMkNeoYOoFEcLR8Z9HqwkCyaJxbzU3xzv3Xpe0ml8RQjS/7ZpqZt1m5M7uHUV+qwZ\n4jFJVyQZ5udZYlqgUbTVdxZibh7MbgkmpYW4QHaZAoIBAFMDi+rGYpLqaJa4Lr8x\nmpiTPjcKKZNGzZ/4uTOoPo5f5enVTqwBwqBJXp5RQCS3uxQCSA2Xghu0a+fXkq+s\najwlYH75avLbq6amQXpUtpCCG9XboiHkro1CQI7EVyp3+3YD9v9h+nNJDXHQz3In\nJPG+sZ3qZEyGgihvrBvXtvkDYJqMA1tPdRxx8ConQ/rIOn3PElblNdmgm9GwSoOc\npfi552al3l2wEmI1eeioXDb853vAXyvJozS61hrN8V60LkQTJs8xP0oNvWWJthEU\nYZ+LnCFMd8/tpoL83gX3E7Yvc75N/wP0PV2SZPP6CxycBRvBGD4k/q8HblMJGfXU\ntaECggEALt/ivhStn91wSxEOd10dJuSAZCwXsLLGZvqOUZgIqpCsnOgAfqRBzbRs\no/glMQaafKYhW8zK15AMs+fLfHkHMCqyGyLYfLOMrj4YE1l7lhqEXzS10e5mUhhc\nLvWBjyyf+ryOBYEgNKEd78Iu4U0bsZgpUNnhHk8XuEnaM0vRpOnJf3waTlptebDi\nWBCdOEYNi0dwPHw1GvMa1defPRI4scg3CQ+zXXHvWrHoAjSoPrihLVmpmd/XaMZI\njP48K/NcIccA8Wmndl6cjQWLzi4+Hkv2jGXbcsfvPoJ9p/0/4TlkhUBm2ozH9/L5\ni6bnG95nu7JJkEYg52KjTXf8wX19Pw==\n-----END PRIVATE KEY-----\n",
            "public_key_fingerprint_md5": "c1:68:4e:fb:9b:0c:e7:92:2c:65:83:8f:b0:1f:49:6e",
            "public_key_fingerprint_sha256": "SHA256:v8mhdYn4oLV+bwhV+XDmYF0QBWEkz/to+hDcwlh/KNc",
            "public_key_openssh": "ssh-rsa AAAAB3NzaC1yc2EAAAADAQABAAACAQCiOsGrGpIs4j5RALQvA4V3DUuVC2UkxNJAQuzEKGrwa/hlhT+hxMBIsaMMj6dbjNXv7Y/gUeDLN0CYbPL2C7dn4ZU9VlIpz9gt/mPfANrh9DIxdzy3R1XvFIBvaBoIQ5I30v4h7qDJ72wtfsxBT7Ilb8gqXIvQ6LgPIdwsuk/RQVgtQkfSDNC5M5yY20ey0Yo56vRFkia5VrXsDJXNmEBwsURoQZpXUt8G4zEoU/+ev1BGmB6AhD7veIqMegraNNBVzaU8t8LVgqFoVhmEo7yRPwGAFOcPSV1c3FQ90Ak2++DbY/0PqeftEDr5z6F8kneGg3Inoi8VNMZtGlW4MKkpWZ887/uRK4UFlGn3Y2NtKZoSB/Tj0BqatQCwgniOm1pYMfOrMQEBGAofkZrYtZkzFN3LSvhVZY7/SpkM5Ir6Xrhjausx8VM1B9c1kC7F7sSn/SxzCeSAjBC88Ms67DwjxXO28ltzR3/cFHqBOcxEHHKLCSs8bLzHosMotJZbQI0RLBvlMohpPtfUxg0GkMxaFaeE2DKPVtAAQJNkUUPSqVxP2x0iS5k4n8eztXjfbP6SBS+KotPdbj+xZf5yZcMKg6DWqkskFykZzr/sdbicqyAbQigABovYttBlUFRSNfwFGFdTzS9627qq4364LaJ2YIy5Dt4mMupUqR9sF6p5OQ==\n",
            "public_key_pem": "-----BEGIN PUBLIC KEY-----\nMIICIjANBgkqhkiG9w0BAQEFAAOCAg8AMIICCgKCAgEAojrBqxqSLOI+UQC0LwOF\ndw1LlQtlJMTSQELsxChq8Gv4ZYU/ocTASLGjDI+nW4zV7+2P4FHgyzdAmGzy9gu3\nZ+GVPVZSKc/YLf5j3wDa4fQyMXc8t0dV7xSAb2gaCEOSN9L+Ie6gye9sLX7MQU+y\nJW/IKlyL0Oi4DyHcLLpP0UFYLUJH0gzQuTOcmNtHstGKOer0RZImuVa17AyVzZhA\ncLFEaEGaV1LfBuMxKFP/nr9QRpgegIQ+73iKjHoK2jTQVc2lPLfC1YKhaFYZhKO8\nkT8BgBTnD0ldXNxUPdAJNvvg22P9D6nn7RA6+c+hfJJ3hoNyJ6IvFTTGbRpVuDCp\nKVmfPO/7kSuFBZRp92NjbSmaEgf049AamrUAsIJ4jptaWDHzqzEBARgKH5Ga2LWZ\nMxTdy0r4VWWO/0qZDOSK+l64Y2rrMfFTNQfXNZAuxe7Ep/0scwnkgIwQvPDLOuw8\nI8VztvJbc0d/3BR6gTnMRBxyiwkrPGy8x6LDKLSWW0CNESwb5TKIaT7X1MYNBpDM\nWhWnhNgyj1bQAECTZFFD0qlcT9sdIkuZOJ/Hs7V432z+kgUviqLT3W4/sWX+cmXD\nCoOg1qpLJBcpGc6/7HW4nKsgG0IoAAaL2LbQZVBUUjX8BRhXU80vetu6quN+uC2i\ndmCMuQ7eJjLqVKkfbBeqeTkCAwEAAQ==\n-----END PUBLIC KEY-----\n",
            "rsa_bits": 4096
          },
          "sensitive_attributes": []
        }
      ]
    }
  ]
}
